
Microsoft Visual Studio Solution File, Format Version 12.00
# Visual Studio 15
VisualStudioVersion = 15.0.26730.8
MinimumVisualStudioVersion = 10.0.40219.1
Project("{FAE04EC0-301F-11D3-BF4B-00C04F79EFBC}") = "CapFrameX", "CapFrameX\CapFrameX.csproj", "{AAA73D26-5CD6-4066-B84C-5BD34057B346}"
EndProject
Project("{FAE04EC0-301F-11D3-BF4B-00C04F79EFBC}") = "CapFrameX.Statistics", "CapFrameX.Statistics\CapFrameX.Statistics.csproj", "{788F49CD-ABCB-4C7C-B1B6-BF9DC2482432}"
EndProject
Project("{FAE04EC0-301F-11D3-BF4B-00C04F79EFBC}") = "CapFrameX.Database", "CapFrameX.Database\CapFrameX.Database.csproj", "{CBB52502-AEE3-4C65-8DA5-B3E07C151CEF}"
EndProject
Project("{FAE04EC0-301F-11D3-BF4B-00C04F79EFBC}") = "CapFrameX.View", "CapFrameX.View\CapFrameX.View.csproj", "{5CB56A44-8340-48F5-A9EC-DDF9AD3E10F0}"
EndProject
Project("{FAE04EC0-301F-11D3-BF4B-00C04F79EFBC}") = "CapFrameX.ViewModel", "CapFrameX.ViewModel\CapFrameX.ViewModel.csproj", "{AD4536B2-C977-4CB8-8540-866928671C2D}"
EndProject
Project("{FAE04EC0-301F-11D3-BF4B-00C04F79EFBC}") = "CapFrameX.OcatInterface", "CapFrameX.OcatInterface\CapFrameX.OcatInterface.csproj", "{E61AD1FC-514F-43FD-BC20-31E9900CDFD7}"
EndProject
Project("{FAE04EC0-301F-11D3-BF4B-00C04F79EFBC}") = "CapFrameX.Extensions", "CapFrameX.Extensions\CapFrameX.Extensions.csproj", "{A4559B99-7FCB-40EF-BF97-D293A2B7D6D3}"
EndProject
Project("{FAE04EC0-301F-11D3-BF4B-00C04F79EFBC}") = "CapFrameX.Sequence", "CapFrameX.Sequence\CapFrameX.Sequence.csproj", "{2719501E-33F9-4D85-A843-154C02B8E022}"
EndProject
Project("{FAE04EC0-301F-11D3-BF4B-00C04F79EFBC}") = "CapFrameX.Test", "CapFrameX.Test\CapFrameX.Test.csproj", "{55776CCE-1B05-4CCA-ACA9-20C0D84CCDCA}"
EndProject
Project("{FAE04EC0-301F-11D3-BF4B-00C04F79EFBC}") = "CapFrameX.EventAggregation", "CapFrameX.EventAggregation\CapFrameX.EventAggregation.csproj", "{C3D082AE-BF05-4C83-B414-33CF7C420D4A}"
EndProject
Project("{FAE04EC0-301F-11D3-BF4B-00C04F79EFBC}") = "CapFrameX.Configuration", "CapFrameX.Configuration\CapFrameX.Configuration.csproj", "{D0A09FA9-D19E-4CCC-BF0E-104893CFE48B}"
EndProject
Project("{FAE04EC0-301F-11D3-BF4B-00C04F79EFBC}") = "CapFrameX.MVVM", "CapFrameX.MVVM\CapFrameX.MVVM.csproj", "{CFB57D81-1886-45D2-AA16-EDE1DD17A9CA}"
EndProject
Project("{FAE04EC0-301F-11D3-BF4B-00C04F79EFBC}") = "CapFrameX.Contracts", "CapFrameX.Contracts\CapFrameX.Contracts.csproj", "{4C3B8B5C-54D7-46A1-91A1-32BF82FD42CD}"
EndProject
Project("{930C7802-8A8C-48F9-8165-68863BCCD9DD}") = "CapFrameXInstaller", "CapFrameXInstaller\CapFrameXInstaller.wixproj", "{77416B78-A34F-4CFC-9562-A2599D054C8F}"
EndProject
Project("{930C7802-8A8C-48F9-8165-68863BCCD9DD}") = "CapFrameXBootstrapper", "CapFrameXBootstrapper\CapFrameXBootstrapper.wixproj", "{9E2FAB6F-117C-495A-A47B-52A15B9E9806}"
EndProject
Global
	GlobalSection(SolutionConfigurationPlatforms) = preSolution
		Debug|Any CPU = Debug|Any CPU
		Debug|x64 = Debug|x64
		Debug|x86 = Debug|x86
		Release|Any CPU = Release|Any CPU
		Release|x64 = Release|x64
		Release|x86 = Release|x86
	EndGlobalSection
	GlobalSection(ProjectConfigurationPlatforms) = postSolution
		{AAA73D26-5CD6-4066-B84C-5BD34057B346}.Debug|Any CPU.ActiveCfg = Debug|Any CPU
		{AAA73D26-5CD6-4066-B84C-5BD34057B346}.Debug|Any CPU.Build.0 = Debug|Any CPU
		{AAA73D26-5CD6-4066-B84C-5BD34057B346}.Debug|x64.ActiveCfg = Debug|x64
		{AAA73D26-5CD6-4066-B84C-5BD34057B346}.Debug|x64.Build.0 = Debug|x64
		{AAA73D26-5CD6-4066-B84C-5BD34057B346}.Debug|x86.ActiveCfg = Debug|Any CPU
		{AAA73D26-5CD6-4066-B84C-5BD34057B346}.Debug|x86.Build.0 = Debug|Any CPU
		{AAA73D26-5CD6-4066-B84C-5BD34057B346}.Release|Any CPU.ActiveCfg = Release|Any CPU
		{AAA73D26-5CD6-4066-B84C-5BD34057B346}.Release|Any CPU.Build.0 = Release|Any CPU
		{AAA73D26-5CD6-4066-B84C-5BD34057B346}.Release|x64.ActiveCfg = Release|x64
		{AAA73D26-5CD6-4066-B84C-5BD34057B346}.Release|x64.Build.0 = Release|x64
		{AAA73D26-5CD6-4066-B84C-5BD34057B346}.Release|x86.ActiveCfg = Release|Any CPU
		{AAA73D26-5CD6-4066-B84C-5BD34057B346}.Release|x86.Build.0 = Release|Any CPU
		{788F49CD-ABCB-4C7C-B1B6-BF9DC2482432}.Debug|Any CPU.ActiveCfg = Debug|Any CPU
		{788F49CD-ABCB-4C7C-B1B6-BF9DC2482432}.Debug|Any CPU.Build.0 = Debug|Any CPU
		{788F49CD-ABCB-4C7C-B1B6-BF9DC2482432}.Debug|x64.ActiveCfg = Debug|x64
		{788F49CD-ABCB-4C7C-B1B6-BF9DC2482432}.Debug|x64.Build.0 = Debug|x64
		{788F49CD-ABCB-4C7C-B1B6-BF9DC2482432}.Debug|x86.ActiveCfg = Debug|Any CPU
		{788F49CD-ABCB-4C7C-B1B6-BF9DC2482432}.Debug|x86.Build.0 = Debug|Any CPU
		{788F49CD-ABCB-4C7C-B1B6-BF9DC2482432}.Release|Any CPU.ActiveCfg = Release|Any CPU
		{788F49CD-ABCB-4C7C-B1B6-BF9DC2482432}.Release|Any CPU.Build.0 = Release|Any CPU
		{788F49CD-ABCB-4C7C-B1B6-BF9DC2482432}.Release|x64.ActiveCfg = Release|x64
		{788F49CD-ABCB-4C7C-B1B6-BF9DC2482432}.Release|x64.Build.0 = Release|x64
		{788F49CD-ABCB-4C7C-B1B6-BF9DC2482432}.Release|x86.ActiveCfg = Release|Any CPU
		{788F49CD-ABCB-4C7C-B1B6-BF9DC2482432}.Release|x86.Build.0 = Release|Any CPU
		{CBB52502-AEE3-4C65-8DA5-B3E07C151CEF}.Debug|Any CPU.ActiveCfg = Debug|Any CPU
		{CBB52502-AEE3-4C65-8DA5-B3E07C151CEF}.Debug|Any CPU.Build.0 = Debug|Any CPU
		{CBB52502-AEE3-4C65-8DA5-B3E07C151CEF}.Debug|x64.ActiveCfg = Debug|x64
		{CBB52502-AEE3-4C65-8DA5-B3E07C151CEF}.Debug|x64.Build.0 = Debug|x64
		{CBB52502-AEE3-4C65-8DA5-B3E07C151CEF}.Debug|x86.ActiveCfg = Debug|Any CPU
		{CBB52502-AEE3-4C65-8DA5-B3E07C151CEF}.Debug|x86.Build.0 = Debug|Any CPU
		{CBB52502-AEE3-4C65-8DA5-B3E07C151CEF}.Release|Any CPU.ActiveCfg = Release|Any CPU
		{CBB52502-AEE3-4C65-8DA5-B3E07C151CEF}.Release|Any CPU.Build.0 = Release|Any CPU
		{CBB52502-AEE3-4C65-8DA5-B3E07C151CEF}.Release|x64.ActiveCfg = Release|x64
		{CBB52502-AEE3-4C65-8DA5-B3E07C151CEF}.Release|x64.Build.0 = Release|x64
		{CBB52502-AEE3-4C65-8DA5-B3E07C151CEF}.Release|x86.ActiveCfg = Release|Any CPU
		{CBB52502-AEE3-4C65-8DA5-B3E07C151CEF}.Release|x86.Build.0 = Release|Any CPU
		{5CB56A44-8340-48F5-A9EC-DDF9AD3E10F0}.Debug|Any CPU.ActiveCfg = Debug|Any CPU
		{5CB56A44-8340-48F5-A9EC-DDF9AD3E10F0}.Debug|Any CPU.Build.0 = Debug|Any CPU
		{5CB56A44-8340-48F5-A9EC-DDF9AD3E10F0}.Debug|x64.ActiveCfg = Debug|x64
		{5CB56A44-8340-48F5-A9EC-DDF9AD3E10F0}.Debug|x64.Build.0 = Debug|x64
		{5CB56A44-8340-48F5-A9EC-DDF9AD3E10F0}.Debug|x86.ActiveCfg = Debug|Any CPU
		{5CB56A44-8340-48F5-A9EC-DDF9AD3E10F0}.Debug|x86.Build.0 = Debug|Any CPU
		{5CB56A44-8340-48F5-A9EC-DDF9AD3E10F0}.Release|Any CPU.ActiveCfg = Release|Any CPU
		{5CB56A44-8340-48F5-A9EC-DDF9AD3E10F0}.Release|Any CPU.Build.0 = Release|Any CPU
		{5CB56A44-8340-48F5-A9EC-DDF9AD3E10F0}.Release|x64.ActiveCfg = Release|x64
		{5CB56A44-8340-48F5-A9EC-DDF9AD3E10F0}.Release|x64.Build.0 = Release|x64
		{5CB56A44-8340-48F5-A9EC-DDF9AD3E10F0}.Release|x86.ActiveCfg = Release|Any CPU
		{5CB56A44-8340-48F5-A9EC-DDF9AD3E10F0}.Release|x86.Build.0 = Release|Any CPU
		{AD4536B2-C977-4CB8-8540-866928671C2D}.Debug|Any CPU.ActiveCfg = Debug|Any CPU
		{AD4536B2-C977-4CB8-8540-866928671C2D}.Debug|Any CPU.Build.0 = Debug|Any CPU
		{AD4536B2-C977-4CB8-8540-866928671C2D}.Debug|x64.ActiveCfg = Debug|x64
		{AD4536B2-C977-4CB8-8540-866928671C2D}.Debug|x64.Build.0 = Debug|x64
		{AD4536B2-C977-4CB8-8540-866928671C2D}.Debug|x86.ActiveCfg = Debug|Any CPU
		{AD4536B2-C977-4CB8-8540-866928671C2D}.Debug|x86.Build.0 = Debug|Any CPU
		{AD4536B2-C977-4CB8-8540-866928671C2D}.Release|Any CPU.ActiveCfg = Release|Any CPU
		{AD4536B2-C977-4CB8-8540-866928671C2D}.Release|Any CPU.Build.0 = Release|Any CPU
		{AD4536B2-C977-4CB8-8540-866928671C2D}.Release|x64.ActiveCfg = Release|x64
		{AD4536B2-C977-4CB8-8540-866928671C2D}.Release|x64.Build.0 = Release|x64
		{AD4536B2-C977-4CB8-8540-866928671C2D}.Release|x86.ActiveCfg = Release|Any CPU
		{AD4536B2-C977-4CB8-8540-866928671C2D}.Release|x86.Build.0 = Release|Any CPU
		{E61AD1FC-514F-43FD-BC20-31E9900CDFD7}.Debug|Any CPU.ActiveCfg = Debug|Any CPU
		{E61AD1FC-514F-43FD-BC20-31E9900CDFD7}.Debug|Any CPU.Build.0 = Debug|Any CPU
		{E61AD1FC-514F-43FD-BC20-31E9900CDFD7}.Debug|x64.ActiveCfg = Debug|x64
		{E61AD1FC-514F-43FD-BC20-31E9900CDFD7}.Debug|x64.Build.0 = Debug|x64
		{E61AD1FC-514F-43FD-BC20-31E9900CDFD7}.Debug|x86.ActiveCfg = Debug|Any CPU
		{E61AD1FC-514F-43FD-BC20-31E9900CDFD7}.Debug|x86.Build.0 = Debug|Any CPU
		{E61AD1FC-514F-43FD-BC20-31E9900CDFD7}.Release|Any CPU.ActiveCfg = Release|Any CPU
		{E61AD1FC-514F-43FD-BC20-31E9900CDFD7}.Release|Any CPU.Build.0 = Release|Any CPU
		{E61AD1FC-514F-43FD-BC20-31E9900CDFD7}.Release|x64.ActiveCfg = Release|x64
		{E61AD1FC-514F-43FD-BC20-31E9900CDFD7}.Release|x64.Build.0 = Release|x64
		{E61AD1FC-514F-43FD-BC20-31E9900CDFD7}.Release|x86.ActiveCfg = Release|Any CPU
		{E61AD1FC-514F-43FD-BC20-31E9900CDFD7}.Release|x86.Build.0 = Release|Any CPU
		{A4559B99-7FCB-40EF-BF97-D293A2B7D6D3}.Debug|Any CPU.ActiveCfg = Debug|Any CPU
		{A4559B99-7FCB-40EF-BF97-D293A2B7D6D3}.Debug|Any CPU.Build.0 = Debug|Any CPU
		{A4559B99-7FCB-40EF-BF97-D293A2B7D6D3}.Debug|x64.ActiveCfg = Debug|x64
		{A4559B99-7FCB-40EF-BF97-D293A2B7D6D3}.Debug|x64.Build.0 = Debug|x64
		{A4559B99-7FCB-40EF-BF97-D293A2B7D6D3}.Debug|x86.ActiveCfg = Debug|Any CPU
		{A4559B99-7FCB-40EF-BF97-D293A2B7D6D3}.Debug|x86.Build.0 = Debug|Any CPU
		{A4559B99-7FCB-40EF-BF97-D293A2B7D6D3}.Release|Any CPU.ActiveCfg = Release|Any CPU
		{A4559B99-7FCB-40EF-BF97-D293A2B7D6D3}.Release|Any CPU.Build.0 = Release|Any CPU
		{A4559B99-7FCB-40EF-BF97-D293A2B7D6D3}.Release|x64.ActiveCfg = Release|x64
		{A4559B99-7FCB-40EF-BF97-D293A2B7D6D3}.Release|x64.Build.0 = Release|x64
		{A4559B99-7FCB-40EF-BF97-D293A2B7D6D3}.Release|x86.ActiveCfg = Release|Any CPU
		{A4559B99-7FCB-40EF-BF97-D293A2B7D6D3}.Release|x86.Build.0 = Release|Any CPU
		{2719501E-33F9-4D85-A843-154C02B8E022}.Debug|Any CPU.ActiveCfg = Debug|Any CPU
		{2719501E-33F9-4D85-A843-154C02B8E022}.Debug|Any CPU.Build.0 = Debug|Any CPU
		{2719501E-33F9-4D85-A843-154C02B8E022}.Debug|x64.ActiveCfg = Debug|x64
		{2719501E-33F9-4D85-A843-154C02B8E022}.Debug|x64.Build.0 = Debug|x64
		{2719501E-33F9-4D85-A843-154C02B8E022}.Debug|x86.ActiveCfg = Debug|Any CPU
		{2719501E-33F9-4D85-A843-154C02B8E022}.Debug|x86.Build.0 = Debug|Any CPU
		{2719501E-33F9-4D85-A843-154C02B8E022}.Release|Any CPU.ActiveCfg = Release|Any CPU
		{2719501E-33F9-4D85-A843-154C02B8E022}.Release|Any CPU.Build.0 = Release|Any CPU
		{2719501E-33F9-4D85-A843-154C02B8E022}.Release|x64.ActiveCfg = Release|x64
		{2719501E-33F9-4D85-A843-154C02B8E022}.Release|x64.Build.0 = Release|x64
		{2719501E-33F9-4D85-A843-154C02B8E022}.Release|x86.ActiveCfg = Release|Any CPU
		{2719501E-33F9-4D85-A843-154C02B8E022}.Release|x86.Build.0 = Release|Any CPU
		{55776CCE-1B05-4CCA-ACA9-20C0D84CCDCA}.Debug|Any CPU.ActiveCfg = Debug|Any CPU
		{55776CCE-1B05-4CCA-ACA9-20C0D84CCDCA}.Debug|Any CPU.Build.0 = Debug|Any CPU
		{55776CCE-1B05-4CCA-ACA9-20C0D84CCDCA}.Debug|x64.ActiveCfg = Debug|x64
		{55776CCE-1B05-4CCA-ACA9-20C0D84CCDCA}.Debug|x64.Build.0 = Debug|x64
		{55776CCE-1B05-4CCA-ACA9-20C0D84CCDCA}.Debug|x86.ActiveCfg = Debug|Any CPU
		{55776CCE-1B05-4CCA-ACA9-20C0D84CCDCA}.Debug|x86.Build.0 = Debug|Any CPU
		{55776CCE-1B05-4CCA-ACA9-20C0D84CCDCA}.Release|Any CPU.ActiveCfg = Release|Any CPU
		{55776CCE-1B05-4CCA-ACA9-20C0D84CCDCA}.Release|Any CPU.Build.0 = Release|Any CPU
		{55776CCE-1B05-4CCA-ACA9-20C0D84CCDCA}.Release|x64.ActiveCfg = Release|x64
		{55776CCE-1B05-4CCA-ACA9-20C0D84CCDCA}.Release|x64.Build.0 = Release|x64
		{55776CCE-1B05-4CCA-ACA9-20C0D84CCDCA}.Release|x86.ActiveCfg = Release|Any CPU
		{55776CCE-1B05-4CCA-ACA9-20C0D84CCDCA}.Release|x86.Build.0 = Release|Any CPU
		{C3D082AE-BF05-4C83-B414-33CF7C420D4A}.Debug|Any CPU.ActiveCfg = Debug|Any CPU
		{C3D082AE-BF05-4C83-B414-33CF7C420D4A}.Debug|Any CPU.Build.0 = Debug|Any CPU
		{C3D082AE-BF05-4C83-B414-33CF7C420D4A}.Debug|x64.ActiveCfg = Debug|x64
		{C3D082AE-BF05-4C83-B414-33CF7C420D4A}.Debug|x64.Build.0 = Debug|x64
		{C3D082AE-BF05-4C83-B414-33CF7C420D4A}.Debug|x86.ActiveCfg = Debug|Any CPU
		{C3D082AE-BF05-4C83-B414-33CF7C420D4A}.Debug|x86.Build.0 = Debug|Any CPU
		{C3D082AE-BF05-4C83-B414-33CF7C420D4A}.Release|Any CPU.ActiveCfg = Release|Any CPU
		{C3D082AE-BF05-4C83-B414-33CF7C420D4A}.Release|Any CPU.Build.0 = Release|Any CPU
		{C3D082AE-BF05-4C83-B414-33CF7C420D4A}.Release|x64.ActiveCfg = Release|x64
		{C3D082AE-BF05-4C83-B414-33CF7C420D4A}.Release|x64.Build.0 = Release|x64
		{C3D082AE-BF05-4C83-B414-33CF7C420D4A}.Release|x86.ActiveCfg = Release|Any CPU
		{C3D082AE-BF05-4C83-B414-33CF7C420D4A}.Release|x86.Build.0 = Release|Any CPU
		{D0A09FA9-D19E-4CCC-BF0E-104893CFE48B}.Debug|Any CPU.ActiveCfg = Debug|Any CPU
		{D0A09FA9-D19E-4CCC-BF0E-104893CFE48B}.Debug|Any CPU.Build.0 = Debug|Any CPU
		{D0A09FA9-D19E-4CCC-BF0E-104893CFE48B}.Debug|x64.ActiveCfg = Debug|x64
		{D0A09FA9-D19E-4CCC-BF0E-104893CFE48B}.Debug|x64.Build.0 = Debug|x64
		{D0A09FA9-D19E-4CCC-BF0E-104893CFE48B}.Debug|x86.ActiveCfg = Debug|Any CPU
		{D0A09FA9-D19E-4CCC-BF0E-104893CFE48B}.Debug|x86.Build.0 = Debug|Any CPU
		{D0A09FA9-D19E-4CCC-BF0E-104893CFE48B}.Release|Any CPU.ActiveCfg = Release|Any CPU
		{D0A09FA9-D19E-4CCC-BF0E-104893CFE48B}.Release|Any CPU.Build.0 = Release|Any CPU
		{D0A09FA9-D19E-4CCC-BF0E-104893CFE48B}.Release|x64.ActiveCfg = Release|x64
		{D0A09FA9-D19E-4CCC-BF0E-104893CFE48B}.Release|x64.Build.0 = Release|x64
		{D0A09FA9-D19E-4CCC-BF0E-104893CFE48B}.Release|x86.ActiveCfg = Release|Any CPU
		{D0A09FA9-D19E-4CCC-BF0E-104893CFE48B}.Release|x86.Build.0 = Release|Any CPU
		{CFB57D81-1886-45D2-AA16-EDE1DD17A9CA}.Debug|Any CPU.ActiveCfg = Debug|Any CPU
		{CFB57D81-1886-45D2-AA16-EDE1DD17A9CA}.Debug|Any CPU.Build.0 = Debug|Any CPU
		{CFB57D81-1886-45D2-AA16-EDE1DD17A9CA}.Debug|x64.ActiveCfg = Debug|x64
		{CFB57D81-1886-45D2-AA16-EDE1DD17A9CA}.Debug|x64.Build.0 = Debug|x64
		{CFB57D81-1886-45D2-AA16-EDE1DD17A9CA}.Debug|x86.ActiveCfg = Debug|Any CPU
		{CFB57D81-1886-45D2-AA16-EDE1DD17A9CA}.Debug|x86.Build.0 = Debug|Any CPU
		{CFB57D81-1886-45D2-AA16-EDE1DD17A9CA}.Release|Any CPU.ActiveCfg = Release|Any CPU
		{CFB57D81-1886-45D2-AA16-EDE1DD17A9CA}.Release|Any CPU.Build.0 = Release|Any CPU
		{CFB57D81-1886-45D2-AA16-EDE1DD17A9CA}.Release|x64.ActiveCfg = Release|x64
		{CFB57D81-1886-45D2-AA16-EDE1DD17A9CA}.Release|x64.Build.0 = Release|x64
		{CFB57D81-1886-45D2-AA16-EDE1DD17A9CA}.Release|x86.ActiveCfg = Release|Any CPU
		{CFB57D81-1886-45D2-AA16-EDE1DD17A9CA}.Release|x86.Build.0 = Release|Any CPU
		{4C3B8B5C-54D7-46A1-91A1-32BF82FD42CD}.Debug|Any CPU.ActiveCfg = Debug|Any CPU
		{4C3B8B5C-54D7-46A1-91A1-32BF82FD42CD}.Debug|Any CPU.Build.0 = Debug|Any CPU
		{4C3B8B5C-54D7-46A1-91A1-32BF82FD42CD}.Debug|x64.ActiveCfg = Debug|x64
		{4C3B8B5C-54D7-46A1-91A1-32BF82FD42CD}.Debug|x64.Build.0 = Debug|x64
		{4C3B8B5C-54D7-46A1-91A1-32BF82FD42CD}.Debug|x86.ActiveCfg = Debug|Any CPU
		{4C3B8B5C-54D7-46A1-91A1-32BF82FD42CD}.Debug|x86.Build.0 = Debug|Any CPU
		{4C3B8B5C-54D7-46A1-91A1-32BF82FD42CD}.Release|Any CPU.ActiveCfg = Release|Any CPU
		{4C3B8B5C-54D7-46A1-91A1-32BF82FD42CD}.Release|Any CPU.Build.0 = Release|Any CPU
		{4C3B8B5C-54D7-46A1-91A1-32BF82FD42CD}.Release|x64.ActiveCfg = Release|x64
		{4C3B8B5C-54D7-46A1-91A1-32BF82FD42CD}.Release|x64.Build.0 = Release|x64
		{4C3B8B5C-54D7-46A1-91A1-32BF82FD42CD}.Release|x86.ActiveCfg = Release|Any CPU
		{4C3B8B5C-54D7-46A1-91A1-32BF82FD42CD}.Release|x86.Build.0 = Release|Any CPU
		{77416B78-A34F-4CFC-9562-A2599D054C8F}.Debug|Any CPU.ActiveCfg = Debug|x86
		{77416B78-A34F-4CFC-9562-A2599D054C8F}.Debug|x64.ActiveCfg = Debug|x86
		{77416B78-A34F-4CFC-9562-A2599D054C8F}.Debug|x86.ActiveCfg = Debug|x86
		{77416B78-A34F-4CFC-9562-A2599D054C8F}.Debug|x86.Build.0 = Debug|x86
		{77416B78-A34F-4CFC-9562-A2599D054C8F}.Release|Any CPU.ActiveCfg = Release|x86
		{77416B78-A34F-4CFC-9562-A2599D054C8F}.Release|x64.ActiveCfg = Release|x86
		{77416B78-A34F-4CFC-9562-A2599D054C8F}.Release|x86.ActiveCfg = Release|x86
		{77416B78-A34F-4CFC-9562-A2599D054C8F}.Release|x86.Build.0 = Release|x86
		{9E2FAB6F-117C-495A-A47B-52A15B9E9806}.Debug|Any CPU.ActiveCfg = Debug|x86
		{9E2FAB6F-117C-495A-A47B-52A15B9E9806}.Debug|x64.ActiveCfg = Debug|x86
		{9E2FAB6F-117C-495A-A47B-52A15B9E9806}.Debug|x86.ActiveCfg = Debug|x86
		{9E2FAB6F-117C-495A-A47B-52A15B9E9806}.Debug|x86.Build.0 = Debug|x86
		{9E2FAB6F-117C-495A-A47B-52A15B9E9806}.Release|Any CPU.ActiveCfg = Release|x86
		{9E2FAB6F-117C-495A-A47B-52A15B9E9806}.Release|x64.ActiveCfg = Release|x86
		{9E2FAB6F-117C-495A-A47B-52A15B9E9806}.Release|x86.ActiveCfg = Release|x86
		{9E2FAB6F-117C-495A-A47B-52A15B9E9806}.Release|x86.Build.0 = Release|x86
	EndGlobalSection
	GlobalSection(SolutionProperties) = preSolution
		HideSolutionNode = FALSE
	EndGlobalSection
	GlobalSection(ExtensibilityGlobals) = postSolution
		SolutionGuid = {4227F05D-F6EF-4571-9B94-6F3C05AA60DA}
	EndGlobalSection
EndGlobal
