
Microsoft Visual Studio Solution File, Format Version 12.00
# Visual Studio Version 16
VisualStudioVersion = 16.0.29609.76
MinimumVisualStudioVersion = 10.0.40219.1
Project("{FAE04EC0-301F-11D3-BF4B-00C04F79EFBC}") = "CapFrameX", "source\CapFrameX\CapFrameX.csproj", "{AAA73D26-5CD6-4066-B84C-5BD34057B346}"
EndProject
Project("{FAE04EC0-301F-11D3-BF4B-00C04F79EFBC}") = "CapFrameX.View", "source\CapFrameX.View\CapFrameX.View.csproj", "{5CB56A44-8340-48F5-A9EC-DDF9AD3E10F0}"
EndProject
Project("{FAE04EC0-301F-11D3-BF4B-00C04F79EFBC}") = "CapFrameX.ViewModel", "source\CapFrameX.ViewModel\CapFrameX.ViewModel.csproj", "{AD4536B2-C977-4CB8-8540-866928671C2D}"
EndProject
Project("{FAE04EC0-301F-11D3-BF4B-00C04F79EFBC}") = "CapFrameX.Extensions", "source\CapFrameX.Extensions\CapFrameX.Extensions.csproj", "{A4559B99-7FCB-40EF-BF97-D293A2B7D6D3}"
EndProject
Project("{FAE04EC0-301F-11D3-BF4B-00C04F79EFBC}") = "CapFrameX.Test", "source\CapFrameX.Test\CapFrameX.Test.csproj", "{55776CCE-1B05-4CCA-ACA9-20C0D84CCDCA}"
EndProject
Project("{FAE04EC0-301F-11D3-BF4B-00C04F79EFBC}") = "CapFrameX.EventAggregation", "source\CapFrameX.EventAggregation\CapFrameX.EventAggregation.csproj", "{C3D082AE-BF05-4C83-B414-33CF7C420D4A}"
EndProject
Project("{FAE04EC0-301F-11D3-BF4B-00C04F79EFBC}") = "CapFrameX.Configuration", "source\CapFrameX.Configuration\CapFrameX.Configuration.csproj", "{D0A09FA9-D19E-4CCC-BF0E-104893CFE48B}"
EndProject
Project("{FAE04EC0-301F-11D3-BF4B-00C04F79EFBC}") = "CapFrameX.MVVM", "source\CapFrameX.MVVM\CapFrameX.MVVM.csproj", "{CFB57D81-1886-45D2-AA16-EDE1DD17A9CA}"
EndProject
Project("{FAE04EC0-301F-11D3-BF4B-00C04F79EFBC}") = "CapFrameX.Contracts", "source\CapFrameX.Contracts\CapFrameX.Contracts.csproj", "{4C3B8B5C-54D7-46A1-91A1-32BF82FD42CD}"
EndProject
Project("{930C7802-8A8C-48F9-8165-68863BCCD9DD}") = "CapFrameXInstaller", "source\CapFrameXInstaller\CapFrameXInstaller.wixproj", "{77416B78-A34F-4CFC-9562-A2599D054C8F}"
EndProject
Project("{930C7802-8A8C-48F9-8165-68863BCCD9DD}") = "CapFrameXBootstrapper", "source\CapFrameXBootstrapper\CapFrameXBootstrapper.wixproj", "{9E2FAB6F-117C-495A-A47B-52A15B9E9806}"
EndProject
Project("{FAE04EC0-301F-11D3-BF4B-00C04F79EFBC}") = "CapFrameX.PresentMonInterface", "source\CapFrameX.PresentMonInterface\CapFrameX.PresentMonInterface.csproj", "{ADFBAECE-B74F-4A80-87D1-84BC990527B0}"
EndProject
Project("{FAE04EC0-301F-11D3-BF4B-00C04F79EFBC}") = "CapFrameX.Overlay", "source\CapFrameX.Overlay\CapFrameX.Overlay.csproj", "{624777C2-6AF6-46D5-A019-1285F699B8A7}"
EndProject
Project("{FAE04EC0-301F-11D3-BF4B-00C04F79EFBC}") = "CapFrameX.Hotkey", "source\CapFrameX.Hotkey\CapFrameX.Hotkey.csproj", "{B033A95B-C385-4A33-8992-2872DF979ECD}"
EndProject
Project("{FAE04EC0-301F-11D3-BF4B-00C04F79EFBC}") = "Core", "source\CapFrameX.Charts\Core40\Core.csproj", "{F261C3D7-6194-4625-9516-044081B06028}"
EndProject
Project("{FAE04EC0-301F-11D3-BF4B-00C04F79EFBC}") = "WpfView", "source\CapFrameX.Charts\WpfView\WpfView.csproj", "{4D253423-AE05-47F6-A59D-9162EC0BB1F2}"
EndProject
Project("{FAE04EC0-301F-11D3-BF4B-00C04F79EFBC}") = "CapFrameX.Data", "source\CapFrameX.Data\CapFrameX.Data.csproj", "{D328B391-432C-4A0E-9A7E-57A58AA592D4}"
EndProject
Project("{8BC9CEB8-8B4A-11D0-8D11-00A0C91BC942}") = "CapFrameX.RTSSInterface", "source\CapFrameX.RTSSInterface\CapFrameX.RTSSInterface.vcxproj", "{9C46D3F3-72E0-4E6C-AD3E-54A5EE121475}"
EndProject
Project("{FAE04EC0-301F-11D3-BF4B-00C04F79EFBC}") = "CapFrameX.Updater", "source\CapFrameX.Updater\CapFrameX.Updater.csproj", "{5D12AA37-CC30-4476-94AD-11C15DC65518}"
EndProject
Project("{FAE04EC0-301F-11D3-BF4B-00C04F79EFBC}") = "CapFrameX.Sensor", "source\CapFrameX.Sensor\CapFrameX.Sensor.csproj", "{B1B0E5F1-942A-476C-BEA4-8B9FFBCA04C6}"
EndProject
Project("{FAE04EC0-301F-11D3-BF4B-00C04F79EFBC}") = "OpenHardwareMonitorLib", "source\OpenHardwareMonitor\OpenHardwareMonitorLib.csproj", "{B0397530-545A-471D-BB74-027AE456DF1A}"
EndProject
Project("{9A19103F-16F7-4668-BE54-9A1E7A4F7556}") = "CapFrameX.Webservice.Host", "source\CapFrameX.Webservice.Host\CapFrameX.Webservice.Host.csproj", "{DF415CAC-AE74-4D59-8E35-5F4C2C4192DC}"
EndProject
Project("{9A19103F-16F7-4668-BE54-9A1E7A4F7556}") = "CapFrameX.Webservice.Data", "source\CapFrameX.Webservice.Data\CapFrameX.Webservice.Data.csproj", "{69D694A6-B029-4FE8-8429-F4E70DB8B5E1}"
EndProject
Project("{9A19103F-16F7-4668-BE54-9A1E7A4F7556}") = "CapFrameX.Webservice.Implementation", "source\CapFrameX.Webservice.Implementation\CapFrameX.Webservice.Implementation.csproj", "{F55962DA-2615-4AFB-AD33-0F3D5987308C}"
EndProject
Project("{2150E333-8FDC-42A3-9474-1A3956D46DE8}") = "Webservice", "Webservice", "{5A596328-DBB3-47B5-B0CE-E7F6CB4591E0}"
EndProject
Project("{9A19103F-16F7-4668-BE54-9A1E7A4F7556}") = "CapFrameX.Data.Session", "source\CapFrameX.Data.Session\CapFrameX.Data.Session.csproj", "{6BE48CF4-C2F0-44CB-95D8-7500A3CB430E}"
EndProject
Project("{9A19103F-16F7-4668-BE54-9A1E7A4F7556}") = "CapFrameX.Sensor.Reporting", "source\CapFrameX.Sensor.Reporting\CapFrameX.Sensor.Reporting.csproj", "{FF04AB3E-E8C3-4452-9861-ED5DEE4181FC}"
EndProject
Project("{9A19103F-16F7-4668-BE54-9A1E7A4F7556}") = "CapFrameX.Extensions.NetStandard", "source\CapFrameX.Extensions.NetStandard\CapFrameX.Extensions.NetStandard.csproj", "{554C8784-954A-4E3D-9C79-D347DEF7E069}"
EndProject
Project("{9A19103F-16F7-4668-BE54-9A1E7A4F7556}") = "CapFrameX.Statistics.NetStandard", "source\CapFrameX.Statistics.NetStandard\CapFrameX.Statistics.NetStandard.csproj", "{7D35C9C8-6E9A-4ABB-9042-930BE5E26DC6}"
EndProject
Project("{9A19103F-16F7-4668-BE54-9A1E7A4F7556}") = "CapFrameX.Statistics.PlotBuilder", "source\CapFrameX.Statistics.PlotBuilder\CapFrameX.Statistics.PlotBuilder.csproj", "{80A26F08-6AE5-472D-BB13-B6FB9A37FDCB}"
EndProject
Project("{FAE04EC0-301F-11D3-BF4B-00C04F79EFBC}") = "CapFrameX.RTSSIntegration", "source\CapFrameX.RTSSIntegration\CapFrameX.RTSSIntegration.csproj", "{AE3BDF42-2F21-4CC3-9171-6CF2FDFDAB7A}"
EndProject
Project("{FAE04EC0-301F-11D3-BF4B-00C04F79EFBC}") = "CapFrameX.CustomInstallerActions", "source\CapFrameX.CustomInstallerActions\CapFrameX.CustomInstallerActions.csproj", "{D26EA74F-8D44-453C-AD70-3789AFFDF85F}"
EndProject
Project("{FAE04EC0-301F-11D3-BF4B-00C04F79EFBC}") = "CapFrameX.Remote", "source\CapFrameX.ApiInterface\CapFrameX.Remote.csproj", "{A692A512-627A-4896-9D2D-4412FDD8C78C}"
EndProject
Project("{8BC9CEB8-8B4A-11D0-8D11-00A0C91BC942}") = "CapFrameX.CXServicex86", "source\CapFrameX.CXServicex86\CapFrameX.CXServicex86.vcxproj", "{A6D84DA8-A449-462F-AA81-D3EB5827A8AD}"
EndProject
Project("{FAE04EC0-301F-11D3-BF4B-00C04F79EFBC}") = "CapFrameX.InterprocessCommunication", "source\CapFrameX.InterprocessCommunication\CapFrameX.InterprocessCommunication.csproj", "{260646CA-EEC3-4FA2-8458-9BDCCC837C6D}"
EndProject
Global
	GlobalSection(SolutionConfigurationPlatforms) = preSolution
		Debug|Any CPU = Debug|Any CPU
		Debug|x64 = Debug|x64
		Debug|x86 = Debug|x86
		Release|Any CPU = Release|Any CPU
		Release|x64 = Release|x64
		Release|x86 = Release|x86
	EndGlobalSection
	GlobalSection(ProjectConfigurationPlatforms) = postSolution
		{AAA73D26-5CD6-4066-B84C-5BD34057B346}.Debug|Any CPU.ActiveCfg = Debug|Any CPU
		{AAA73D26-5CD6-4066-B84C-5BD34057B346}.Debug|Any CPU.Build.0 = Debug|Any CPU
		{AAA73D26-5CD6-4066-B84C-5BD34057B346}.Debug|x64.ActiveCfg = Debug|x64
		{AAA73D26-5CD6-4066-B84C-5BD34057B346}.Debug|x64.Build.0 = Debug|x64
		{AAA73D26-5CD6-4066-B84C-5BD34057B346}.Debug|x86.ActiveCfg = Debug|Any CPU
		{AAA73D26-5CD6-4066-B84C-5BD34057B346}.Debug|x86.Build.0 = Debug|Any CPU
		{AAA73D26-5CD6-4066-B84C-5BD34057B346}.Release|Any CPU.ActiveCfg = Release|Any CPU
		{AAA73D26-5CD6-4066-B84C-5BD34057B346}.Release|Any CPU.Build.0 = Release|Any CPU
		{AAA73D26-5CD6-4066-B84C-5BD34057B346}.Release|x64.ActiveCfg = Release|x64
		{AAA73D26-5CD6-4066-B84C-5BD34057B346}.Release|x64.Build.0 = Release|x64
		{AAA73D26-5CD6-4066-B84C-5BD34057B346}.Release|x86.ActiveCfg = Release|Any CPU
		{AAA73D26-5CD6-4066-B84C-5BD34057B346}.Release|x86.Build.0 = Release|Any CPU
		{5CB56A44-8340-48F5-A9EC-DDF9AD3E10F0}.Debug|Any CPU.ActiveCfg = Debug|Any CPU
		{5CB56A44-8340-48F5-A9EC-DDF9AD3E10F0}.Debug|Any CPU.Build.0 = Debug|Any CPU
		{5CB56A44-8340-48F5-A9EC-DDF9AD3E10F0}.Debug|x64.ActiveCfg = Debug|x64
		{5CB56A44-8340-48F5-A9EC-DDF9AD3E10F0}.Debug|x64.Build.0 = Debug|x64
		{5CB56A44-8340-48F5-A9EC-DDF9AD3E10F0}.Debug|x86.ActiveCfg = Debug|Any CPU
		{5CB56A44-8340-48F5-A9EC-DDF9AD3E10F0}.Debug|x86.Build.0 = Debug|Any CPU
		{5CB56A44-8340-48F5-A9EC-DDF9AD3E10F0}.Release|Any CPU.ActiveCfg = Release|Any CPU
		{5CB56A44-8340-48F5-A9EC-DDF9AD3E10F0}.Release|Any CPU.Build.0 = Release|Any CPU
		{5CB56A44-8340-48F5-A9EC-DDF9AD3E10F0}.Release|x64.ActiveCfg = Release|x64
		{5CB56A44-8340-48F5-A9EC-DDF9AD3E10F0}.Release|x64.Build.0 = Release|x64
		{5CB56A44-8340-48F5-A9EC-DDF9AD3E10F0}.Release|x86.ActiveCfg = Release|Any CPU
		{5CB56A44-8340-48F5-A9EC-DDF9AD3E10F0}.Release|x86.Build.0 = Release|Any CPU
		{AD4536B2-C977-4CB8-8540-866928671C2D}.Debug|Any CPU.ActiveCfg = Debug|Any CPU
		{AD4536B2-C977-4CB8-8540-866928671C2D}.Debug|Any CPU.Build.0 = Debug|Any CPU
		{AD4536B2-C977-4CB8-8540-866928671C2D}.Debug|x64.ActiveCfg = Debug|x64
		{AD4536B2-C977-4CB8-8540-866928671C2D}.Debug|x64.Build.0 = Debug|x64
		{AD4536B2-C977-4CB8-8540-866928671C2D}.Debug|x86.ActiveCfg = Debug|Any CPU
		{AD4536B2-C977-4CB8-8540-866928671C2D}.Debug|x86.Build.0 = Debug|Any CPU
		{AD4536B2-C977-4CB8-8540-866928671C2D}.Release|Any CPU.ActiveCfg = Release|Any CPU
		{AD4536B2-C977-4CB8-8540-866928671C2D}.Release|Any CPU.Build.0 = Release|Any CPU
		{AD4536B2-C977-4CB8-8540-866928671C2D}.Release|x64.ActiveCfg = Release|x64
		{AD4536B2-C977-4CB8-8540-866928671C2D}.Release|x64.Build.0 = Release|x64
		{AD4536B2-C977-4CB8-8540-866928671C2D}.Release|x86.ActiveCfg = Release|Any CPU
		{AD4536B2-C977-4CB8-8540-866928671C2D}.Release|x86.Build.0 = Release|Any CPU
		{A4559B99-7FCB-40EF-BF97-D293A2B7D6D3}.Debug|Any CPU.ActiveCfg = Debug|Any CPU
		{A4559B99-7FCB-40EF-BF97-D293A2B7D6D3}.Debug|Any CPU.Build.0 = Debug|Any CPU
		{A4559B99-7FCB-40EF-BF97-D293A2B7D6D3}.Debug|x64.ActiveCfg = Debug|x64
		{A4559B99-7FCB-40EF-BF97-D293A2B7D6D3}.Debug|x64.Build.0 = Debug|x64
		{A4559B99-7FCB-40EF-BF97-D293A2B7D6D3}.Debug|x86.ActiveCfg = Debug|Any CPU
		{A4559B99-7FCB-40EF-BF97-D293A2B7D6D3}.Debug|x86.Build.0 = Debug|Any CPU
		{A4559B99-7FCB-40EF-BF97-D293A2B7D6D3}.Release|Any CPU.ActiveCfg = Release|Any CPU
		{A4559B99-7FCB-40EF-BF97-D293A2B7D6D3}.Release|Any CPU.Build.0 = Release|Any CPU
		{A4559B99-7FCB-40EF-BF97-D293A2B7D6D3}.Release|x64.ActiveCfg = Release|x64
		{A4559B99-7FCB-40EF-BF97-D293A2B7D6D3}.Release|x64.Build.0 = Release|x64
		{A4559B99-7FCB-40EF-BF97-D293A2B7D6D3}.Release|x86.ActiveCfg = Release|Any CPU
		{A4559B99-7FCB-40EF-BF97-D293A2B7D6D3}.Release|x86.Build.0 = Release|Any CPU
		{55776CCE-1B05-4CCA-ACA9-20C0D84CCDCA}.Debug|Any CPU.ActiveCfg = Debug|Any CPU
		{55776CCE-1B05-4CCA-ACA9-20C0D84CCDCA}.Debug|Any CPU.Build.0 = Debug|Any CPU
		{55776CCE-1B05-4CCA-ACA9-20C0D84CCDCA}.Debug|x64.ActiveCfg = Debug|x64
		{55776CCE-1B05-4CCA-ACA9-20C0D84CCDCA}.Debug|x64.Build.0 = Debug|x64
		{55776CCE-1B05-4CCA-ACA9-20C0D84CCDCA}.Debug|x86.ActiveCfg = Debug|Any CPU
		{55776CCE-1B05-4CCA-ACA9-20C0D84CCDCA}.Debug|x86.Build.0 = Debug|Any CPU
		{55776CCE-1B05-4CCA-ACA9-20C0D84CCDCA}.Release|Any CPU.ActiveCfg = Release|Any CPU
		{55776CCE-1B05-4CCA-ACA9-20C0D84CCDCA}.Release|Any CPU.Build.0 = Release|Any CPU
		{55776CCE-1B05-4CCA-ACA9-20C0D84CCDCA}.Release|x64.ActiveCfg = Release|x64
		{55776CCE-1B05-4CCA-ACA9-20C0D84CCDCA}.Release|x64.Build.0 = Release|x64
		{55776CCE-1B05-4CCA-ACA9-20C0D84CCDCA}.Release|x86.ActiveCfg = Release|Any CPU
		{55776CCE-1B05-4CCA-ACA9-20C0D84CCDCA}.Release|x86.Build.0 = Release|Any CPU
		{C3D082AE-BF05-4C83-B414-33CF7C420D4A}.Debug|Any CPU.ActiveCfg = Debug|Any CPU
		{C3D082AE-BF05-4C83-B414-33CF7C420D4A}.Debug|Any CPU.Build.0 = Debug|Any CPU
		{C3D082AE-BF05-4C83-B414-33CF7C420D4A}.Debug|x64.ActiveCfg = Debug|x64
		{C3D082AE-BF05-4C83-B414-33CF7C420D4A}.Debug|x64.Build.0 = Debug|x64
		{C3D082AE-BF05-4C83-B414-33CF7C420D4A}.Debug|x86.ActiveCfg = Debug|Any CPU
		{C3D082AE-BF05-4C83-B414-33CF7C420D4A}.Debug|x86.Build.0 = Debug|Any CPU
		{C3D082AE-BF05-4C83-B414-33CF7C420D4A}.Release|Any CPU.ActiveCfg = Release|Any CPU
		{C3D082AE-BF05-4C83-B414-33CF7C420D4A}.Release|Any CPU.Build.0 = Release|Any CPU
		{C3D082AE-BF05-4C83-B414-33CF7C420D4A}.Release|x64.ActiveCfg = Release|x64
		{C3D082AE-BF05-4C83-B414-33CF7C420D4A}.Release|x64.Build.0 = Release|x64
		{C3D082AE-BF05-4C83-B414-33CF7C420D4A}.Release|x86.ActiveCfg = Release|Any CPU
		{C3D082AE-BF05-4C83-B414-33CF7C420D4A}.Release|x86.Build.0 = Release|Any CPU
		{D0A09FA9-D19E-4CCC-BF0E-104893CFE48B}.Debug|Any CPU.ActiveCfg = Debug|Any CPU
		{D0A09FA9-D19E-4CCC-BF0E-104893CFE48B}.Debug|Any CPU.Build.0 = Debug|Any CPU
		{D0A09FA9-D19E-4CCC-BF0E-104893CFE48B}.Debug|x64.ActiveCfg = Debug|x64
		{D0A09FA9-D19E-4CCC-BF0E-104893CFE48B}.Debug|x64.Build.0 = Debug|x64
		{D0A09FA9-D19E-4CCC-BF0E-104893CFE48B}.Debug|x86.ActiveCfg = Debug|Any CPU
		{D0A09FA9-D19E-4CCC-BF0E-104893CFE48B}.Debug|x86.Build.0 = Debug|Any CPU
		{D0A09FA9-D19E-4CCC-BF0E-104893CFE48B}.Release|Any CPU.ActiveCfg = Release|Any CPU
		{D0A09FA9-D19E-4CCC-BF0E-104893CFE48B}.Release|Any CPU.Build.0 = Release|Any CPU
		{D0A09FA9-D19E-4CCC-BF0E-104893CFE48B}.Release|x64.ActiveCfg = Release|x64
		{D0A09FA9-D19E-4CCC-BF0E-104893CFE48B}.Release|x64.Build.0 = Release|x64
		{D0A09FA9-D19E-4CCC-BF0E-104893CFE48B}.Release|x86.ActiveCfg = Release|Any CPU
		{D0A09FA9-D19E-4CCC-BF0E-104893CFE48B}.Release|x86.Build.0 = Release|Any CPU
		{CFB57D81-1886-45D2-AA16-EDE1DD17A9CA}.Debug|Any CPU.ActiveCfg = Debug|Any CPU
		{CFB57D81-1886-45D2-AA16-EDE1DD17A9CA}.Debug|Any CPU.Build.0 = Debug|Any CPU
		{CFB57D81-1886-45D2-AA16-EDE1DD17A9CA}.Debug|x64.ActiveCfg = Debug|x64
		{CFB57D81-1886-45D2-AA16-EDE1DD17A9CA}.Debug|x64.Build.0 = Debug|x64
		{CFB57D81-1886-45D2-AA16-EDE1DD17A9CA}.Debug|x86.ActiveCfg = Debug|Any CPU
		{CFB57D81-1886-45D2-AA16-EDE1DD17A9CA}.Debug|x86.Build.0 = Debug|Any CPU
		{CFB57D81-1886-45D2-AA16-EDE1DD17A9CA}.Release|Any CPU.ActiveCfg = Release|Any CPU
		{CFB57D81-1886-45D2-AA16-EDE1DD17A9CA}.Release|Any CPU.Build.0 = Release|Any CPU
		{CFB57D81-1886-45D2-AA16-EDE1DD17A9CA}.Release|x64.ActiveCfg = Release|x64
		{CFB57D81-1886-45D2-AA16-EDE1DD17A9CA}.Release|x64.Build.0 = Release|x64
		{CFB57D81-1886-45D2-AA16-EDE1DD17A9CA}.Release|x86.ActiveCfg = Release|Any CPU
		{CFB57D81-1886-45D2-AA16-EDE1DD17A9CA}.Release|x86.Build.0 = Release|Any CPU
		{4C3B8B5C-54D7-46A1-91A1-32BF82FD42CD}.Debug|Any CPU.ActiveCfg = Debug|Any CPU
		{4C3B8B5C-54D7-46A1-91A1-32BF82FD42CD}.Debug|Any CPU.Build.0 = Debug|Any CPU
		{4C3B8B5C-54D7-46A1-91A1-32BF82FD42CD}.Debug|x64.ActiveCfg = Debug|x64
		{4C3B8B5C-54D7-46A1-91A1-32BF82FD42CD}.Debug|x64.Build.0 = Debug|x64
		{4C3B8B5C-54D7-46A1-91A1-32BF82FD42CD}.Debug|x86.ActiveCfg = Debug|Any CPU
		{4C3B8B5C-54D7-46A1-91A1-32BF82FD42CD}.Debug|x86.Build.0 = Debug|Any CPU
		{4C3B8B5C-54D7-46A1-91A1-32BF82FD42CD}.Release|Any CPU.ActiveCfg = Release|Any CPU
		{4C3B8B5C-54D7-46A1-91A1-32BF82FD42CD}.Release|Any CPU.Build.0 = Release|Any CPU
		{4C3B8B5C-54D7-46A1-91A1-32BF82FD42CD}.Release|x64.ActiveCfg = Release|x64
		{4C3B8B5C-54D7-46A1-91A1-32BF82FD42CD}.Release|x64.Build.0 = Release|x64
		{4C3B8B5C-54D7-46A1-91A1-32BF82FD42CD}.Release|x86.ActiveCfg = Release|Any CPU
		{4C3B8B5C-54D7-46A1-91A1-32BF82FD42CD}.Release|x86.Build.0 = Release|Any CPU
		{77416B78-A34F-4CFC-9562-A2599D054C8F}.Debug|Any CPU.ActiveCfg = Debug|x86
		{77416B78-A34F-4CFC-9562-A2599D054C8F}.Debug|x64.ActiveCfg = Debug|x86
		{77416B78-A34F-4CFC-9562-A2599D054C8F}.Debug|x86.ActiveCfg = Debug|x86
		{77416B78-A34F-4CFC-9562-A2599D054C8F}.Debug|x86.Build.0 = Debug|x86
		{77416B78-A34F-4CFC-9562-A2599D054C8F}.Release|Any CPU.ActiveCfg = Release|x86
		{77416B78-A34F-4CFC-9562-A2599D054C8F}.Release|x64.ActiveCfg = Release|x86
		{77416B78-A34F-4CFC-9562-A2599D054C8F}.Release|x86.ActiveCfg = Release|x86
		{77416B78-A34F-4CFC-9562-A2599D054C8F}.Release|x86.Build.0 = Release|x86
		{9E2FAB6F-117C-495A-A47B-52A15B9E9806}.Debug|Any CPU.ActiveCfg = Debug|x86
		{9E2FAB6F-117C-495A-A47B-52A15B9E9806}.Debug|x64.ActiveCfg = Debug|x86
		{9E2FAB6F-117C-495A-A47B-52A15B9E9806}.Debug|x86.ActiveCfg = Debug|x86
		{9E2FAB6F-117C-495A-A47B-52A15B9E9806}.Debug|x86.Build.0 = Debug|x86
		{9E2FAB6F-117C-495A-A47B-52A15B9E9806}.Release|Any CPU.ActiveCfg = Release|x86
		{9E2FAB6F-117C-495A-A47B-52A15B9E9806}.Release|x64.ActiveCfg = Release|x86
		{9E2FAB6F-117C-495A-A47B-52A15B9E9806}.Release|x86.ActiveCfg = Release|x86
		{9E2FAB6F-117C-495A-A47B-52A15B9E9806}.Release|x86.Build.0 = Release|x86
		{ADFBAECE-B74F-4A80-87D1-84BC990527B0}.Debug|Any CPU.ActiveCfg = Debug|Any CPU
		{ADFBAECE-B74F-4A80-87D1-84BC990527B0}.Debug|Any CPU.Build.0 = Debug|Any CPU
		{ADFBAECE-B74F-4A80-87D1-84BC990527B0}.Debug|x64.ActiveCfg = Debug|x64
		{ADFBAECE-B74F-4A80-87D1-84BC990527B0}.Debug|x64.Build.0 = Debug|x64
		{ADFBAECE-B74F-4A80-87D1-84BC990527B0}.Debug|x86.ActiveCfg = Debug|Any CPU
		{ADFBAECE-B74F-4A80-87D1-84BC990527B0}.Debug|x86.Build.0 = Debug|Any CPU
		{ADFBAECE-B74F-4A80-87D1-84BC990527B0}.Release|Any CPU.ActiveCfg = Release|Any CPU
		{ADFBAECE-B74F-4A80-87D1-84BC990527B0}.Release|Any CPU.Build.0 = Release|Any CPU
		{ADFBAECE-B74F-4A80-87D1-84BC990527B0}.Release|x64.ActiveCfg = Release|x64
		{ADFBAECE-B74F-4A80-87D1-84BC990527B0}.Release|x64.Build.0 = Release|x64
		{ADFBAECE-B74F-4A80-87D1-84BC990527B0}.Release|x86.ActiveCfg = Release|Any CPU
		{ADFBAECE-B74F-4A80-87D1-84BC990527B0}.Release|x86.Build.0 = Release|Any CPU
		{624777C2-6AF6-46D5-A019-1285F699B8A7}.Debug|Any CPU.ActiveCfg = Debug|Any CPU
		{624777C2-6AF6-46D5-A019-1285F699B8A7}.Debug|Any CPU.Build.0 = Debug|Any CPU
		{624777C2-6AF6-46D5-A019-1285F699B8A7}.Debug|x64.ActiveCfg = Debug|x64
		{624777C2-6AF6-46D5-A019-1285F699B8A7}.Debug|x64.Build.0 = Debug|x64
		{624777C2-6AF6-46D5-A019-1285F699B8A7}.Debug|x86.ActiveCfg = Debug|Any CPU
		{624777C2-6AF6-46D5-A019-1285F699B8A7}.Debug|x86.Build.0 = Debug|Any CPU
		{624777C2-6AF6-46D5-A019-1285F699B8A7}.Release|Any CPU.ActiveCfg = Release|Any CPU
		{624777C2-6AF6-46D5-A019-1285F699B8A7}.Release|Any CPU.Build.0 = Release|Any CPU
		{624777C2-6AF6-46D5-A019-1285F699B8A7}.Release|x64.ActiveCfg = Release|x64
		{624777C2-6AF6-46D5-A019-1285F699B8A7}.Release|x64.Build.0 = Release|x64
		{624777C2-6AF6-46D5-A019-1285F699B8A7}.Release|x86.ActiveCfg = Release|Any CPU
		{624777C2-6AF6-46D5-A019-1285F699B8A7}.Release|x86.Build.0 = Release|Any CPU
		{B033A95B-C385-4A33-8992-2872DF979ECD}.Debug|Any CPU.ActiveCfg = Debug|Any CPU
		{B033A95B-C385-4A33-8992-2872DF979ECD}.Debug|Any CPU.Build.0 = Debug|Any CPU
		{B033A95B-C385-4A33-8992-2872DF979ECD}.Debug|x64.ActiveCfg = Debug|x64
		{B033A95B-C385-4A33-8992-2872DF979ECD}.Debug|x64.Build.0 = Debug|x64
		{B033A95B-C385-4A33-8992-2872DF979ECD}.Debug|x86.ActiveCfg = Debug|Any CPU
		{B033A95B-C385-4A33-8992-2872DF979ECD}.Debug|x86.Build.0 = Debug|Any CPU
		{B033A95B-C385-4A33-8992-2872DF979ECD}.Release|Any CPU.ActiveCfg = Release|Any CPU
		{B033A95B-C385-4A33-8992-2872DF979ECD}.Release|Any CPU.Build.0 = Release|Any CPU
		{B033A95B-C385-4A33-8992-2872DF979ECD}.Release|x64.ActiveCfg = Release|x64
		{B033A95B-C385-4A33-8992-2872DF979ECD}.Release|x64.Build.0 = Release|x64
		{B033A95B-C385-4A33-8992-2872DF979ECD}.Release|x86.ActiveCfg = Release|Any CPU
		{B033A95B-C385-4A33-8992-2872DF979ECD}.Release|x86.Build.0 = Release|Any CPU
		{F261C3D7-6194-4625-9516-044081B06028}.Debug|Any CPU.ActiveCfg = Debug|Any CPU
		{F261C3D7-6194-4625-9516-044081B06028}.Debug|Any CPU.Build.0 = Debug|Any CPU
		{F261C3D7-6194-4625-9516-044081B06028}.Debug|x64.ActiveCfg = Debug|x64
		{F261C3D7-6194-4625-9516-044081B06028}.Debug|x64.Build.0 = Debug|x64
		{F261C3D7-6194-4625-9516-044081B06028}.Debug|x86.ActiveCfg = Debug|Any CPU
		{F261C3D7-6194-4625-9516-044081B06028}.Debug|x86.Build.0 = Debug|Any CPU
		{F261C3D7-6194-4625-9516-044081B06028}.Release|Any CPU.ActiveCfg = Release|Any CPU
		{F261C3D7-6194-4625-9516-044081B06028}.Release|Any CPU.Build.0 = Release|Any CPU
		{F261C3D7-6194-4625-9516-044081B06028}.Release|x64.ActiveCfg = Release|x64
		{F261C3D7-6194-4625-9516-044081B06028}.Release|x64.Build.0 = Release|x64
		{F261C3D7-6194-4625-9516-044081B06028}.Release|x86.ActiveCfg = Release|Any CPU
		{F261C3D7-6194-4625-9516-044081B06028}.Release|x86.Build.0 = Release|Any CPU
		{4D253423-AE05-47F6-A59D-9162EC0BB1F2}.Debug|Any CPU.ActiveCfg = Debug|Any CPU
		{4D253423-AE05-47F6-A59D-9162EC0BB1F2}.Debug|Any CPU.Build.0 = Debug|Any CPU
		{4D253423-AE05-47F6-A59D-9162EC0BB1F2}.Debug|x64.ActiveCfg = Debug|x64
		{4D253423-AE05-47F6-A59D-9162EC0BB1F2}.Debug|x64.Build.0 = Debug|x64
		{4D253423-AE05-47F6-A59D-9162EC0BB1F2}.Debug|x86.ActiveCfg = Debug|Any CPU
		{4D253423-AE05-47F6-A59D-9162EC0BB1F2}.Debug|x86.Build.0 = Debug|Any CPU
		{4D253423-AE05-47F6-A59D-9162EC0BB1F2}.Release|Any CPU.ActiveCfg = Release|Any CPU
		{4D253423-AE05-47F6-A59D-9162EC0BB1F2}.Release|Any CPU.Build.0 = Release|Any CPU
		{4D253423-AE05-47F6-A59D-9162EC0BB1F2}.Release|x64.ActiveCfg = Release|x64
		{4D253423-AE05-47F6-A59D-9162EC0BB1F2}.Release|x64.Build.0 = Release|x64
		{4D253423-AE05-47F6-A59D-9162EC0BB1F2}.Release|x86.ActiveCfg = Release|Any CPU
		{4D253423-AE05-47F6-A59D-9162EC0BB1F2}.Release|x86.Build.0 = Release|Any CPU
		{D328B391-432C-4A0E-9A7E-57A58AA592D4}.Debug|Any CPU.ActiveCfg = Debug|Any CPU
		{D328B391-432C-4A0E-9A7E-57A58AA592D4}.Debug|Any CPU.Build.0 = Debug|Any CPU
		{D328B391-432C-4A0E-9A7E-57A58AA592D4}.Debug|x64.ActiveCfg = Debug|x64
		{D328B391-432C-4A0E-9A7E-57A58AA592D4}.Debug|x64.Build.0 = Debug|x64
		{D328B391-432C-4A0E-9A7E-57A58AA592D4}.Debug|x86.ActiveCfg = Debug|Any CPU
		{D328B391-432C-4A0E-9A7E-57A58AA592D4}.Debug|x86.Build.0 = Debug|Any CPU
		{D328B391-432C-4A0E-9A7E-57A58AA592D4}.Release|Any CPU.ActiveCfg = Release|Any CPU
		{D328B391-432C-4A0E-9A7E-57A58AA592D4}.Release|Any CPU.Build.0 = Release|Any CPU
		{D328B391-432C-4A0E-9A7E-57A58AA592D4}.Release|x64.ActiveCfg = Release|x64
		{D328B391-432C-4A0E-9A7E-57A58AA592D4}.Release|x64.Build.0 = Release|x64
		{D328B391-432C-4A0E-9A7E-57A58AA592D4}.Release|x86.ActiveCfg = Release|Any CPU
		{D328B391-432C-4A0E-9A7E-57A58AA592D4}.Release|x86.Build.0 = Release|Any CPU
		{9C46D3F3-72E0-4E6C-AD3E-54A5EE121475}.Debug|Any CPU.ActiveCfg = Debug|Win32
		{9C46D3F3-72E0-4E6C-AD3E-54A5EE121475}.Debug|x64.ActiveCfg = Debug|x64
		{9C46D3F3-72E0-4E6C-AD3E-54A5EE121475}.Debug|x64.Build.0 = Debug|x64
		{9C46D3F3-72E0-4E6C-AD3E-54A5EE121475}.Debug|x86.ActiveCfg = Debug|Win32
		{9C46D3F3-72E0-4E6C-AD3E-54A5EE121475}.Debug|x86.Build.0 = Debug|Win32
		{9C46D3F3-72E0-4E6C-AD3E-54A5EE121475}.Release|Any CPU.ActiveCfg = Release|Win32
		{9C46D3F3-72E0-4E6C-AD3E-54A5EE121475}.Release|x64.ActiveCfg = Release|x64
		{9C46D3F3-72E0-4E6C-AD3E-54A5EE121475}.Release|x64.Build.0 = Release|x64
		{9C46D3F3-72E0-4E6C-AD3E-54A5EE121475}.Release|x86.ActiveCfg = Release|Win32
		{9C46D3F3-72E0-4E6C-AD3E-54A5EE121475}.Release|x86.Build.0 = Release|Win32
		{5D12AA37-CC30-4476-94AD-11C15DC65518}.Debug|Any CPU.ActiveCfg = Debug|Any CPU
		{5D12AA37-CC30-4476-94AD-11C15DC65518}.Debug|Any CPU.Build.0 = Debug|Any CPU
		{5D12AA37-CC30-4476-94AD-11C15DC65518}.Debug|x64.ActiveCfg = Debug|x64
		{5D12AA37-CC30-4476-94AD-11C15DC65518}.Debug|x64.Build.0 = Debug|x64
		{5D12AA37-CC30-4476-94AD-11C15DC65518}.Debug|x86.ActiveCfg = Debug|Any CPU
		{5D12AA37-CC30-4476-94AD-11C15DC65518}.Debug|x86.Build.0 = Debug|Any CPU
		{5D12AA37-CC30-4476-94AD-11C15DC65518}.Release|Any CPU.ActiveCfg = Release|Any CPU
		{5D12AA37-CC30-4476-94AD-11C15DC65518}.Release|Any CPU.Build.0 = Release|Any CPU
		{5D12AA37-CC30-4476-94AD-11C15DC65518}.Release|x64.ActiveCfg = Release|x64
		{5D12AA37-CC30-4476-94AD-11C15DC65518}.Release|x64.Build.0 = Release|x64
		{5D12AA37-CC30-4476-94AD-11C15DC65518}.Release|x86.ActiveCfg = Release|Any CPU
		{5D12AA37-CC30-4476-94AD-11C15DC65518}.Release|x86.Build.0 = Release|Any CPU
		{B1B0E5F1-942A-476C-BEA4-8B9FFBCA04C6}.Debug|Any CPU.ActiveCfg = Debug|Any CPU
		{B1B0E5F1-942A-476C-BEA4-8B9FFBCA04C6}.Debug|Any CPU.Build.0 = Debug|Any CPU
		{B1B0E5F1-942A-476C-BEA4-8B9FFBCA04C6}.Debug|x64.ActiveCfg = Debug|x64
		{B1B0E5F1-942A-476C-BEA4-8B9FFBCA04C6}.Debug|x64.Build.0 = Debug|x64
		{B1B0E5F1-942A-476C-BEA4-8B9FFBCA04C6}.Debug|x86.ActiveCfg = Debug|Any CPU
		{B1B0E5F1-942A-476C-BEA4-8B9FFBCA04C6}.Debug|x86.Build.0 = Debug|Any CPU
		{B1B0E5F1-942A-476C-BEA4-8B9FFBCA04C6}.Release|Any CPU.ActiveCfg = Release|Any CPU
		{B1B0E5F1-942A-476C-BEA4-8B9FFBCA04C6}.Release|Any CPU.Build.0 = Release|Any CPU
		{B1B0E5F1-942A-476C-BEA4-8B9FFBCA04C6}.Release|x64.ActiveCfg = Release|x64
		{B1B0E5F1-942A-476C-BEA4-8B9FFBCA04C6}.Release|x64.Build.0 = Release|x64
		{B1B0E5F1-942A-476C-BEA4-8B9FFBCA04C6}.Release|x86.ActiveCfg = Release|Any CPU
		{B1B0E5F1-942A-476C-BEA4-8B9FFBCA04C6}.Release|x86.Build.0 = Release|Any CPU
		{B0397530-545A-471D-BB74-027AE456DF1A}.Debug|Any CPU.ActiveCfg = Debug|Any CPU
		{B0397530-545A-471D-BB74-027AE456DF1A}.Debug|Any CPU.Build.0 = Debug|Any CPU
		{B0397530-545A-471D-BB74-027AE456DF1A}.Debug|x64.ActiveCfg = Debug|x64
		{B0397530-545A-471D-BB74-027AE456DF1A}.Debug|x64.Build.0 = Debug|x64
		{B0397530-545A-471D-BB74-027AE456DF1A}.Debug|x86.ActiveCfg = Debug|Any CPU
		{B0397530-545A-471D-BB74-027AE456DF1A}.Debug|x86.Build.0 = Debug|Any CPU
		{B0397530-545A-471D-BB74-027AE456DF1A}.Release|Any CPU.ActiveCfg = Release|Any CPU
		{B0397530-545A-471D-BB74-027AE456DF1A}.Release|Any CPU.Build.0 = Release|Any CPU
		{B0397530-545A-471D-BB74-027AE456DF1A}.Release|x64.ActiveCfg = Release|x64
		{B0397530-545A-471D-BB74-027AE456DF1A}.Release|x64.Build.0 = Release|x64
		{B0397530-545A-471D-BB74-027AE456DF1A}.Release|x86.ActiveCfg = Release|Any CPU
		{B0397530-545A-471D-BB74-027AE456DF1A}.Release|x86.Build.0 = Release|Any CPU
		{DF415CAC-AE74-4D59-8E35-5F4C2C4192DC}.Debug|Any CPU.ActiveCfg = Debug|Any CPU
		{DF415CAC-AE74-4D59-8E35-5F4C2C4192DC}.Debug|Any CPU.Build.0 = Debug|Any CPU
		{DF415CAC-AE74-4D59-8E35-5F4C2C4192DC}.Debug|x64.ActiveCfg = Debug|x64
		{DF415CAC-AE74-4D59-8E35-5F4C2C4192DC}.Debug|x64.Build.0 = Debug|x64
		{DF415CAC-AE74-4D59-8E35-5F4C2C4192DC}.Debug|x86.ActiveCfg = Debug|Any CPU
		{DF415CAC-AE74-4D59-8E35-5F4C2C4192DC}.Debug|x86.Build.0 = Debug|Any CPU
		{DF415CAC-AE74-4D59-8E35-5F4C2C4192DC}.Release|Any CPU.ActiveCfg = Release|Any CPU
		{DF415CAC-AE74-4D59-8E35-5F4C2C4192DC}.Release|Any CPU.Build.0 = Release|Any CPU
		{DF415CAC-AE74-4D59-8E35-5F4C2C4192DC}.Release|x64.ActiveCfg = Release|x64
		{DF415CAC-AE74-4D59-8E35-5F4C2C4192DC}.Release|x64.Build.0 = Release|x64
		{DF415CAC-AE74-4D59-8E35-5F4C2C4192DC}.Release|x86.ActiveCfg = Release|Any CPU
		{DF415CAC-AE74-4D59-8E35-5F4C2C4192DC}.Release|x86.Build.0 = Release|Any CPU
		{69D694A6-B029-4FE8-8429-F4E70DB8B5E1}.Debug|Any CPU.ActiveCfg = Debug|Any CPU
		{69D694A6-B029-4FE8-8429-F4E70DB8B5E1}.Debug|Any CPU.Build.0 = Debug|Any CPU
		{69D694A6-B029-4FE8-8429-F4E70DB8B5E1}.Debug|x64.ActiveCfg = Debug|x64
		{69D694A6-B029-4FE8-8429-F4E70DB8B5E1}.Debug|x64.Build.0 = Debug|x64
		{69D694A6-B029-4FE8-8429-F4E70DB8B5E1}.Debug|x86.ActiveCfg = Debug|Any CPU
		{69D694A6-B029-4FE8-8429-F4E70DB8B5E1}.Debug|x86.Build.0 = Debug|Any CPU
		{69D694A6-B029-4FE8-8429-F4E70DB8B5E1}.Release|Any CPU.ActiveCfg = Release|Any CPU
		{69D694A6-B029-4FE8-8429-F4E70DB8B5E1}.Release|Any CPU.Build.0 = Release|Any CPU
		{69D694A6-B029-4FE8-8429-F4E70DB8B5E1}.Release|x64.ActiveCfg = Release|x64
		{69D694A6-B029-4FE8-8429-F4E70DB8B5E1}.Release|x64.Build.0 = Release|x64
		{69D694A6-B029-4FE8-8429-F4E70DB8B5E1}.Release|x86.ActiveCfg = Release|Any CPU
		{69D694A6-B029-4FE8-8429-F4E70DB8B5E1}.Release|x86.Build.0 = Release|Any CPU
		{F55962DA-2615-4AFB-AD33-0F3D5987308C}.Debug|Any CPU.ActiveCfg = Debug|Any CPU
		{F55962DA-2615-4AFB-AD33-0F3D5987308C}.Debug|Any CPU.Build.0 = Debug|Any CPU
		{F55962DA-2615-4AFB-AD33-0F3D5987308C}.Debug|x64.ActiveCfg = Debug|x64
		{F55962DA-2615-4AFB-AD33-0F3D5987308C}.Debug|x64.Build.0 = Debug|x64
		{F55962DA-2615-4AFB-AD33-0F3D5987308C}.Debug|x86.ActiveCfg = Debug|Any CPU
		{F55962DA-2615-4AFB-AD33-0F3D5987308C}.Debug|x86.Build.0 = Debug|Any CPU
		{F55962DA-2615-4AFB-AD33-0F3D5987308C}.Release|Any CPU.ActiveCfg = Release|Any CPU
		{F55962DA-2615-4AFB-AD33-0F3D5987308C}.Release|Any CPU.Build.0 = Release|Any CPU
		{F55962DA-2615-4AFB-AD33-0F3D5987308C}.Release|x64.ActiveCfg = Release|x64
		{F55962DA-2615-4AFB-AD33-0F3D5987308C}.Release|x64.Build.0 = Release|x64
		{F55962DA-2615-4AFB-AD33-0F3D5987308C}.Release|x86.ActiveCfg = Release|Any CPU
		{F55962DA-2615-4AFB-AD33-0F3D5987308C}.Release|x86.Build.0 = Release|Any CPU
		{6BE48CF4-C2F0-44CB-95D8-7500A3CB430E}.Debug|Any CPU.ActiveCfg = Debug|Any CPU
		{6BE48CF4-C2F0-44CB-95D8-7500A3CB430E}.Debug|Any CPU.Build.0 = Debug|Any CPU
		{6BE48CF4-C2F0-44CB-95D8-7500A3CB430E}.Debug|x64.ActiveCfg = Debug|x64
		{6BE48CF4-C2F0-44CB-95D8-7500A3CB430E}.Debug|x64.Build.0 = Debug|x64
		{6BE48CF4-C2F0-44CB-95D8-7500A3CB430E}.Debug|x86.ActiveCfg = Debug|Any CPU
		{6BE48CF4-C2F0-44CB-95D8-7500A3CB430E}.Debug|x86.Build.0 = Debug|Any CPU
		{6BE48CF4-C2F0-44CB-95D8-7500A3CB430E}.Release|Any CPU.ActiveCfg = Release|Any CPU
		{6BE48CF4-C2F0-44CB-95D8-7500A3CB430E}.Release|Any CPU.Build.0 = Release|Any CPU
		{6BE48CF4-C2F0-44CB-95D8-7500A3CB430E}.Release|x64.ActiveCfg = Release|x64
		{6BE48CF4-C2F0-44CB-95D8-7500A3CB430E}.Release|x64.Build.0 = Release|x64
		{6BE48CF4-C2F0-44CB-95D8-7500A3CB430E}.Release|x86.ActiveCfg = Release|Any CPU
		{6BE48CF4-C2F0-44CB-95D8-7500A3CB430E}.Release|x86.Build.0 = Release|Any CPU
		{FF04AB3E-E8C3-4452-9861-ED5DEE4181FC}.Debug|Any CPU.ActiveCfg = Debug|Any CPU
		{FF04AB3E-E8C3-4452-9861-ED5DEE4181FC}.Debug|Any CPU.Build.0 = Debug|Any CPU
		{FF04AB3E-E8C3-4452-9861-ED5DEE4181FC}.Debug|x64.ActiveCfg = Debug|x64
		{FF04AB3E-E8C3-4452-9861-ED5DEE4181FC}.Debug|x64.Build.0 = Debug|x64
		{FF04AB3E-E8C3-4452-9861-ED5DEE4181FC}.Debug|x86.ActiveCfg = Debug|Any CPU
		{FF04AB3E-E8C3-4452-9861-ED5DEE4181FC}.Debug|x86.Build.0 = Debug|Any CPU
		{FF04AB3E-E8C3-4452-9861-ED5DEE4181FC}.Release|Any CPU.ActiveCfg = Release|Any CPU
		{FF04AB3E-E8C3-4452-9861-ED5DEE4181FC}.Release|Any CPU.Build.0 = Release|Any CPU
		{FF04AB3E-E8C3-4452-9861-ED5DEE4181FC}.Release|x64.ActiveCfg = Release|x64
		{FF04AB3E-E8C3-4452-9861-ED5DEE4181FC}.Release|x64.Build.0 = Release|x64
		{FF04AB3E-E8C3-4452-9861-ED5DEE4181FC}.Release|x86.ActiveCfg = Release|Any CPU
		{FF04AB3E-E8C3-4452-9861-ED5DEE4181FC}.Release|x86.Build.0 = Release|Any CPU
		{554C8784-954A-4E3D-9C79-D347DEF7E069}.Debug|Any CPU.ActiveCfg = Debug|Any CPU
		{554C8784-954A-4E3D-9C79-D347DEF7E069}.Debug|Any CPU.Build.0 = Debug|Any CPU
		{554C8784-954A-4E3D-9C79-D347DEF7E069}.Debug|x64.ActiveCfg = Debug|x64
		{554C8784-954A-4E3D-9C79-D347DEF7E069}.Debug|x64.Build.0 = Debug|x64
		{554C8784-954A-4E3D-9C79-D347DEF7E069}.Debug|x86.ActiveCfg = Debug|Any CPU
		{554C8784-954A-4E3D-9C79-D347DEF7E069}.Debug|x86.Build.0 = Debug|Any CPU
		{554C8784-954A-4E3D-9C79-D347DEF7E069}.Release|Any CPU.ActiveCfg = Release|Any CPU
		{554C8784-954A-4E3D-9C79-D347DEF7E069}.Release|Any CPU.Build.0 = Release|Any CPU
		{554C8784-954A-4E3D-9C79-D347DEF7E069}.Release|x64.ActiveCfg = Release|x64
		{554C8784-954A-4E3D-9C79-D347DEF7E069}.Release|x64.Build.0 = Release|x64
		{554C8784-954A-4E3D-9C79-D347DEF7E069}.Release|x86.ActiveCfg = Release|Any CPU
		{554C8784-954A-4E3D-9C79-D347DEF7E069}.Release|x86.Build.0 = Release|Any CPU
		{7D35C9C8-6E9A-4ABB-9042-930BE5E26DC6}.Debug|Any CPU.ActiveCfg = Debug|Any CPU
		{7D35C9C8-6E9A-4ABB-9042-930BE5E26DC6}.Debug|Any CPU.Build.0 = Debug|Any CPU
		{7D35C9C8-6E9A-4ABB-9042-930BE5E26DC6}.Debug|x64.ActiveCfg = Debug|x64
		{7D35C9C8-6E9A-4ABB-9042-930BE5E26DC6}.Debug|x64.Build.0 = Debug|x64
		{7D35C9C8-6E9A-4ABB-9042-930BE5E26DC6}.Debug|x86.ActiveCfg = Debug|Any CPU
		{7D35C9C8-6E9A-4ABB-9042-930BE5E26DC6}.Debug|x86.Build.0 = Debug|Any CPU
		{7D35C9C8-6E9A-4ABB-9042-930BE5E26DC6}.Release|Any CPU.ActiveCfg = Release|Any CPU
		{7D35C9C8-6E9A-4ABB-9042-930BE5E26DC6}.Release|Any CPU.Build.0 = Release|Any CPU
		{7D35C9C8-6E9A-4ABB-9042-930BE5E26DC6}.Release|x64.ActiveCfg = Release|x64
		{7D35C9C8-6E9A-4ABB-9042-930BE5E26DC6}.Release|x64.Build.0 = Release|x64
		{7D35C9C8-6E9A-4ABB-9042-930BE5E26DC6}.Release|x86.ActiveCfg = Release|Any CPU
		{7D35C9C8-6E9A-4ABB-9042-930BE5E26DC6}.Release|x86.Build.0 = Release|Any CPU
		{80A26F08-6AE5-472D-BB13-B6FB9A37FDCB}.Debug|Any CPU.ActiveCfg = Debug|Any CPU
		{80A26F08-6AE5-472D-BB13-B6FB9A37FDCB}.Debug|Any CPU.Build.0 = Debug|Any CPU
		{80A26F08-6AE5-472D-BB13-B6FB9A37FDCB}.Debug|x64.ActiveCfg = Debug|x64
		{80A26F08-6AE5-472D-BB13-B6FB9A37FDCB}.Debug|x64.Build.0 = Debug|x64
		{80A26F08-6AE5-472D-BB13-B6FB9A37FDCB}.Debug|x86.ActiveCfg = Debug|Any CPU
		{80A26F08-6AE5-472D-BB13-B6FB9A37FDCB}.Debug|x86.Build.0 = Debug|Any CPU
		{80A26F08-6AE5-472D-BB13-B6FB9A37FDCB}.Release|Any CPU.ActiveCfg = Release|Any CPU
		{80A26F08-6AE5-472D-BB13-B6FB9A37FDCB}.Release|Any CPU.Build.0 = Release|Any CPU
		{80A26F08-6AE5-472D-BB13-B6FB9A37FDCB}.Release|x64.ActiveCfg = Release|x64
		{80A26F08-6AE5-472D-BB13-B6FB9A37FDCB}.Release|x64.Build.0 = Release|x64
		{80A26F08-6AE5-472D-BB13-B6FB9A37FDCB}.Release|x86.ActiveCfg = Release|Any CPU
		{80A26F08-6AE5-472D-BB13-B6FB9A37FDCB}.Release|x86.Build.0 = Release|Any CPU
		{AE3BDF42-2F21-4CC3-9171-6CF2FDFDAB7A}.Debug|Any CPU.ActiveCfg = Debug|Any CPU
		{AE3BDF42-2F21-4CC3-9171-6CF2FDFDAB7A}.Debug|Any CPU.Build.0 = Debug|Any CPU
		{AE3BDF42-2F21-4CC3-9171-6CF2FDFDAB7A}.Debug|x64.ActiveCfg = Debug|x64
		{AE3BDF42-2F21-4CC3-9171-6CF2FDFDAB7A}.Debug|x64.Build.0 = Debug|x64
		{AE3BDF42-2F21-4CC3-9171-6CF2FDFDAB7A}.Debug|x86.ActiveCfg = Debug|Any CPU
		{AE3BDF42-2F21-4CC3-9171-6CF2FDFDAB7A}.Debug|x86.Build.0 = Debug|Any CPU
		{AE3BDF42-2F21-4CC3-9171-6CF2FDFDAB7A}.Release|Any CPU.ActiveCfg = Release|Any CPU
		{AE3BDF42-2F21-4CC3-9171-6CF2FDFDAB7A}.Release|Any CPU.Build.0 = Release|Any CPU
		{AE3BDF42-2F21-4CC3-9171-6CF2FDFDAB7A}.Release|x64.ActiveCfg = Release|x64
		{AE3BDF42-2F21-4CC3-9171-6CF2FDFDAB7A}.Release|x64.Build.0 = Release|x64
		{AE3BDF42-2F21-4CC3-9171-6CF2FDFDAB7A}.Release|x86.ActiveCfg = Release|Any CPU
		{AE3BDF42-2F21-4CC3-9171-6CF2FDFDAB7A}.Release|x86.Build.0 = Release|Any CPU
		{D26EA74F-8D44-453C-AD70-3789AFFDF85F}.Debug|Any CPU.ActiveCfg = Debug|x86
		{D26EA74F-8D44-453C-AD70-3789AFFDF85F}.Debug|x64.ActiveCfg = Debug|x86
		{D26EA74F-8D44-453C-AD70-3789AFFDF85F}.Debug|x86.ActiveCfg = Debug|x86
		{D26EA74F-8D44-453C-AD70-3789AFFDF85F}.Debug|x86.Build.0 = Debug|x86
		{D26EA74F-8D44-453C-AD70-3789AFFDF85F}.Release|Any CPU.ActiveCfg = Release|x86
		{D26EA74F-8D44-453C-AD70-3789AFFDF85F}.Release|x64.ActiveCfg = Release|x64
		{D26EA74F-8D44-453C-AD70-3789AFFDF85F}.Release|x64.Build.0 = Release|x64
		{D26EA74F-8D44-453C-AD70-3789AFFDF85F}.Release|x86.ActiveCfg = Release|x86
		{D26EA74F-8D44-453C-AD70-3789AFFDF85F}.Release|x86.Build.0 = Release|x86
		{A692A512-627A-4896-9D2D-4412FDD8C78C}.Debug|Any CPU.ActiveCfg = Debug|Any CPU
		{A692A512-627A-4896-9D2D-4412FDD8C78C}.Debug|Any CPU.Build.0 = Debug|Any CPU
		{A692A512-627A-4896-9D2D-4412FDD8C78C}.Debug|x64.ActiveCfg = Debug|x64
		{A692A512-627A-4896-9D2D-4412FDD8C78C}.Debug|x64.Build.0 = Debug|x64
		{A692A512-627A-4896-9D2D-4412FDD8C78C}.Debug|x86.ActiveCfg = Debug|Any CPU
		{A692A512-627A-4896-9D2D-4412FDD8C78C}.Debug|x86.Build.0 = Debug|Any CPU
		{A692A512-627A-4896-9D2D-4412FDD8C78C}.Release|Any CPU.ActiveCfg = Release|Any CPU
		{A692A512-627A-4896-9D2D-4412FDD8C78C}.Release|Any CPU.Build.0 = Release|Any CPU
		{A692A512-627A-4896-9D2D-4412FDD8C78C}.Release|x64.ActiveCfg = Release|Any CPU
		{A692A512-627A-4896-9D2D-4412FDD8C78C}.Release|x64.Build.0 = Release|Any CPU
		{A692A512-627A-4896-9D2D-4412FDD8C78C}.Release|x86.ActiveCfg = Release|Any CPU
		{A692A512-627A-4896-9D2D-4412FDD8C78C}.Release|x86.Build.0 = Release|Any CPU
		{A6D84DA8-A449-462F-AA81-D3EB5827A8AD}.Debug|Any CPU.ActiveCfg = Debug|Win32
		{A6D84DA8-A449-462F-AA81-D3EB5827A8AD}.Debug|x64.ActiveCfg = Debug|Win32
		{A6D84DA8-A449-462F-AA81-D3EB5827A8AD}.Debug|x64.Build.0 = Debug|Win32
		{A6D84DA8-A449-462F-AA81-D3EB5827A8AD}.Debug|x86.ActiveCfg = Debug|Win32
		{A6D84DA8-A449-462F-AA81-D3EB5827A8AD}.Debug|x86.Build.0 = Debug|Win32
		{A6D84DA8-A449-462F-AA81-D3EB5827A8AD}.Release|Any CPU.ActiveCfg = Release|Win32
		{A6D84DA8-A449-462F-AA81-D3EB5827A8AD}.Release|x64.ActiveCfg = Release|Win32
		{A6D84DA8-A449-462F-AA81-D3EB5827A8AD}.Release|x64.Build.0 = Release|Win32
		{A6D84DA8-A449-462F-AA81-D3EB5827A8AD}.Release|x86.ActiveCfg = Release|Win32
		{A6D84DA8-A449-462F-AA81-D3EB5827A8AD}.Release|x86.Build.0 = Release|Win32
		{260646CA-EEC3-4FA2-8458-9BDCCC837C6D}.Debug|Any CPU.ActiveCfg = Debug|Any CPU
		{260646CA-EEC3-4FA2-8458-9BDCCC837C6D}.Debug|Any CPU.Build.0 = Debug|Any CPU
		{260646CA-EEC3-4FA2-8458-9BDCCC837C6D}.Debug|x64.ActiveCfg = Debug|Any CPU
		{260646CA-EEC3-4FA2-8458-9BDCCC837C6D}.Debug|x64.Build.0 = Debug|Any CPU
		{260646CA-EEC3-4FA2-8458-9BDCCC837C6D}.Debug|x86.ActiveCfg = Debug|Any CPU
		{260646CA-EEC3-4FA2-8458-9BDCCC837C6D}.Debug|x86.Build.0 = Debug|Any CPU
		{260646CA-EEC3-4FA2-8458-9BDCCC837C6D}.Release|Any CPU.ActiveCfg = Release|Any CPU
		{260646CA-EEC3-4FA2-8458-9BDCCC837C6D}.Release|Any CPU.Build.0 = Release|Any CPU
		{260646CA-EEC3-4FA2-8458-9BDCCC837C6D}.Release|x64.ActiveCfg = Release|Any CPU
		{260646CA-EEC3-4FA2-8458-9BDCCC837C6D}.Release|x64.Build.0 = Release|Any CPU
		{260646CA-EEC3-4FA2-8458-9BDCCC837C6D}.Release|x86.ActiveCfg = Release|Any CPU
		{260646CA-EEC3-4FA2-8458-9BDCCC837C6D}.Release|x86.Build.0 = Release|Any CPU
	EndGlobalSection
	GlobalSection(SolutionProperties) = preSolution
		HideSolutionNode = FALSE
	EndGlobalSection
	GlobalSection(NestedProjects) = preSolution
		{DF415CAC-AE74-4D59-8E35-5F4C2C4192DC} = {5A596328-DBB3-47B5-B0CE-E7F6CB4591E0}
		{69D694A6-B029-4FE8-8429-F4E70DB8B5E1} = {5A596328-DBB3-47B5-B0CE-E7F6CB4591E0}
		{F55962DA-2615-4AFB-AD33-0F3D5987308C} = {5A596328-DBB3-47B5-B0CE-E7F6CB4591E0}
	EndGlobalSection
	GlobalSection(ExtensibilityGlobals) = postSolution
		SolutionGuid = {4227F05D-F6EF-4571-9B94-6F3C05AA60DA}
	EndGlobalSection
EndGlobal
