
Microsoft Visual Studio Solution File, Format Version 12.00
# Visual Studio Version 17
VisualStudioVersion = 17.0.31903.59
MinimumVisualStudioVersion = 10.0.40219.1
Project("{FAE04EC0-301F-11D3-BF4B-00C04F79EFBC}") = "CapFrameX.Service.Api", "..\CapFrameX.Service.Shared\src\CapFrameX.Service.Api\CapFrameX.Service.Api.csproj", "{7BE5D5F9-F11D-4FBD-8C2C-84AE747FC108}"
EndProject
Project("{FAE04EC0-301F-11D3-BF4B-00C04F79EFBC}") = "CapFrameX.Service.Application", "..\CapFrameX.Service.Shared\src\CapFrameX.Service.Application\CapFrameX.Service.Application.csproj", "{56762511-940B-40E1-8CA2-EC0D5A4F7377}"
EndProject
Project("{FAE04EC0-301F-11D3-BF4B-00C04F79EFBC}") = "CapFrameX.Service.Core", "..\CapFrameX.Service.Shared\src\CapFrameX.Service.Core\CapFrameX.Service.Core.csproj", "{7C68A551-F24D-4046-BE37-A608B8B51AD7}"
EndProject
Project("{FAE04EC0-301F-11D3-BF4B-00C04F79EFBC}") = "CapFrameX.Service.Contracts", "..\CapFrameX.Service.Shared\src\CapFrameX.Service.Contracts\CapFrameX.Service.Contracts.csproj", "{14FB8C8C-AB76-42DE-A5AE-35C20601AD04}"
EndProject
Project("{FAE04EC0-301F-11D3-BF4B-00C04F79EFBC}") = "CapFrameX.Service.Data", "..\CapFrameX.Service.Shared\src\CapFrameX.Service.Data\CapFrameX.Service.Data.csproj", "{50DF1960-FBE3-4952-AC6D-E7FFB371F73F}"
EndProject
Project("{FAE04EC0-301F-11D3-BF4B-00C04F79EFBC}") = "CapFrameX.Service.Data.Tests", "..\CapFrameX.Service.Shared\tests\CapFrameX.Service.Data.Tests\CapFrameX.Service.Data.Tests.csproj", "{11FC3BCC-530F-4C4A-9605-9A3105AEE9DD}"
EndProject
Project("{FAE04EC0-301F-11D3-BF4B-00C04F79EFBC}") = "CapFrameX.Service.Shared.Tests", "..\CapFrameX.Service.Shared\tests\CapFrameX.Service.Shared.Tests\CapFrameX.Service.Shared.Tests.csproj", "{2E952ADA-E524-4EBB-BA84-37F5542BEAAB}"
EndProject
Project("{2150E333-8FDC-42A3-9474-1A3956D46DE8}") = "src", "src", "{827E0CD3-B72D-47B6-A68D-7590B98EB39B}"
EndProject
Project("{FAE04EC0-301F-11D3-BF4B-00C04F79EFBC}") = "CapFrameX.Service.Linux.Capture", "src\CapFrameX.Service.Linux.Capture\CapFrameX.Service.Linux.Capture.csproj", "{D70C5C4D-4D3B-4922-8C28-297875EB3AEC}"
EndProject
Project("{FAE04EC0-301F-11D3-BF4B-00C04F79EFBC}") = "CapFrameX.Service.Linux.Platform", "src\CapFrameX.Service.Linux.Platform\CapFrameX.Service.Linux.Platform.csproj", "{2829133D-FFD1-4491-90ED-86C857432540}"
EndProject
Project("{2150E333-8FDC-42A3-9474-1A3956D46DE8}") = "tests", "tests", "{0AB3BF05-4346-4AA6-1389-037BE0695223}"
EndProject
Project("{FAE04EC0-301F-11D3-BF4B-00C04F79EFBC}") = "CapFrameX.Service.Linux.Tests", "tests\CapFrameX.Service.Linux.Tests\CapFrameX.Service.Linux.Tests.csproj", "{B50550B6-0B42-478D-B82A-D7016CC9F909}"
EndProject
Project("{FAE04EC0-301F-11D3-BF4B-00C04F79EFBC}") = "CapFrameX.Service.Api.Tests", "..\CapFrameX.Service.Shared\tests\CapFrameX.Service.Api.Tests\CapFrameX.Service.Api.Tests.csproj", "{722DF04F-8323-4751-BEF6-08AB2FB7B2B1}"
EndProject
Project("{FAE04EC0-301F-11D3-BF4B-00C04F79EFBC}") = "CapFrameX.Service.Linux", "src\CapFrameX.Service.Linux\CapFrameX.Service.Linux.csproj", "{EF09BDAB-B62A-46B3-BCBF-9912A7FD502E}"
EndProject
Project("{FAE04EC0-301F-11D3-BF4B-00C04F79EFBC}") = "CapFrameX.Service.Records", "..\CapFrameX.Service.Shared\src\CapFrameX.Service.Records\CapFrameX.Service.Records.csproj", "{16346C79-EC29-4857-B7B6-AAF92A444BF9}"
EndProject
Project("{FAE04EC0-301F-11D3-BF4B-00C04F79EFBC}") = "CapFrameX.Data.Session", "..\source\CapFrameX.Data.Session\CapFrameX.Data.Session.csproj", "{D41B5661-791C-4FCC-98E5-48DE8AFB20EB}"
EndProject
Project("{FAE04EC0-301F-11D3-BF4B-00C04F79EFBC}") = "CapFrameX.Service.Records.Tests", "..\CapFrameX.Service.Shared\tests\CapFrameX.Service.Records.Tests\CapFrameX.Service.Records.Tests.csproj", "{6CD74C54-6BB5-421C-BF48-3DD833976D80}"
EndProject
Project("{FAE04EC0-301F-11D3-BF4B-00C04F79EFBC}") = "CapFrameX.Service.Application.Tests", "..\CapFrameX.Service.Shared\tests\CapFrameX.Service.Application.Tests\CapFrameX.Service.Application.Tests.csproj", "{F085263F-6187-43A1-94D3-CDBB778E09FE}"
EndProject
Project("{FAE04EC0-301F-11D3-BF4B-00C04F79EFBC}") = "CapFrameX.Service.Analysis", "..\CapFrameX.Service.Shared\src\CapFrameX.Service.Analysis\CapFrameX.Service.Analysis.csproj", "{3C4B414C-72E7-48CC-BEC8-89F15FCD6D52}"
EndProject
Project("{FAE04EC0-301F-11D3-BF4B-00C04F79EFBC}") = "CapFrameX.Statistics.NetStandard", "..\source\CapFrameX.Statistics.NetStandard\CapFrameX.Statistics.NetStandard.csproj", "{ABDBEF6D-E79B-4B62-A7F8-442336E49235}"
EndProject
Project("{FAE04EC0-301F-11D3-BF4B-00C04F79EFBC}") = "CapFrameX.Extensions.NetStandard", "..\source\CapFrameX.Extensions.NetStandard\CapFrameX.Extensions.NetStandard.csproj", "{24397C58-759B-439A-8060-905AE4D946AD}"
EndProject
Project("{FAE04EC0-301F-11D3-BF4B-00C04F79EFBC}") = "CapFrameX.Service.Analysis.Tests", "..\CapFrameX.Service.Shared\tests\CapFrameX.Service.Analysis.Tests\CapFrameX.Service.Analysis.Tests.csproj", "{9ED8753A-F40B-4D7F-8F2C-EC01A6B8E74C}"
EndProject
Global
	GlobalSection(SolutionConfigurationPlatforms) = preSolution
		Debug|Any CPU = Debug|Any CPU
		Debug|x64 = Debug|x64
		Debug|x86 = Debug|x86
		Release|Any CPU = Release|Any CPU
		Release|x64 = Release|x64
		Release|x86 = Release|x86
	EndGlobalSection
	GlobalSection(ProjectConfigurationPlatforms) = postSolution
		{7BE5D5F9-F11D-4FBD-8C2C-84AE747FC108}.Debug|Any CPU.ActiveCfg = Debug|Any CPU
		{7BE5D5F9-F11D-4FBD-8C2C-84AE747FC108}.Debug|Any CPU.Build.0 = Debug|Any CPU
		{7BE5D5F9-F11D-4FBD-8C2C-84AE747FC108}.Debug|x64.ActiveCfg = Debug|Any CPU
		{7BE5D5F9-F11D-4FBD-8C2C-84AE747FC108}.Debug|x64.Build.0 = Debug|Any CPU
		{7BE5D5F9-F11D-4FBD-8C2C-84AE747FC108}.Debug|x86.ActiveCfg = Debug|Any CPU
		{7BE5D5F9-F11D-4FBD-8C2C-84AE747FC108}.Debug|x86.Build.0 = Debug|Any CPU
		{7BE5D5F9-F11D-4FBD-8C2C-84AE747FC108}.Release|Any CPU.ActiveCfg = Release|Any CPU
		{7BE5D5F9-F11D-4FBD-8C2C-84AE747FC108}.Release|Any CPU.Build.0 = Release|Any CPU
		{7BE5D5F9-F11D-4FBD-8C2C-84AE747FC108}.Release|x64.ActiveCfg = Release|Any CPU
		{7BE5D5F9-F11D-4FBD-8C2C-84AE747FC108}.Release|x64.Build.0 = Release|Any CPU
		{7BE5D5F9-F11D-4FBD-8C2C-84AE747FC108}.Release|x86.ActiveCfg = Release|Any CPU
		{7BE5D5F9-F11D-4FBD-8C2C-84AE747FC108}.Release|x86.Build.0 = Release|Any CPU
		{56762511-940B-40E1-8CA2-EC0D5A4F7377}.Debug|Any CPU.ActiveCfg = Debug|Any CPU
		{56762511-940B-40E1-8CA2-EC0D5A4F7377}.Debug|Any CPU.Build.0 = Debug|Any CPU
		{56762511-940B-40E1-8CA2-EC0D5A4F7377}.Debug|x64.ActiveCfg = Debug|Any CPU
		{56762511-940B-40E1-8CA2-EC0D5A4F7377}.Debug|x64.Build.0 = Debug|Any CPU
		{56762511-940B-40E1-8CA2-EC0D5A4F7377}.Debug|x86.ActiveCfg = Debug|Any CPU
		{56762511-940B-40E1-8CA2-EC0D5A4F7377}.Debug|x86.Build.0 = Debug|Any CPU
		{56762511-940B-40E1-8CA2-EC0D5A4F7377}.Release|Any CPU.ActiveCfg = Release|Any CPU
		{56762511-940B-40E1-8CA2-EC0D5A4F7377}.Release|Any CPU.Build.0 = Release|Any CPU
		{56762511-940B-40E1-8CA2-EC0D5A4F7377}.Release|x64.ActiveCfg = Release|Any CPU
		{56762511-940B-40E1-8CA2-EC0D5A4F7377}.Release|x64.Build.0 = Release|Any CPU
		{56762511-940B-40E1-8CA2-EC0D5A4F7377}.Release|x86.ActiveCfg = Release|Any CPU
		{56762511-940B-40E1-8CA2-EC0D5A4F7377}.Release|x86.Build.0 = Release|Any CPU
		{7C68A551-F24D-4046-BE37-A608B8B51AD7}.Debug|Any CPU.ActiveCfg = Debug|Any CPU
		{7C68A551-F24D-4046-BE37-A608B8B51AD7}.Debug|Any CPU.Build.0 = Debug|Any CPU
		{7C68A551-F24D-4046-BE37-A608B8B51AD7}.Debug|x64.ActiveCfg = Debug|Any CPU
		{7C68A551-F24D-4046-BE37-A608B8B51AD7}.Debug|x64.Build.0 = Debug|Any CPU
		{7C68A551-F24D-4046-BE37-A608B8B51AD7}.Debug|x86.ActiveCfg = Debug|Any CPU
		{7C68A551-F24D-4046-BE37-A608B8B51AD7}.Debug|x86.Build.0 = Debug|Any CPU
		{7C68A551-F24D-4046-BE37-A608B8B51AD7}.Release|Any CPU.ActiveCfg = Release|Any CPU
		{7C68A551-F24D-4046-BE37-A608B8B51AD7}.Release|Any CPU.Build.0 = Release|Any CPU
		{7C68A551-F24D-4046-BE37-A608B8B51AD7}.Release|x64.ActiveCfg = Release|Any CPU
		{7C68A551-F24D-4046-BE37-A608B8B51AD7}.Release|x64.Build.0 = Release|Any CPU
		{7C68A551-F24D-4046-BE37-A608B8B51AD7}.Release|x86.ActiveCfg = Release|Any CPU
		{7C68A551-F24D-4046-BE37-A608B8B51AD7}.Release|x86.Build.0 = Release|Any CPU
		{14FB8C8C-AB76-42DE-A5AE-35C20601AD04}.Debug|Any CPU.ActiveCfg = Debug|Any CPU
		{14FB8C8C-AB76-42DE-A5AE-35C20601AD04}.Debug|Any CPU.Build.0 = Debug|Any CPU
		{14FB8C8C-AB76-42DE-A5AE-35C20601AD04}.Debug|x64.ActiveCfg = Debug|Any CPU
		{14FB8C8C-AB76-42DE-A5AE-35C20601AD04}.Debug|x64.Build.0 = Debug|Any CPU
		{14FB8C8C-AB76-42DE-A5AE-35C20601AD04}.Debug|x86.ActiveCfg = Debug|Any CPU
		{14FB8C8C-AB76-42DE-A5AE-35C20601AD04}.Debug|x86.Build.0 = Debug|Any CPU
		{14FB8C8C-AB76-42DE-A5AE-35C20601AD04}.Release|Any CPU.ActiveCfg = Release|Any CPU
		{14FB8C8C-AB76-42DE-A5AE-35C20601AD04}.Release|Any CPU.Build.0 = Release|Any CPU
		{14FB8C8C-AB76-42DE-A5AE-35C20601AD04}.Release|x64.ActiveCfg = Release|Any CPU
		{14FB8C8C-AB76-42DE-A5AE-35C20601AD04}.Release|x64.Build.0 = Release|Any CPU
		{14FB8C8C-AB76-42DE-A5AE-35C20601AD04}.Release|x86.ActiveCfg = Release|Any CPU
		{14FB8C8C-AB76-42DE-A5AE-35C20601AD04}.Release|x86.Build.0 = Release|Any CPU
		{50DF1960-FBE3-4952-AC6D-E7FFB371F73F}.Debug|Any CPU.ActiveCfg = Debug|Any CPU
		{50DF1960-FBE3-4952-AC6D-E7FFB371F73F}.Debug|Any CPU.Build.0 = Debug|Any CPU
		{50DF1960-FBE3-4952-AC6D-E7FFB371F73F}.Debug|x64.ActiveCfg = Debug|Any CPU
		{50DF1960-FBE3-4952-AC6D-E7FFB371F73F}.Debug|x64.Build.0 = Debug|Any CPU
		{50DF1960-FBE3-4952-AC6D-E7FFB371F73F}.Debug|x86.ActiveCfg = Debug|Any CPU
		{50DF1960-FBE3-4952-AC6D-E7FFB371F73F}.Debug|x86.Build.0 = Debug|Any CPU
		{50DF1960-FBE3-4952-AC6D-E7FFB371F73F}.Release|Any CPU.ActiveCfg = Release|Any CPU
		{50DF1960-FBE3-4952-AC6D-E7FFB371F73F}.Release|Any CPU.Build.0 = Release|Any CPU
		{50DF1960-FBE3-4952-AC6D-E7FFB371F73F}.Release|x64.ActiveCfg = Release|Any CPU
		{50DF1960-FBE3-4952-AC6D-E7FFB371F73F}.Release|x64.Build.0 = Release|Any CPU
		{50DF1960-FBE3-4952-AC6D-E7FFB371F73F}.Release|x86.ActiveCfg = Release|Any CPU
		{50DF1960-FBE3-4952-AC6D-E7FFB371F73F}.Release|x86.Build.0 = Release|Any CPU
		{11FC3BCC-530F-4C4A-9605-9A3105AEE9DD}.Debug|Any CPU.ActiveCfg = Debug|Any CPU
		{11FC3BCC-530F-4C4A-9605-9A3105AEE9DD}.Debug|Any CPU.Build.0 = Debug|Any CPU
		{11FC3BCC-530F-4C4A-9605-9A3105AEE9DD}.Debug|x64.ActiveCfg = Debug|Any CPU
		{11FC3BCC-530F-4C4A-9605-9A3105AEE9DD}.Debug|x64.Build.0 = Debug|Any CPU
		{11FC3BCC-530F-4C4A-9605-9A3105AEE9DD}.Debug|x86.ActiveCfg = Debug|Any CPU
		{11FC3BCC-530F-4C4A-9605-9A3105AEE9DD}.Debug|x86.Build.0 = Debug|Any CPU
		{11FC3BCC-530F-4C4A-9605-9A3105AEE9DD}.Release|Any CPU.ActiveCfg = Release|Any CPU
		{11FC3BCC-530F-4C4A-9605-9A3105AEE9DD}.Release|Any CPU.Build.0 = Release|Any CPU
		{11FC3BCC-530F-4C4A-9605-9A3105AEE9DD}.Release|x64.ActiveCfg = Release|Any CPU
		{11FC3BCC-530F-4C4A-9605-9A3105AEE9DD}.Release|x64.Build.0 = Release|Any CPU
		{11FC3BCC-530F-4C4A-9605-9A3105AEE9DD}.Release|x86.ActiveCfg = Release|Any CPU
		{11FC3BCC-530F-4C4A-9605-9A3105AEE9DD}.Release|x86.Build.0 = Release|Any CPU
		{2E952ADA-E524-4EBB-BA84-37F5542BEAAB}.Debug|Any CPU.ActiveCfg = Debug|Any CPU
		{2E952ADA-E524-4EBB-BA84-37F5542BEAAB}.Debug|Any CPU.Build.0 = Debug|Any CPU
		{2E952ADA-E524-4EBB-BA84-37F5542BEAAB}.Debug|x64.ActiveCfg = Debug|Any CPU
		{2E952ADA-E524-4EBB-BA84-37F5542BEAAB}.Debug|x64.Build.0 = Debug|Any CPU
		{2E952ADA-E524-4EBB-BA84-37F5542BEAAB}.Debug|x86.ActiveCfg = Debug|Any CPU
		{2E952ADA-E524-4EBB-BA84-37F5542BEAAB}.Debug|x86.Build.0 = Debug|Any CPU
		{2E952ADA-E524-4EBB-BA84-37F5542BEAAB}.Release|Any CPU.ActiveCfg = Release|Any CPU
		{2E952ADA-E524-4EBB-BA84-37F5542BEAAB}.Release|Any CPU.Build.0 = Release|Any CPU
		{2E952ADA-E524-4EBB-BA84-37F5542BEAAB}.Release|x64.ActiveCfg = Release|Any CPU
		{2E952ADA-E524-4EBB-BA84-37F5542BEAAB}.Release|x64.Build.0 = Release|Any CPU
		{2E952ADA-E524-4EBB-BA84-37F5542BEAAB}.Release|x86.ActiveCfg = Release|Any CPU
		{2E952ADA-E524-4EBB-BA84-37F5542BEAAB}.Release|x86.Build.0 = Release|Any CPU
		{D70C5C4D-4D3B-4922-8C28-297875EB3AEC}.Debug|Any CPU.ActiveCfg = Debug|Any CPU
		{D70C5C4D-4D3B-4922-8C28-297875EB3AEC}.Debug|Any CPU.Build.0 = Debug|Any CPU
		{D70C5C4D-4D3B-4922-8C28-297875EB3AEC}.Debug|x64.ActiveCfg = Debug|Any CPU
		{D70C5C4D-4D3B-4922-8C28-297875EB3AEC}.Debug|x64.Build.0 = Debug|Any CPU
		{D70C5C4D-4D3B-4922-8C28-297875EB3AEC}.Debug|x86.ActiveCfg = Debug|Any CPU
		{D70C5C4D-4D3B-4922-8C28-297875EB3AEC}.Debug|x86.Build.0 = Debug|Any CPU
		{D70C5C4D-4D3B-4922-8C28-297875EB3AEC}.Release|Any CPU.ActiveCfg = Release|Any CPU
		{D70C5C4D-4D3B-4922-8C28-297875EB3AEC}.Release|Any CPU.Build.0 = Release|Any CPU
		{D70C5C4D-4D3B-4922-8C28-297875EB3AEC}.Release|x64.ActiveCfg = Release|Any CPU
		{D70C5C4D-4D3B-4922-8C28-297875EB3AEC}.Release|x64.Build.0 = Release|Any CPU
		{D70C5C4D-4D3B-4922-8C28-297875EB3AEC}.Release|x86.ActiveCfg = Release|Any CPU
		{D70C5C4D-4D3B-4922-8C28-297875EB3AEC}.Release|x86.Build.0 = Release|Any CPU
		{2829133D-FFD1-4491-90ED-86C857432540}.Debug|Any CPU.ActiveCfg = Debug|Any CPU
		{2829133D-FFD1-4491-90ED-86C857432540}.Debug|Any CPU.Build.0 = Debug|Any CPU
		{2829133D-FFD1-4491-90ED-86C857432540}.Debug|x64.ActiveCfg = Debug|Any CPU
		{2829133D-FFD1-4491-90ED-86C857432540}.Debug|x64.Build.0 = Debug|Any CPU
		{2829133D-FFD1-4491-90ED-86C857432540}.Debug|x86.ActiveCfg = Debug|Any CPU
		{2829133D-FFD1-4491-90ED-86C857432540}.Debug|x86.Build.0 = Debug|Any CPU
		{2829133D-FFD1-4491-90ED-86C857432540}.Release|Any CPU.ActiveCfg = Release|Any CPU
		{2829133D-FFD1-4491-90ED-86C857432540}.Release|Any CPU.Build.0 = Release|Any CPU
		{2829133D-FFD1-4491-90ED-86C857432540}.Release|x64.ActiveCfg = Release|Any CPU
		{2829133D-FFD1-4491-90ED-86C857432540}.Release|x64.Build.0 = Release|Any CPU
		{2829133D-FFD1-4491-90ED-86C857432540}.Release|x86.ActiveCfg = Release|Any CPU
		{2829133D-FFD1-4491-90ED-86C857432540}.Release|x86.Build.0 = Release|Any CPU
		{B50550B6-0B42-478D-B82A-D7016CC9F909}.Debug|Any CPU.ActiveCfg = Debug|Any CPU
		{B50550B6-0B42-478D-B82A-D7016CC9F909}.Debug|Any CPU.Build.0 = Debug|Any CPU
		{B50550B6-0B42-478D-B82A-D7016CC9F909}.Debug|x64.ActiveCfg = Debug|Any CPU
		{B50550B6-0B42-478D-B82A-D7016CC9F909}.Debug|x64.Build.0 = Debug|Any CPU
		{B50550B6-0B42-478D-B82A-D7016CC9F909}.Debug|x86.ActiveCfg = Debug|Any CPU
		{B50550B6-0B42-478D-B82A-D7016CC9F909}.Debug|x86.Build.0 = Debug|Any CPU
		{B50550B6-0B42-478D-B82A-D7016CC9F909}.Release|Any CPU.ActiveCfg = Release|Any CPU
		{B50550B6-0B42-478D-B82A-D7016CC9F909}.Release|Any CPU.Build.0 = Release|Any CPU
		{B50550B6-0B42-478D-B82A-D7016CC9F909}.Release|x64.ActiveCfg = Release|Any CPU
		{B50550B6-0B42-478D-B82A-D7016CC9F909}.Release|x64.Build.0 = Release|Any CPU
		{B50550B6-0B42-478D-B82A-D7016CC9F909}.Release|x86.ActiveCfg = Release|Any CPU
		{B50550B6-0B42-478D-B82A-D7016CC9F909}.Release|x86.Build.0 = Release|Any CPU
		{722DF04F-8323-4751-BEF6-08AB2FB7B2B1}.Debug|Any CPU.ActiveCfg = Debug|Any CPU
		{722DF04F-8323-4751-BEF6-08AB2FB7B2B1}.Debug|Any CPU.Build.0 = Debug|Any CPU
		{722DF04F-8323-4751-BEF6-08AB2FB7B2B1}.Debug|x64.ActiveCfg = Debug|Any CPU
		{722DF04F-8323-4751-BEF6-08AB2FB7B2B1}.Debug|x64.Build.0 = Debug|Any CPU
		{722DF04F-8323-4751-BEF6-08AB2FB7B2B1}.Debug|x86.ActiveCfg = Debug|Any CPU
		{722DF04F-8323-4751-BEF6-08AB2FB7B2B1}.Debug|x86.Build.0 = Debug|Any CPU
		{722DF04F-8323-4751-BEF6-08AB2FB7B2B1}.Release|Any CPU.ActiveCfg = Release|Any CPU
		{722DF04F-8323-4751-BEF6-08AB2FB7B2B1}.Release|Any CPU.Build.0 = Release|Any CPU
		{722DF04F-8323-4751-BEF6-08AB2FB7B2B1}.Release|x64.ActiveCfg = Release|Any CPU
		{722DF04F-8323-4751-BEF6-08AB2FB7B2B1}.Release|x64.Build.0 = Release|Any CPU
		{722DF04F-8323-4751-BEF6-08AB2FB7B2B1}.Release|x86.ActiveCfg = Release|Any CPU
		{722DF04F-8323-4751-BEF6-08AB2FB7B2B1}.Release|x86.Build.0 = Release|Any CPU
		{EF09BDAB-B62A-46B3-BCBF-9912A7FD502E}.Debug|Any CPU.ActiveCfg = Debug|Any CPU
		{EF09BDAB-B62A-46B3-BCBF-9912A7FD502E}.Debug|Any CPU.Build.0 = Debug|Any CPU
		{EF09BDAB-B62A-46B3-BCBF-9912A7FD502E}.Debug|x64.ActiveCfg = Debug|Any CPU
		{EF09BDAB-B62A-46B3-BCBF-9912A7FD502E}.Debug|x64.Build.0 = Debug|Any CPU
		{EF09BDAB-B62A-46B3-BCBF-9912A7FD502E}.Debug|x86.ActiveCfg = Debug|Any CPU
		{EF09BDAB-B62A-46B3-BCBF-9912A7FD502E}.Debug|x86.Build.0 = Debug|Any CPU
		{EF09BDAB-B62A-46B3-BCBF-9912A7FD502E}.Release|Any CPU.ActiveCfg = Release|Any CPU
		{EF09BDAB-B62A-46B3-BCBF-9912A7FD502E}.Release|Any CPU.Build.0 = Release|Any CPU
		{EF09BDAB-B62A-46B3-BCBF-9912A7FD502E}.Release|x64.ActiveCfg = Release|Any CPU
		{EF09BDAB-B62A-46B3-BCBF-9912A7FD502E}.Release|x64.Build.0 = Release|Any CPU
		{EF09BDAB-B62A-46B3-BCBF-9912A7FD502E}.Release|x86.ActiveCfg = Release|Any CPU
		{EF09BDAB-B62A-46B3-BCBF-9912A7FD502E}.Release|x86.Build.0 = Release|Any CPU
		{16346C79-EC29-4857-B7B6-AAF92A444BF9}.Debug|Any CPU.ActiveCfg = Debug|Any CPU
		{16346C79-EC29-4857-B7B6-AAF92A444BF9}.Debug|Any CPU.Build.0 = Debug|Any CPU
		{16346C79-EC29-4857-B7B6-AAF92A444BF9}.Debug|x64.ActiveCfg = Debug|Any CPU
		{16346C79-EC29-4857-B7B6-AAF92A444BF9}.Debug|x64.Build.0 = Debug|Any CPU
		{16346C79-EC29-4857-B7B6-AAF92A444BF9}.Debug|x86.ActiveCfg = Debug|Any CPU
		{16346C79-EC29-4857-B7B6-AAF92A444BF9}.Debug|x86.Build.0 = Debug|Any CPU
		{16346C79-EC29-4857-B7B6-AAF92A444BF9}.Release|Any CPU.ActiveCfg = Release|Any CPU
		{16346C79-EC29-4857-B7B6-AAF92A444BF9}.Release|Any CPU.Build.0 = Release|Any CPU
		{16346C79-EC29-4857-B7B6-AAF92A444BF9}.Release|x64.ActiveCfg = Release|Any CPU
		{16346C79-EC29-4857-B7B6-AAF92A444BF9}.Release|x64.Build.0 = Release|Any CPU
		{16346C79-EC29-4857-B7B6-AAF92A444BF9}.Release|x86.ActiveCfg = Release|Any CPU
		{16346C79-EC29-4857-B7B6-AAF92A444BF9}.Release|x86.Build.0 = Release|Any CPU
		{D41B5661-791C-4FCC-98E5-48DE8AFB20EB}.Debug|Any CPU.ActiveCfg = Debug|Any CPU
		{D41B5661-791C-4FCC-98E5-48DE8AFB20EB}.Debug|Any CPU.Build.0 = Debug|Any CPU
		{D41B5661-791C-4FCC-98E5-48DE8AFB20EB}.Debug|x64.ActiveCfg = Debug|x64
		{D41B5661-791C-4FCC-98E5-48DE8AFB20EB}.Debug|x64.Build.0 = Debug|x64
		{D41B5661-791C-4FCC-98E5-48DE8AFB20EB}.Debug|x86.ActiveCfg = Debug|x86
		{D41B5661-791C-4FCC-98E5-48DE8AFB20EB}.Debug|x86.Build.0 = Debug|x86
		{D41B5661-791C-4FCC-98E5-48DE8AFB20EB}.Release|Any CPU.ActiveCfg = Release|Any CPU
		{D41B5661-791C-4FCC-98E5-48DE8AFB20EB}.Release|Any CPU.Build.0 = Release|Any CPU
		{D41B5661-791C-4FCC-98E5-48DE8AFB20EB}.Release|x64.ActiveCfg = Release|x64
		{D41B5661-791C-4FCC-98E5-48DE8AFB20EB}.Release|x64.Build.0 = Release|x64
		{D41B5661-791C-4FCC-98E5-48DE8AFB20EB}.Release|x86.ActiveCfg = Release|x86
		{D41B5661-791C-4FCC-98E5-48DE8AFB20EB}.Release|x86.Build.0 = Release|x86
		{6CD74C54-6BB5-421C-BF48-3DD833976D80}.Debug|Any CPU.ActiveCfg = Debug|Any CPU
		{6CD74C54-6BB5-421C-BF48-3DD833976D80}.Debug|Any CPU.Build.0 = Debug|Any CPU
		{6CD74C54-6BB5-421C-BF48-3DD833976D80}.Debug|x64.ActiveCfg = Debug|Any CPU
		{6CD74C54-6BB5-421C-BF48-3DD833976D80}.Debug|x64.Build.0 = Debug|Any CPU
		{6CD74C54-6BB5-421C-BF48-3DD833976D80}.Debug|x86.ActiveCfg = Debug|Any CPU
		{6CD74C54-6BB5-421C-BF48-3DD833976D80}.Debug|x86.Build.0 = Debug|Any CPU
		{6CD74C54-6BB5-421C-BF48-3DD833976D80}.Release|Any CPU.ActiveCfg = Release|Any CPU
		{6CD74C54-6BB5-421C-BF48-3DD833976D80}.Release|Any CPU.Build.0 = Release|Any CPU
		{6CD74C54-6BB5-421C-BF48-3DD833976D80}.Release|x64.ActiveCfg = Release|Any CPU
		{6CD74C54-6BB5-421C-BF48-3DD833976D80}.Release|x64.Build.0 = Release|Any CPU
		{6CD74C54-6BB5-421C-BF48-3DD833976D80}.Release|x86.ActiveCfg = Release|Any CPU
		{6CD74C54-6BB5-421C-BF48-3DD833976D80}.Release|x86.Build.0 = Release|Any CPU
		{F085263F-6187-43A1-94D3-CDBB778E09FE}.Debug|Any CPU.ActiveCfg = Debug|Any CPU
		{F085263F-6187-43A1-94D3-CDBB778E09FE}.Debug|Any CPU.Build.0 = Debug|Any CPU
		{F085263F-6187-43A1-94D3-CDBB778E09FE}.Debug|x64.ActiveCfg = Debug|Any CPU
		{F085263F-6187-43A1-94D3-CDBB778E09FE}.Debug|x64.Build.0 = Debug|Any CPU
		{F085263F-6187-43A1-94D3-CDBB778E09FE}.Debug|x86.ActiveCfg = Debug|Any CPU
		{F085263F-6187-43A1-94D3-CDBB778E09FE}.Debug|x86.Build.0 = Debug|Any CPU
		{F085263F-6187-43A1-94D3-CDBB778E09FE}.Release|Any CPU.ActiveCfg = Release|Any CPU
		{F085263F-6187-43A1-94D3-CDBB778E09FE}.Release|Any CPU.Build.0 = Release|Any CPU
		{F085263F-6187-43A1-94D3-CDBB778E09FE}.Release|x64.ActiveCfg = Release|Any CPU
		{F085263F-6187-43A1-94D3-CDBB778E09FE}.Release|x64.Build.0 = Release|Any CPU
		{F085263F-6187-43A1-94D3-CDBB778E09FE}.Release|x86.ActiveCfg = Release|Any CPU
		{F085263F-6187-43A1-94D3-CDBB778E09FE}.Release|x86.Build.0 = Release|Any CPU
		{3C4B414C-72E7-48CC-BEC8-89F15FCD6D52}.Debug|Any CPU.ActiveCfg = Debug|Any CPU
		{3C4B414C-72E7-48CC-BEC8-89F15FCD6D52}.Debug|Any CPU.Build.0 = Debug|Any CPU
		{3C4B414C-72E7-48CC-BEC8-89F15FCD6D52}.Debug|x64.ActiveCfg = Debug|Any CPU
		{3C4B414C-72E7-48CC-BEC8-89F15FCD6D52}.Debug|x64.Build.0 = Debug|Any CPU
		{3C4B414C-72E7-48CC-BEC8-89F15FCD6D52}.Debug|x86.ActiveCfg = Debug|Any CPU
		{3C4B414C-72E7-48CC-BEC8-89F15FCD6D52}.Debug|x86.Build.0 = Debug|Any CPU
		{3C4B414C-72E7-48CC-BEC8-89F15FCD6D52}.Release|Any CPU.ActiveCfg = Release|Any CPU
		{3C4B414C-72E7-48CC-BEC8-89F15FCD6D52}.Release|Any CPU.Build.0 = Release|Any CPU
		{3C4B414C-72E7-48CC-BEC8-89F15FCD6D52}.Release|x64.ActiveCfg = Release|Any CPU
		{3C4B414C-72E7-48CC-BEC8-89F15FCD6D52}.Release|x64.Build.0 = Release|Any CPU
		{3C4B414C-72E7-48CC-BEC8-89F15FCD6D52}.Release|x86.ActiveCfg = Release|Any CPU
		{3C4B414C-72E7-48CC-BEC8-89F15FCD6D52}.Release|x86.Build.0 = Release|Any CPU
		{ABDBEF6D-E79B-4B62-A7F8-442336E49235}.Debug|Any CPU.ActiveCfg = Debug|Any CPU
		{ABDBEF6D-E79B-4B62-A7F8-442336E49235}.Debug|Any CPU.Build.0 = Debug|Any CPU
		{ABDBEF6D-E79B-4B62-A7F8-442336E49235}.Debug|x64.ActiveCfg = Debug|x64
		{ABDBEF6D-E79B-4B62-A7F8-442336E49235}.Debug|x64.Build.0 = Debug|x64
		{ABDBEF6D-E79B-4B62-A7F8-442336E49235}.Debug|x86.ActiveCfg = Debug|x86
		{ABDBEF6D-E79B-4B62-A7F8-442336E49235}.Debug|x86.Build.0 = Debug|x86
		{ABDBEF6D-E79B-4B62-A7F8-442336E49235}.Release|Any CPU.ActiveCfg = Release|Any CPU
		{ABDBEF6D-E79B-4B62-A7F8-442336E49235}.Release|Any CPU.Build.0 = Release|Any CPU
		{ABDBEF6D-E79B-4B62-A7F8-442336E49235}.Release|x64.ActiveCfg = Release|x64
		{ABDBEF6D-E79B-4B62-A7F8-442336E49235}.Release|x64.Build.0 = Release|x64
		{ABDBEF6D-E79B-4B62-A7F8-442336E49235}.Release|x86.ActiveCfg = Release|x86
		{ABDBEF6D-E79B-4B62-A7F8-442336E49235}.Release|x86.Build.0 = Release|x86
		{24397C58-759B-439A-8060-905AE4D946AD}.Debug|Any CPU.ActiveCfg = Debug|Any CPU
		{24397C58-759B-439A-8060-905AE4D946AD}.Debug|Any CPU.Build.0 = Debug|Any CPU
		{24397C58-759B-439A-8060-905AE4D946AD}.Debug|x64.ActiveCfg = Debug|x64
		{24397C58-759B-439A-8060-905AE4D946AD}.Debug|x64.Build.0 = Debug|x64
		{24397C58-759B-439A-8060-905AE4D946AD}.Debug|x86.ActiveCfg = Debug|x86
		{24397C58-759B-439A-8060-905AE4D946AD}.Debug|x86.Build.0 = Debug|x86
		{24397C58-759B-439A-8060-905AE4D946AD}.Release|Any CPU.ActiveCfg = Release|Any CPU
		{24397C58-759B-439A-8060-905AE4D946AD}.Release|Any CPU.Build.0 = Release|Any CPU
		{24397C58-759B-439A-8060-905AE4D946AD}.Release|x64.ActiveCfg = Release|x64
		{24397C58-759B-439A-8060-905AE4D946AD}.Release|x64.Build.0 = Release|x64
		{24397C58-759B-439A-8060-905AE4D946AD}.Release|x86.ActiveCfg = Release|x86
		{24397C58-759B-439A-8060-905AE4D946AD}.Release|x86.Build.0 = Release|x86
		{9ED8753A-F40B-4D7F-8F2C-EC01A6B8E74C}.Debug|Any CPU.ActiveCfg = Debug|Any CPU
		{9ED8753A-F40B-4D7F-8F2C-EC01A6B8E74C}.Debug|Any CPU.Build.0 = Debug|Any CPU
		{9ED8753A-F40B-4D7F-8F2C-EC01A6B8E74C}.Debug|x64.ActiveCfg = Debug|Any CPU
		{9ED8753A-F40B-4D7F-8F2C-EC01A6B8E74C}.Debug|x64.Build.0 = Debug|Any CPU
		{9ED8753A-F40B-4D7F-8F2C-EC01A6B8E74C}.Debug|x86.ActiveCfg = Debug|Any CPU
		{9ED8753A-F40B-4D7F-8F2C-EC01A6B8E74C}.Debug|x86.Build.0 = Debug|Any CPU
		{9ED8753A-F40B-4D7F-8F2C-EC01A6B8E74C}.Release|Any CPU.ActiveCfg = Release|Any CPU
		{9ED8753A-F40B-4D7F-8F2C-EC01A6B8E74C}.Release|Any CPU.Build.0 = Release|Any CPU
		{9ED8753A-F40B-4D7F-8F2C-EC01A6B8E74C}.Release|x64.ActiveCfg = Release|Any CPU
		{9ED8753A-F40B-4D7F-8F2C-EC01A6B8E74C}.Release|x64.Build.0 = Release|Any CPU
		{9ED8753A-F40B-4D7F-8F2C-EC01A6B8E74C}.Release|x86.ActiveCfg = Release|Any CPU
		{9ED8753A-F40B-4D7F-8F2C-EC01A6B8E74C}.Release|x86.Build.0 = Release|Any CPU
	EndGlobalSection
	GlobalSection(SolutionProperties) = preSolution
		HideSolutionNode = FALSE
	EndGlobalSection
	GlobalSection(NestedProjects) = preSolution
		{D70C5C4D-4D3B-4922-8C28-297875EB3AEC} = {827E0CD3-B72D-47B6-A68D-7590B98EB39B}
		{2829133D-FFD1-4491-90ED-86C857432540} = {827E0CD3-B72D-47B6-A68D-7590B98EB39B}
		{B50550B6-0B42-478D-B82A-D7016CC9F909} = {0AB3BF05-4346-4AA6-1389-037BE0695223}
		{EF09BDAB-B62A-46B3-BCBF-9912A7FD502E} = {827E0CD3-B72D-47B6-A68D-7590B98EB39B}
		{F085263F-6187-43A1-94D3-CDBB778E09FE} = {0AB3BF05-4346-4AA6-1389-037BE0695223}
		{3C4B414C-72E7-48CC-BEC8-89F15FCD6D52} = {827E0CD3-B72D-47B6-A68D-7590B98EB39B}
		{ABDBEF6D-E79B-4B62-A7F8-442336E49235} = {827E0CD3-B72D-47B6-A68D-7590B98EB39B}
		{24397C58-759B-439A-8060-905AE4D946AD} = {827E0CD3-B72D-47B6-A68D-7590B98EB39B}
		{9ED8753A-F40B-4D7F-8F2C-EC01A6B8E74C} = {0AB3BF05-4346-4AA6-1389-037BE0695223}
	EndGlobalSection
EndGlobal
