
Microsoft Visual Studio Solution File, Format Version 12.00
# Visual Studio Version 16
VisualStudioVersion = 16.0.31729.503
MinimumVisualStudioVersion = 10.0.40219.1
Project("{FAE04EC0-301F-11D3-BF4B-00C04F79EFBC}") = "MonitoringLibTestApp", "ConsoleApp1\MonitoringLibTestApp.csproj", "{89EA1324-86F3-48D9-B610-600FCE74CEC3}"
EndProject
Project("{FAE04EC0-301F-11D3-BF4B-00C04F79EFBC}") = "OpenHardwareMonitorLib", "..\..\OpenHardwareMonitor\OpenHardwareMonitorLib.csproj", "{B0397530-545A-471D-BB74-027AE456DF1A}"
EndProject
Project("{FAE04EC0-301F-11D3-BF4B-00C04F79EFBC}") = "CapFrameX.Monitoring.Contracts", "..\..\CapFrameX.Monitoring.Contracts\CapFrameX.Monitoring.Contracts.csproj", "{2F0D1227-BE4F-4501-B3A2-66A753ED742C}"
EndProject
Global
	GlobalSection(SolutionConfigurationPlatforms) = preSolution
		Debug|Any CPU = Debug|Any CPU
		Debug|x64 = Debug|x64
		Debug|x86 = Debug|x86
		Release|Any CPU = Release|Any CPU
		Release|x64 = Release|x64
		Release|x86 = Release|x86
	EndGlobalSection
	GlobalSection(ProjectConfigurationPlatforms) = postSolution
		{89EA1324-86F3-48D9-B610-600FCE74CEC3}.Debug|Any CPU.ActiveCfg = Debug|Any CPU
		{89EA1324-86F3-48D9-B610-600FCE74CEC3}.Debug|Any CPU.Build.0 = Debug|Any CPU
		{89EA1324-86F3-48D9-B610-600FCE74CEC3}.Debug|x64.ActiveCfg = Debug|Any CPU
		{89EA1324-86F3-48D9-B610-600FCE74CEC3}.Debug|x64.Build.0 = Debug|Any CPU
		{89EA1324-86F3-48D9-B610-600FCE74CEC3}.Debug|x86.ActiveCfg = Debug|Any CPU
		{89EA1324-86F3-48D9-B610-600FCE74CEC3}.Debug|x86.Build.0 = Debug|Any CPU
		{89EA1324-86F3-48D9-B610-600FCE74CEC3}.Release|Any CPU.ActiveCfg = Release|Any CPU
		{89EA1324-86F3-48D9-B610-600FCE74CEC3}.Release|Any CPU.Build.0 = Release|Any CPU
		{89EA1324-86F3-48D9-B610-600FCE74CEC3}.Release|x64.ActiveCfg = Release|Any CPU
		{89EA1324-86F3-48D9-B610-600FCE74CEC3}.Release|x64.Build.0 = Release|Any CPU
		{89EA1324-86F3-48D9-B610-600FCE74CEC3}.Release|x86.ActiveCfg = Release|Any CPU
		{89EA1324-86F3-48D9-B610-600FCE74CEC3}.Release|x86.Build.0 = Release|Any CPU
		{B0397530-545A-471D-BB74-027AE456DF1A}.Debug|Any CPU.ActiveCfg = Debug|Any CPU
		{B0397530-545A-471D-BB74-027AE456DF1A}.Debug|Any CPU.Build.0 = Debug|Any CPU
		{B0397530-545A-471D-BB74-027AE456DF1A}.Debug|x64.ActiveCfg = Debug|x64
		{B0397530-545A-471D-BB74-027AE456DF1A}.Debug|x64.Build.0 = Debug|x64
		{B0397530-545A-471D-BB74-027AE456DF1A}.Debug|x86.ActiveCfg = Debug|x86
		{B0397530-545A-471D-BB74-027AE456DF1A}.Debug|x86.Build.0 = Debug|x86
		{B0397530-545A-471D-BB74-027AE456DF1A}.Release|Any CPU.ActiveCfg = Release|Any CPU
		{B0397530-545A-471D-BB74-027AE456DF1A}.Release|Any CPU.Build.0 = Release|Any CPU
		{B0397530-545A-471D-BB74-027AE456DF1A}.Release|x64.ActiveCfg = Release|x64
		{B0397530-545A-471D-BB74-027AE456DF1A}.Release|x64.Build.0 = Release|x64
		{B0397530-545A-471D-BB74-027AE456DF1A}.Release|x86.ActiveCfg = Release|x86
		{B0397530-545A-471D-BB74-027AE456DF1A}.Release|x86.Build.0 = Release|x86
		{2F0D1227-BE4F-4501-B3A2-66A753ED742C}.Debug|Any CPU.ActiveCfg = Debug|Any CPU
		{2F0D1227-BE4F-4501-B3A2-66A753ED742C}.Debug|Any CPU.Build.0 = Debug|Any CPU
		{2F0D1227-BE4F-4501-B3A2-66A753ED742C}.Debug|x64.ActiveCfg = Debug|Any CPU
		{2F0D1227-BE4F-4501-B3A2-66A753ED742C}.Debug|x64.Build.0 = Debug|Any CPU
		{2F0D1227-BE4F-4501-B3A2-66A753ED742C}.Debug|x86.ActiveCfg = Debug|Any CPU
		{2F0D1227-BE4F-4501-B3A2-66A753ED742C}.Debug|x86.Build.0 = Debug|Any CPU
		{2F0D1227-BE4F-4501-B3A2-66A753ED742C}.Release|Any CPU.ActiveCfg = Release|Any CPU
		{2F0D1227-BE4F-4501-B3A2-66A753ED742C}.Release|Any CPU.Build.0 = Release|Any CPU
		{2F0D1227-BE4F-4501-B3A2-66A753ED742C}.Release|x64.ActiveCfg = Release|Any CPU
		{2F0D1227-BE4F-4501-B3A2-66A753ED742C}.Release|x64.Build.0 = Release|Any CPU
		{2F0D1227-BE4F-4501-B3A2-66A753ED742C}.Release|x86.ActiveCfg = Release|Any CPU
		{2F0D1227-BE4F-4501-B3A2-66A753ED742C}.Release|x86.Build.0 = Release|Any CPU
	EndGlobalSection
	GlobalSection(SolutionProperties) = preSolution
		HideSolutionNode = FALSE
	EndGlobalSection
	GlobalSection(ExtensibilityGlobals) = postSolution
		SolutionGuid = {5C03314A-DB31-4E1E-8A44-BF31A1E566CF}
	EndGlobalSection
EndGlobal
