
Microsoft Visual Studio Solution File, Format Version 12.00
# Visual Studio Version 18
VisualStudioVersion = 18.1.11312.151
MinimumVisualStudioVersion = 10.0.40219.1
Project("{2150E333-8FDC-42A3-9474-1A3956D46DE8}") = "src", "src", "{827E0CD3-B72D-47B6-A68D-7590B98EB39B}"
EndProject
Project("{FAE04EC0-301F-11D3-BF4B-00C04F79EFBC}") = "CapFrameX.Service.Api", "src\CapFrameX.Service.Api\CapFrameX.Service.Api.csproj", "{681CDB99-66AE-429F-9637-7B771AE12E0D}"
EndProject
Project("{FAE04EC0-301F-11D3-BF4B-00C04F79EFBC}") = "CapFrameX.Service.Application", "src\CapFrameX.Service.Application\CapFrameX.Service.Application.csproj", "{E9671DFF-E197-4FD8-B564-3944B87FA406}"
EndProject
Project("{FAE04EC0-301F-11D3-BF4B-00C04F79EFBC}") = "CapFrameX.Service.Core", "src\CapFrameX.Service.Core\CapFrameX.Service.Core.csproj", "{58740ED2-42EF-4D33-9CD1-3EC9D96B504F}"
EndProject
Project("{FAE04EC0-301F-11D3-BF4B-00C04F79EFBC}") = "CapFrameX.Service.Infrastructure", "src\CapFrameX.Service.Infrastructure\CapFrameX.Service.Infrastructure.csproj", "{24B18717-3516-44E4-9B9B-E06994C5D146}"
EndProject
Project("{FAE04EC0-301F-11D3-BF4B-00C04F79EFBC}") = "CapFrameX.Service.Monitoring", "src\CapFrameX.Service.Monitoring\CapFrameX.Service.Monitoring.csproj", "{B5E7B754-EFB5-4A51-934C-1F7525D5B207}"
	ProjectSection(ProjectDependencies) = postProject
		{7158F27F-0F57-4216-A6EA-04FA24EFDDDF} = {7158F27F-0F57-4216-A6EA-04FA24EFDDDF}
		{9746F818-C1B9-461D-BD07-D20A103DC751} = {9746F818-C1B9-461D-BD07-D20A103DC751}
		{CFA42830-B349-4978-B708-5B1BFA9C579B} = {CFA42830-B349-4978-B708-5B1BFA9C579B}
	EndProjectSection
EndProject
Project("{2150E333-8FDC-42A3-9474-1A3956D46DE8}") = "tests", "tests", "{0AB3BF05-4346-4AA6-1389-037BE0695223}"
EndProject
Project("{FAE04EC0-301F-11D3-BF4B-00C04F79EFBC}") = "CapFrameX.Service.Monitoring.Tests", "tests\CapFrameX.Service.Monitoring.Tests\CapFrameX.Service.Monitoring.Tests.csproj", "{A8052087-7771-43E1-B2EC-0A285BBD5ADD}"
	ProjectSection(ProjectDependencies) = postProject
		{7158F27F-0F57-4216-A6EA-04FA24EFDDDF} = {7158F27F-0F57-4216-A6EA-04FA24EFDDDF}
		{9746F818-C1B9-461D-BD07-D20A103DC751} = {9746F818-C1B9-461D-BD07-D20A103DC751}
		{CFA42830-B349-4978-B708-5B1BFA9C579B} = {CFA42830-B349-4978-B708-5B1BFA9C579B}
	EndProjectSection
EndProject
Project("{FAE04EC0-301F-11D3-BF4B-00C04F79EFBC}") = "CapFrameX.Service.Capture", "src\CapFrameX.Service.Capture\CapFrameX.Service.Capture.csproj", "{F5D3BD7B-40F3-4F7B-A2A8-8A4ADF163888}"
EndProject
Project("{FAE04EC0-301F-11D3-BF4B-00C04F79EFBC}") = "CapFrameX.TestRenderer", "tests\CapFrameX.TestRenderer\CapFrameX.TestRenderer.csproj", "{3270DB8F-679F-4DFF-9C96-DF385A44E35C}"
EndProject
Project("{8BC9CEB8-8B4A-11D0-8D11-00A0C91BC942}") = "CapFrameX.ADLX", "src\CapFrameX.ADLX\CapFrameX.ADLX.vcxproj", "{CFA42830-B349-4978-B708-5B1BFA9C579B}"
EndProject
Project("{8BC9CEB8-8B4A-11D0-8D11-00A0C91BC942}") = "CapFrameX.Hwinfo", "src\CapFrameX.Hwinfo\CapFrameX.Hwinfo.vcxproj", "{7158F27F-0F57-4216-A6EA-04FA24EFDDDF}"
EndProject
Project("{8BC9CEB8-8B4A-11D0-8D11-00A0C91BC942}") = "CapFrameX.IGCL", "src\CapFrameX.IGCL\CapFrameX.IGCL.vcxproj", "{9746F818-C1B9-461D-BD07-D20A103DC751}"
EndProject
Project("{FAE04EC0-301F-11D3-BF4B-00C04F79EFBC}") = "CapFrameX.Service.Capture.Tests", "tests\CapFrameX.Service.Capture.Tests\CapFrameX.Service.Capture.Tests.csproj", "{FE7A74BB-DC77-431B-92C8-06D827518E9D}"
	ProjectSection(ProjectDependencies) = postProject
		{3270DB8F-679F-4DFF-9C96-DF385A44E35C} = {3270DB8F-679F-4DFF-9C96-DF385A44E35C}
	EndProjectSection
EndProject
Project("{FAE04EC0-301F-11D3-BF4B-00C04F79EFBC}") = "CapFrameX.Service.Input", "src\CapFrameX.Service.Input\CapFrameX.Service.Input.csproj", "{9C144084-1EDD-4B28-8B7C-9B8217C4219C}"
EndProject
Project("{FAE04EC0-301F-11D3-BF4B-00C04F79EFBC}") = "CapFrameX.Service.Input.Tests", "tests\CapFrameX.Service.Input.Tests\CapFrameX.Service.Input.Tests.csproj", "{E4586164-C895-474C-8264-7BC2146A5651}"
EndProject
Project("{FAE04EC0-301F-11D3-BF4B-00C04F79EFBC}") = "CapFrameX.Service.Data", "src\CapFrameX.Service.Data\CapFrameX.Service.Data.csproj", "{E3EC12BC-6D76-4E5E-880C-5D914FAF03C2}"
EndProject
Project("{FAE04EC0-301F-11D3-BF4B-00C04F79EFBC}") = "CapFrameX.Service.Data.Tests", "tests\CapFrameX.Service.Data.Tests\CapFrameX.Service.Data.Tests.csproj", "{F848C78D-86FB-4778-ACCD-E86CF9046676}"
EndProject
Project("{B7DD6F7E-DEF8-4E67-B5B7-07EF123DB6F0}") = "CapFrameX.Service.Installer", "src\CapFrameX.Service.Installer\CapFrameX.Service.Installer.wixproj", "{592D71FC-65B3-4882-9F8E-BF553AB0A9FD}"
EndProject
Global
	GlobalSection(SolutionConfigurationPlatforms) = preSolution
		Debug|Any CPU = Debug|Any CPU
		Debug|ARM64 = Debug|ARM64
		Debug|x64 = Debug|x64
		Debug|x86 = Debug|x86
		Release|Any CPU = Release|Any CPU
		Release|ARM64 = Release|ARM64
		Release|x64 = Release|x64
		Release|x86 = Release|x86
	EndGlobalSection
	GlobalSection(ProjectConfigurationPlatforms) = postSolution
		{681CDB99-66AE-429F-9637-7B771AE12E0D}.Debug|Any CPU.ActiveCfg = Debug|Any CPU
		{681CDB99-66AE-429F-9637-7B771AE12E0D}.Debug|Any CPU.Build.0 = Debug|Any CPU
		{681CDB99-66AE-429F-9637-7B771AE12E0D}.Debug|ARM64.ActiveCfg = Debug|Any CPU
		{681CDB99-66AE-429F-9637-7B771AE12E0D}.Debug|ARM64.Build.0 = Debug|Any CPU
		{681CDB99-66AE-429F-9637-7B771AE12E0D}.Debug|x64.ActiveCfg = Debug|Any CPU
		{681CDB99-66AE-429F-9637-7B771AE12E0D}.Debug|x64.Build.0 = Debug|Any CPU
		{681CDB99-66AE-429F-9637-7B771AE12E0D}.Debug|x86.ActiveCfg = Debug|Any CPU
		{681CDB99-66AE-429F-9637-7B771AE12E0D}.Debug|x86.Build.0 = Debug|Any CPU
		{681CDB99-66AE-429F-9637-7B771AE12E0D}.Release|Any CPU.ActiveCfg = Release|Any CPU
		{681CDB99-66AE-429F-9637-7B771AE12E0D}.Release|Any CPU.Build.0 = Release|Any CPU
		{681CDB99-66AE-429F-9637-7B771AE12E0D}.Release|ARM64.ActiveCfg = Release|Any CPU
		{681CDB99-66AE-429F-9637-7B771AE12E0D}.Release|ARM64.Build.0 = Release|Any CPU
		{681CDB99-66AE-429F-9637-7B771AE12E0D}.Release|x64.ActiveCfg = Release|Any CPU
		{681CDB99-66AE-429F-9637-7B771AE12E0D}.Release|x64.Build.0 = Release|Any CPU
		{681CDB99-66AE-429F-9637-7B771AE12E0D}.Release|x86.ActiveCfg = Release|Any CPU
		{681CDB99-66AE-429F-9637-7B771AE12E0D}.Release|x86.Build.0 = Release|Any CPU
		{E9671DFF-E197-4FD8-B564-3944B87FA406}.Debug|Any CPU.ActiveCfg = Debug|Any CPU
		{E9671DFF-E197-4FD8-B564-3944B87FA406}.Debug|Any CPU.Build.0 = Debug|Any CPU
		{E9671DFF-E197-4FD8-B564-3944B87FA406}.Debug|ARM64.ActiveCfg = Debug|Any CPU
		{E9671DFF-E197-4FD8-B564-3944B87FA406}.Debug|ARM64.Build.0 = Debug|Any CPU
		{E9671DFF-E197-4FD8-B564-3944B87FA406}.Debug|x64.ActiveCfg = Debug|Any CPU
		{E9671DFF-E197-4FD8-B564-3944B87FA406}.Debug|x64.Build.0 = Debug|Any CPU
		{E9671DFF-E197-4FD8-B564-3944B87FA406}.Debug|x86.ActiveCfg = Debug|Any CPU
		{E9671DFF-E197-4FD8-B564-3944B87FA406}.Debug|x86.Build.0 = Debug|Any CPU
		{E9671DFF-E197-4FD8-B564-3944B87FA406}.Release|Any CPU.ActiveCfg = Release|Any CPU
		{E9671DFF-E197-4FD8-B564-3944B87FA406}.Release|Any CPU.Build.0 = Release|Any CPU
		{E9671DFF-E197-4FD8-B564-3944B87FA406}.Release|ARM64.ActiveCfg = Release|Any CPU
		{E9671DFF-E197-4FD8-B564-3944B87FA406}.Release|ARM64.Build.0 = Release|Any CPU
		{E9671DFF-E197-4FD8-B564-3944B87FA406}.Release|x64.ActiveCfg = Release|Any CPU
		{E9671DFF-E197-4FD8-B564-3944B87FA406}.Release|x64.Build.0 = Release|Any CPU
		{E9671DFF-E197-4FD8-B564-3944B87FA406}.Release|x86.ActiveCfg = Release|Any CPU
		{E9671DFF-E197-4FD8-B564-3944B87FA406}.Release|x86.Build.0 = Release|Any CPU
		{58740ED2-42EF-4D33-9CD1-3EC9D96B504F}.Debug|Any CPU.ActiveCfg = Debug|Any CPU
		{58740ED2-42EF-4D33-9CD1-3EC9D96B504F}.Debug|Any CPU.Build.0 = Debug|Any CPU
		{58740ED2-42EF-4D33-9CD1-3EC9D96B504F}.Debug|ARM64.ActiveCfg = Debug|Any CPU
		{58740ED2-42EF-4D33-9CD1-3EC9D96B504F}.Debug|ARM64.Build.0 = Debug|Any CPU
		{58740ED2-42EF-4D33-9CD1-3EC9D96B504F}.Debug|x64.ActiveCfg = Debug|Any CPU
		{58740ED2-42EF-4D33-9CD1-3EC9D96B504F}.Debug|x64.Build.0 = Debug|Any CPU
		{58740ED2-42EF-4D33-9CD1-3EC9D96B504F}.Debug|x86.ActiveCfg = Debug|Any CPU
		{58740ED2-42EF-4D33-9CD1-3EC9D96B504F}.Debug|x86.Build.0 = Debug|Any CPU
		{58740ED2-42EF-4D33-9CD1-3EC9D96B504F}.Release|Any CPU.ActiveCfg = Release|Any CPU
		{58740ED2-42EF-4D33-9CD1-3EC9D96B504F}.Release|Any CPU.Build.0 = Release|Any CPU
		{58740ED2-42EF-4D33-9CD1-3EC9D96B504F}.Release|ARM64.ActiveCfg = Release|Any CPU
		{58740ED2-42EF-4D33-9CD1-3EC9D96B504F}.Release|ARM64.Build.0 = Release|Any CPU
		{58740ED2-42EF-4D33-9CD1-3EC9D96B504F}.Release|x64.ActiveCfg = Release|Any CPU
		{58740ED2-42EF-4D33-9CD1-3EC9D96B504F}.Release|x64.Build.0 = Release|Any CPU
		{58740ED2-42EF-4D33-9CD1-3EC9D96B504F}.Release|x86.ActiveCfg = Release|Any CPU
		{58740ED2-42EF-4D33-9CD1-3EC9D96B504F}.Release|x86.Build.0 = Release|Any CPU
		{24B18717-3516-44E4-9B9B-E06994C5D146}.Debug|Any CPU.ActiveCfg = Debug|Any CPU
		{24B18717-3516-44E4-9B9B-E06994C5D146}.Debug|Any CPU.Build.0 = Debug|Any CPU
		{24B18717-3516-44E4-9B9B-E06994C5D146}.Debug|ARM64.ActiveCfg = Debug|Any CPU
		{24B18717-3516-44E4-9B9B-E06994C5D146}.Debug|ARM64.Build.0 = Debug|Any CPU
		{24B18717-3516-44E4-9B9B-E06994C5D146}.Debug|x64.ActiveCfg = Debug|Any CPU
		{24B18717-3516-44E4-9B9B-E06994C5D146}.Debug|x64.Build.0 = Debug|Any CPU
		{24B18717-3516-44E4-9B9B-E06994C5D146}.Debug|x86.ActiveCfg = Debug|Any CPU
		{24B18717-3516-44E4-9B9B-E06994C5D146}.Debug|x86.Build.0 = Debug|Any CPU
		{24B18717-3516-44E4-9B9B-E06994C5D146}.Release|Any CPU.ActiveCfg = Release|Any CPU
		{24B18717-3516-44E4-9B9B-E06994C5D146}.Release|Any CPU.Build.0 = Release|Any CPU
		{24B18717-3516-44E4-9B9B-E06994C5D146}.Release|ARM64.ActiveCfg = Release|Any CPU
		{24B18717-3516-44E4-9B9B-E06994C5D146}.Release|ARM64.Build.0 = Release|Any CPU
		{24B18717-3516-44E4-9B9B-E06994C5D146}.Release|x64.ActiveCfg = Release|Any CPU
		{24B18717-3516-44E4-9B9B-E06994C5D146}.Release|x64.Build.0 = Release|Any CPU
		{24B18717-3516-44E4-9B9B-E06994C5D146}.Release|x86.ActiveCfg = Release|Any CPU
		{24B18717-3516-44E4-9B9B-E06994C5D146}.Release|x86.Build.0 = Release|Any CPU
		{B5E7B754-EFB5-4A51-934C-1F7525D5B207}.Debug|Any CPU.ActiveCfg = Debug|x64
		{B5E7B754-EFB5-4A51-934C-1F7525D5B207}.Debug|Any CPU.Build.0 = Debug|x64
		{B5E7B754-EFB5-4A51-934C-1F7525D5B207}.Debug|ARM64.ActiveCfg = Debug|ARM64
		{B5E7B754-EFB5-4A51-934C-1F7525D5B207}.Debug|ARM64.Build.0 = Debug|ARM64
		{B5E7B754-EFB5-4A51-934C-1F7525D5B207}.Debug|x64.ActiveCfg = Debug|x64
		{B5E7B754-EFB5-4A51-934C-1F7525D5B207}.Debug|x64.Build.0 = Debug|x64
		{B5E7B754-EFB5-4A51-934C-1F7525D5B207}.Debug|x86.ActiveCfg = Debug|x86
		{B5E7B754-EFB5-4A51-934C-1F7525D5B207}.Debug|x86.Build.0 = Debug|x86
		{B5E7B754-EFB5-4A51-934C-1F7525D5B207}.Release|Any CPU.ActiveCfg = Release|x64
		{B5E7B754-EFB5-4A51-934C-1F7525D5B207}.Release|Any CPU.Build.0 = Release|x64
		{B5E7B754-EFB5-4A51-934C-1F7525D5B207}.Release|ARM64.ActiveCfg = Release|ARM64
		{B5E7B754-EFB5-4A51-934C-1F7525D5B207}.Release|ARM64.Build.0 = Release|ARM64
		{B5E7B754-EFB5-4A51-934C-1F7525D5B207}.Release|x64.ActiveCfg = Release|x64
		{B5E7B754-EFB5-4A51-934C-1F7525D5B207}.Release|x64.Build.0 = Release|x64
		{B5E7B754-EFB5-4A51-934C-1F7525D5B207}.Release|x86.ActiveCfg = Release|x86
		{B5E7B754-EFB5-4A51-934C-1F7525D5B207}.Release|x86.Build.0 = Release|x86
		{A8052087-7771-43E1-B2EC-0A285BBD5ADD}.Debug|Any CPU.ActiveCfg = Debug|Any CPU
		{A8052087-7771-43E1-B2EC-0A285BBD5ADD}.Debug|Any CPU.Build.0 = Debug|Any CPU
		{A8052087-7771-43E1-B2EC-0A285BBD5ADD}.Debug|ARM64.ActiveCfg = Debug|Any CPU
		{A8052087-7771-43E1-B2EC-0A285BBD5ADD}.Debug|ARM64.Build.0 = Debug|Any CPU
		{A8052087-7771-43E1-B2EC-0A285BBD5ADD}.Debug|x64.ActiveCfg = Debug|Any CPU
		{A8052087-7771-43E1-B2EC-0A285BBD5ADD}.Debug|x64.Build.0 = Debug|Any CPU
		{A8052087-7771-43E1-B2EC-0A285BBD5ADD}.Debug|x86.ActiveCfg = Debug|Any CPU
		{A8052087-7771-43E1-B2EC-0A285BBD5ADD}.Debug|x86.Build.0 = Debug|Any CPU
		{A8052087-7771-43E1-B2EC-0A285BBD5ADD}.Release|Any CPU.ActiveCfg = Release|Any CPU
		{A8052087-7771-43E1-B2EC-0A285BBD5ADD}.Release|Any CPU.Build.0 = Release|Any CPU
		{A8052087-7771-43E1-B2EC-0A285BBD5ADD}.Release|ARM64.ActiveCfg = Release|Any CPU
		{A8052087-7771-43E1-B2EC-0A285BBD5ADD}.Release|ARM64.Build.0 = Release|Any CPU
		{A8052087-7771-43E1-B2EC-0A285BBD5ADD}.Release|x64.ActiveCfg = Release|Any CPU
		{A8052087-7771-43E1-B2EC-0A285BBD5ADD}.Release|x64.Build.0 = Release|Any CPU
		{A8052087-7771-43E1-B2EC-0A285BBD5ADD}.Release|x86.ActiveCfg = Release|Any CPU
		{A8052087-7771-43E1-B2EC-0A285BBD5ADD}.Release|x86.Build.0 = Release|Any CPU
		{F5D3BD7B-40F3-4F7B-A2A8-8A4ADF163888}.Debug|Any CPU.ActiveCfg = Debug|Any CPU
		{F5D3BD7B-40F3-4F7B-A2A8-8A4ADF163888}.Debug|Any CPU.Build.0 = Debug|Any CPU
		{F5D3BD7B-40F3-4F7B-A2A8-8A4ADF163888}.Debug|ARM64.ActiveCfg = Debug|Any CPU
		{F5D3BD7B-40F3-4F7B-A2A8-8A4ADF163888}.Debug|ARM64.Build.0 = Debug|Any CPU
		{F5D3BD7B-40F3-4F7B-A2A8-8A4ADF163888}.Debug|x64.ActiveCfg = Debug|Any CPU
		{F5D3BD7B-40F3-4F7B-A2A8-8A4ADF163888}.Debug|x64.Build.0 = Debug|Any CPU
		{F5D3BD7B-40F3-4F7B-A2A8-8A4ADF163888}.Debug|x86.ActiveCfg = Debug|Any CPU
		{F5D3BD7B-40F3-4F7B-A2A8-8A4ADF163888}.Debug|x86.Build.0 = Debug|Any CPU
		{F5D3BD7B-40F3-4F7B-A2A8-8A4ADF163888}.Release|Any CPU.ActiveCfg = Release|Any CPU
		{F5D3BD7B-40F3-4F7B-A2A8-8A4ADF163888}.Release|Any CPU.Build.0 = Release|Any CPU
		{F5D3BD7B-40F3-4F7B-A2A8-8A4ADF163888}.Release|ARM64.ActiveCfg = Release|Any CPU
		{F5D3BD7B-40F3-4F7B-A2A8-8A4ADF163888}.Release|ARM64.Build.0 = Release|Any CPU
		{F5D3BD7B-40F3-4F7B-A2A8-8A4ADF163888}.Release|x64.ActiveCfg = Release|Any CPU
		{F5D3BD7B-40F3-4F7B-A2A8-8A4ADF163888}.Release|x64.Build.0 = Release|Any CPU
		{F5D3BD7B-40F3-4F7B-A2A8-8A4ADF163888}.Release|x86.ActiveCfg = Release|Any CPU
		{F5D3BD7B-40F3-4F7B-A2A8-8A4ADF163888}.Release|x86.Build.0 = Release|Any CPU
		{3270DB8F-679F-4DFF-9C96-DF385A44E35C}.Debug|Any CPU.ActiveCfg = Debug|Any CPU
		{3270DB8F-679F-4DFF-9C96-DF385A44E35C}.Debug|Any CPU.Build.0 = Debug|Any CPU
		{3270DB8F-679F-4DFF-9C96-DF385A44E35C}.Debug|ARM64.ActiveCfg = Debug|Any CPU
		{3270DB8F-679F-4DFF-9C96-DF385A44E35C}.Debug|ARM64.Build.0 = Debug|Any CPU
		{3270DB8F-679F-4DFF-9C96-DF385A44E35C}.Debug|x64.ActiveCfg = Debug|Any CPU
		{3270DB8F-679F-4DFF-9C96-DF385A44E35C}.Debug|x64.Build.0 = Debug|Any CPU
		{3270DB8F-679F-4DFF-9C96-DF385A44E35C}.Debug|x86.ActiveCfg = Debug|Any CPU
		{3270DB8F-679F-4DFF-9C96-DF385A44E35C}.Debug|x86.Build.0 = Debug|Any CPU
		{3270DB8F-679F-4DFF-9C96-DF385A44E35C}.Release|Any CPU.ActiveCfg = Release|Any CPU
		{3270DB8F-679F-4DFF-9C96-DF385A44E35C}.Release|Any CPU.Build.0 = Release|Any CPU
		{3270DB8F-679F-4DFF-9C96-DF385A44E35C}.Release|ARM64.ActiveCfg = Release|Any CPU
		{3270DB8F-679F-4DFF-9C96-DF385A44E35C}.Release|ARM64.Build.0 = Release|Any CPU
		{3270DB8F-679F-4DFF-9C96-DF385A44E35C}.Release|x64.ActiveCfg = Release|Any CPU
		{3270DB8F-679F-4DFF-9C96-DF385A44E35C}.Release|x64.Build.0 = Release|Any CPU
		{3270DB8F-679F-4DFF-9C96-DF385A44E35C}.Release|x86.ActiveCfg = Release|Any CPU
		{3270DB8F-679F-4DFF-9C96-DF385A44E35C}.Release|x86.Build.0 = Release|Any CPU
		{CFA42830-B349-4978-B708-5B1BFA9C579B}.Debug|Any CPU.ActiveCfg = Debug|x64
		{CFA42830-B349-4978-B708-5B1BFA9C579B}.Debug|Any CPU.Build.0 = Debug|x64
		{CFA42830-B349-4978-B708-5B1BFA9C579B}.Debug|ARM64.ActiveCfg = Debug|x64
		{CFA42830-B349-4978-B708-5B1BFA9C579B}.Debug|ARM64.Build.0 = Debug|x64
		{CFA42830-B349-4978-B708-5B1BFA9C579B}.Debug|x64.ActiveCfg = Debug|x64
		{CFA42830-B349-4978-B708-5B1BFA9C579B}.Debug|x64.Build.0 = Debug|x64
		{CFA42830-B349-4978-B708-5B1BFA9C579B}.Debug|x86.ActiveCfg = Debug|Win32
		{CFA42830-B349-4978-B708-5B1BFA9C579B}.Debug|x86.Build.0 = Debug|Win32
		{CFA42830-B349-4978-B708-5B1BFA9C579B}.Release|Any CPU.ActiveCfg = Release|x64
		{CFA42830-B349-4978-B708-5B1BFA9C579B}.Release|Any CPU.Build.0 = Release|x64
		{CFA42830-B349-4978-B708-5B1BFA9C579B}.Release|ARM64.ActiveCfg = Release|x64
		{CFA42830-B349-4978-B708-5B1BFA9C579B}.Release|ARM64.Build.0 = Release|x64
		{CFA42830-B349-4978-B708-5B1BFA9C579B}.Release|x64.ActiveCfg = Release|x64
		{CFA42830-B349-4978-B708-5B1BFA9C579B}.Release|x64.Build.0 = Release|x64
		{CFA42830-B349-4978-B708-5B1BFA9C579B}.Release|x86.ActiveCfg = Release|Win32
		{CFA42830-B349-4978-B708-5B1BFA9C579B}.Release|x86.Build.0 = Release|Win32
		{7158F27F-0F57-4216-A6EA-04FA24EFDDDF}.Debug|Any CPU.ActiveCfg = Debug|x64
		{7158F27F-0F57-4216-A6EA-04FA24EFDDDF}.Debug|Any CPU.Build.0 = Debug|x64
		{7158F27F-0F57-4216-A6EA-04FA24EFDDDF}.Debug|ARM64.ActiveCfg = Debug|x64
		{7158F27F-0F57-4216-A6EA-04FA24EFDDDF}.Debug|ARM64.Build.0 = Debug|x64
		{7158F27F-0F57-4216-A6EA-04FA24EFDDDF}.Debug|x64.ActiveCfg = Debug|x64
		{7158F27F-0F57-4216-A6EA-04FA24EFDDDF}.Debug|x64.Build.0 = Debug|x64
		{7158F27F-0F57-4216-A6EA-04FA24EFDDDF}.Debug|x86.ActiveCfg = Debug|Win32
		{7158F27F-0F57-4216-A6EA-04FA24EFDDDF}.Debug|x86.Build.0 = Debug|Win32
		{7158F27F-0F57-4216-A6EA-04FA24EFDDDF}.Release|Any CPU.ActiveCfg = Release|x64
		{7158F27F-0F57-4216-A6EA-04FA24EFDDDF}.Release|Any CPU.Build.0 = Release|x64
		{7158F27F-0F57-4216-A6EA-04FA24EFDDDF}.Release|ARM64.ActiveCfg = Release|x64
		{7158F27F-0F57-4216-A6EA-04FA24EFDDDF}.Release|ARM64.Build.0 = Release|x64
		{7158F27F-0F57-4216-A6EA-04FA24EFDDDF}.Release|x64.ActiveCfg = Release|x64
		{7158F27F-0F57-4216-A6EA-04FA24EFDDDF}.Release|x64.Build.0 = Release|x64
		{7158F27F-0F57-4216-A6EA-04FA24EFDDDF}.Release|x86.ActiveCfg = Release|Win32
		{7158F27F-0F57-4216-A6EA-04FA24EFDDDF}.Release|x86.Build.0 = Release|Win32
		{9746F818-C1B9-461D-BD07-D20A103DC751}.Debug|Any CPU.ActiveCfg = Debug|x64
		{9746F818-C1B9-461D-BD07-D20A103DC751}.Debug|Any CPU.Build.0 = Debug|x64
		{9746F818-C1B9-461D-BD07-D20A103DC751}.Debug|ARM64.ActiveCfg = Debug|x64
		{9746F818-C1B9-461D-BD07-D20A103DC751}.Debug|ARM64.Build.0 = Debug|x64
		{9746F818-C1B9-461D-BD07-D20A103DC751}.Debug|x64.ActiveCfg = Debug|x64
		{9746F818-C1B9-461D-BD07-D20A103DC751}.Debug|x64.Build.0 = Debug|x64
		{9746F818-C1B9-461D-BD07-D20A103DC751}.Debug|x86.ActiveCfg = Debug|Win32
		{9746F818-C1B9-461D-BD07-D20A103DC751}.Debug|x86.Build.0 = Debug|Win32
		{9746F818-C1B9-461D-BD07-D20A103DC751}.Release|Any CPU.ActiveCfg = Release|x64
		{9746F818-C1B9-461D-BD07-D20A103DC751}.Release|Any CPU.Build.0 = Release|x64
		{9746F818-C1B9-461D-BD07-D20A103DC751}.Release|ARM64.ActiveCfg = Release|x64
		{9746F818-C1B9-461D-BD07-D20A103DC751}.Release|ARM64.Build.0 = Release|x64
		{9746F818-C1B9-461D-BD07-D20A103DC751}.Release|x64.ActiveCfg = Release|x64
		{9746F818-C1B9-461D-BD07-D20A103DC751}.Release|x64.Build.0 = Release|x64
		{9746F818-C1B9-461D-BD07-D20A103DC751}.Release|x86.ActiveCfg = Release|Win32
		{9746F818-C1B9-461D-BD07-D20A103DC751}.Release|x86.Build.0 = Release|Win32
		{FE7A74BB-DC77-431B-92C8-06D827518E9D}.Debug|Any CPU.ActiveCfg = Debug|Any CPU
		{FE7A74BB-DC77-431B-92C8-06D827518E9D}.Debug|Any CPU.Build.0 = Debug|Any CPU
		{FE7A74BB-DC77-431B-92C8-06D827518E9D}.Debug|ARM64.ActiveCfg = Debug|Any CPU
		{FE7A74BB-DC77-431B-92C8-06D827518E9D}.Debug|ARM64.Build.0 = Debug|Any CPU
		{FE7A74BB-DC77-431B-92C8-06D827518E9D}.Debug|x64.ActiveCfg = Debug|Any CPU
		{FE7A74BB-DC77-431B-92C8-06D827518E9D}.Debug|x64.Build.0 = Debug|Any CPU
		{FE7A74BB-DC77-431B-92C8-06D827518E9D}.Debug|x86.ActiveCfg = Debug|Any CPU
		{FE7A74BB-DC77-431B-92C8-06D827518E9D}.Debug|x86.Build.0 = Debug|Any CPU
		{FE7A74BB-DC77-431B-92C8-06D827518E9D}.Release|Any CPU.ActiveCfg = Release|Any CPU
		{FE7A74BB-DC77-431B-92C8-06D827518E9D}.Release|Any CPU.Build.0 = Release|Any CPU
		{FE7A74BB-DC77-431B-92C8-06D827518E9D}.Release|ARM64.ActiveCfg = Release|Any CPU
		{FE7A74BB-DC77-431B-92C8-06D827518E9D}.Release|ARM64.Build.0 = Release|Any CPU
		{FE7A74BB-DC77-431B-92C8-06D827518E9D}.Release|x64.ActiveCfg = Release|Any CPU
		{FE7A74BB-DC77-431B-92C8-06D827518E9D}.Release|x64.Build.0 = Release|Any CPU
		{FE7A74BB-DC77-431B-92C8-06D827518E9D}.Release|x86.ActiveCfg = Release|Any CPU
		{FE7A74BB-DC77-431B-92C8-06D827518E9D}.Release|x86.Build.0 = Release|Any CPU
		{9C144084-1EDD-4B28-8B7C-9B8217C4219C}.Debug|Any CPU.ActiveCfg = Debug|Any CPU
		{9C144084-1EDD-4B28-8B7C-9B8217C4219C}.Debug|Any CPU.Build.0 = Debug|Any CPU
		{9C144084-1EDD-4B28-8B7C-9B8217C4219C}.Debug|ARM64.ActiveCfg = Debug|Any CPU
		{9C144084-1EDD-4B28-8B7C-9B8217C4219C}.Debug|ARM64.Build.0 = Debug|Any CPU
		{9C144084-1EDD-4B28-8B7C-9B8217C4219C}.Debug|x64.ActiveCfg = Debug|Any CPU
		{9C144084-1EDD-4B28-8B7C-9B8217C4219C}.Debug|x64.Build.0 = Debug|Any CPU
		{9C144084-1EDD-4B28-8B7C-9B8217C4219C}.Debug|x86.ActiveCfg = Debug|Any CPU
		{9C144084-1EDD-4B28-8B7C-9B8217C4219C}.Debug|x86.Build.0 = Debug|Any CPU
		{9C144084-1EDD-4B28-8B7C-9B8217C4219C}.Release|Any CPU.ActiveCfg = Release|Any CPU
		{9C144084-1EDD-4B28-8B7C-9B8217C4219C}.Release|Any CPU.Build.0 = Release|Any CPU
		{9C144084-1EDD-4B28-8B7C-9B8217C4219C}.Release|ARM64.ActiveCfg = Release|Any CPU
		{9C144084-1EDD-4B28-8B7C-9B8217C4219C}.Release|ARM64.Build.0 = Release|Any CPU
		{9C144084-1EDD-4B28-8B7C-9B8217C4219C}.Release|x64.ActiveCfg = Release|Any CPU
		{9C144084-1EDD-4B28-8B7C-9B8217C4219C}.Release|x64.Build.0 = Release|Any CPU
		{9C144084-1EDD-4B28-8B7C-9B8217C4219C}.Release|x86.ActiveCfg = Release|Any CPU
		{9C144084-1EDD-4B28-8B7C-9B8217C4219C}.Release|x86.Build.0 = Release|Any CPU
		{E4586164-C895-474C-8264-7BC2146A5651}.Debug|Any CPU.ActiveCfg = Debug|Any CPU
		{E4586164-C895-474C-8264-7BC2146A5651}.Debug|Any CPU.Build.0 = Debug|Any CPU
		{E4586164-C895-474C-8264-7BC2146A5651}.Debug|ARM64.ActiveCfg = Debug|Any CPU
		{E4586164-C895-474C-8264-7BC2146A5651}.Debug|ARM64.Build.0 = Debug|Any CPU
		{E4586164-C895-474C-8264-7BC2146A5651}.Debug|x64.ActiveCfg = Debug|Any CPU
		{E4586164-C895-474C-8264-7BC2146A5651}.Debug|x64.Build.0 = Debug|Any CPU
		{E4586164-C895-474C-8264-7BC2146A5651}.Debug|x86.ActiveCfg = Debug|Any CPU
		{E4586164-C895-474C-8264-7BC2146A5651}.Debug|x86.Build.0 = Debug|Any CPU
		{E4586164-C895-474C-8264-7BC2146A5651}.Release|Any CPU.ActiveCfg = Release|Any CPU
		{E4586164-C895-474C-8264-7BC2146A5651}.Release|Any CPU.Build.0 = Release|Any CPU
		{E4586164-C895-474C-8264-7BC2146A5651}.Release|ARM64.ActiveCfg = Release|Any CPU
		{E4586164-C895-474C-8264-7BC2146A5651}.Release|ARM64.Build.0 = Release|Any CPU
		{E4586164-C895-474C-8264-7BC2146A5651}.Release|x64.ActiveCfg = Release|Any CPU
		{E4586164-C895-474C-8264-7BC2146A5651}.Release|x64.Build.0 = Release|Any CPU
		{E4586164-C895-474C-8264-7BC2146A5651}.Release|x86.ActiveCfg = Release|Any CPU
		{E4586164-C895-474C-8264-7BC2146A5651}.Release|x86.Build.0 = Release|Any CPU
		{E3EC12BC-6D76-4E5E-880C-5D914FAF03C2}.Debug|Any CPU.ActiveCfg = Debug|Any CPU
		{E3EC12BC-6D76-4E5E-880C-5D914FAF03C2}.Debug|Any CPU.Build.0 = Debug|Any CPU
		{E3EC12BC-6D76-4E5E-880C-5D914FAF03C2}.Debug|ARM64.ActiveCfg = Debug|Any CPU
		{E3EC12BC-6D76-4E5E-880C-5D914FAF03C2}.Debug|ARM64.Build.0 = Debug|Any CPU
		{E3EC12BC-6D76-4E5E-880C-5D914FAF03C2}.Debug|x64.ActiveCfg = Debug|Any CPU
		{E3EC12BC-6D76-4E5E-880C-5D914FAF03C2}.Debug|x64.Build.0 = Debug|Any CPU
		{E3EC12BC-6D76-4E5E-880C-5D914FAF03C2}.Debug|x86.ActiveCfg = Debug|Any CPU
		{E3EC12BC-6D76-4E5E-880C-5D914FAF03C2}.Debug|x86.Build.0 = Debug|Any CPU
		{E3EC12BC-6D76-4E5E-880C-5D914FAF03C2}.Release|Any CPU.ActiveCfg = Release|Any CPU
		{E3EC12BC-6D76-4E5E-880C-5D914FAF03C2}.Release|Any CPU.Build.0 = Release|Any CPU
		{E3EC12BC-6D76-4E5E-880C-5D914FAF03C2}.Release|ARM64.ActiveCfg = Release|Any CPU
		{E3EC12BC-6D76-4E5E-880C-5D914FAF03C2}.Release|ARM64.Build.0 = Release|Any CPU
		{E3EC12BC-6D76-4E5E-880C-5D914FAF03C2}.Release|x64.ActiveCfg = Release|Any CPU
		{E3EC12BC-6D76-4E5E-880C-5D914FAF03C2}.Release|x64.Build.0 = Release|Any CPU
		{E3EC12BC-6D76-4E5E-880C-5D914FAF03C2}.Release|x86.ActiveCfg = Release|Any CPU
		{E3EC12BC-6D76-4E5E-880C-5D914FAF03C2}.Release|x86.Build.0 = Release|Any CPU
		{F848C78D-86FB-4778-ACCD-E86CF9046676}.Debug|Any CPU.ActiveCfg = Debug|Any CPU
		{F848C78D-86FB-4778-ACCD-E86CF9046676}.Debug|Any CPU.Build.0 = Debug|Any CPU
		{F848C78D-86FB-4778-ACCD-E86CF9046676}.Debug|ARM64.ActiveCfg = Debug|Any CPU
		{F848C78D-86FB-4778-ACCD-E86CF9046676}.Debug|ARM64.Build.0 = Debug|Any CPU
		{F848C78D-86FB-4778-ACCD-E86CF9046676}.Debug|x64.ActiveCfg = Debug|Any CPU
		{F848C78D-86FB-4778-ACCD-E86CF9046676}.Debug|x64.Build.0 = Debug|Any CPU
		{F848C78D-86FB-4778-ACCD-E86CF9046676}.Debug|x86.ActiveCfg = Debug|Any CPU
		{F848C78D-86FB-4778-ACCD-E86CF9046676}.Debug|x86.Build.0 = Debug|Any CPU
		{F848C78D-86FB-4778-ACCD-E86CF9046676}.Release|Any CPU.ActiveCfg = Release|Any CPU
		{F848C78D-86FB-4778-ACCD-E86CF9046676}.Release|Any CPU.Build.0 = Release|Any CPU
		{F848C78D-86FB-4778-ACCD-E86CF9046676}.Release|ARM64.ActiveCfg = Release|Any CPU
		{F848C78D-86FB-4778-ACCD-E86CF9046676}.Release|ARM64.Build.0 = Release|Any CPU
		{F848C78D-86FB-4778-ACCD-E86CF9046676}.Release|x64.ActiveCfg = Release|Any CPU
		{F848C78D-86FB-4778-ACCD-E86CF9046676}.Release|x64.Build.0 = Release|Any CPU
		{F848C78D-86FB-4778-ACCD-E86CF9046676}.Release|x86.ActiveCfg = Release|Any CPU
		{F848C78D-86FB-4778-ACCD-E86CF9046676}.Release|x86.Build.0 = Release|Any CPU
		{592D71FC-65B3-4882-9F8E-BF553AB0A9FD}.Debug|Any CPU.ActiveCfg = Debug|x64
		{592D71FC-65B3-4882-9F8E-BF553AB0A9FD}.Debug|Any CPU.Build.0 = Debug|x64
		{592D71FC-65B3-4882-9F8E-BF553AB0A9FD}.Debug|ARM64.ActiveCfg = Debug|ARM64
		{592D71FC-65B3-4882-9F8E-BF553AB0A9FD}.Debug|ARM64.Build.0 = Debug|ARM64
		{592D71FC-65B3-4882-9F8E-BF553AB0A9FD}.Debug|x64.ActiveCfg = Debug|x64
		{592D71FC-65B3-4882-9F8E-BF553AB0A9FD}.Debug|x64.Build.0 = Debug|x64
		{592D71FC-65B3-4882-9F8E-BF553AB0A9FD}.Debug|x86.ActiveCfg = Debug|x86
		{592D71FC-65B3-4882-9F8E-BF553AB0A9FD}.Debug|x86.Build.0 = Debug|x86
		{592D71FC-65B3-4882-9F8E-BF553AB0A9FD}.Release|Any CPU.ActiveCfg = Release|x64
		{592D71FC-65B3-4882-9F8E-BF553AB0A9FD}.Release|Any CPU.Build.0 = Release|x64
		{592D71FC-65B3-4882-9F8E-BF553AB0A9FD}.Release|ARM64.ActiveCfg = Release|ARM64
		{592D71FC-65B3-4882-9F8E-BF553AB0A9FD}.Release|ARM64.Build.0 = Release|ARM64
		{592D71FC-65B3-4882-9F8E-BF553AB0A9FD}.Release|x64.ActiveCfg = Release|x64
		{592D71FC-65B3-4882-9F8E-BF553AB0A9FD}.Release|x64.Build.0 = Release|x64
		{592D71FC-65B3-4882-9F8E-BF553AB0A9FD}.Release|x86.ActiveCfg = Release|x86
		{592D71FC-65B3-4882-9F8E-BF553AB0A9FD}.Release|x86.Build.0 = Release|x86
	EndGlobalSection
	GlobalSection(SolutionProperties) = preSolution
		HideSolutionNode = FALSE
	EndGlobalSection
	GlobalSection(NestedProjects) = preSolution
		{681CDB99-66AE-429F-9637-7B771AE12E0D} = {827E0CD3-B72D-47B6-A68D-7590B98EB39B}
		{E9671DFF-E197-4FD8-B564-3944B87FA406} = {827E0CD3-B72D-47B6-A68D-7590B98EB39B}
		{58740ED2-42EF-4D33-9CD1-3EC9D96B504F} = {827E0CD3-B72D-47B6-A68D-7590B98EB39B}
		{24B18717-3516-44E4-9B9B-E06994C5D146} = {827E0CD3-B72D-47B6-A68D-7590B98EB39B}
		{B5E7B754-EFB5-4A51-934C-1F7525D5B207} = {827E0CD3-B72D-47B6-A68D-7590B98EB39B}
		{A8052087-7771-43E1-B2EC-0A285BBD5ADD} = {0AB3BF05-4346-4AA6-1389-037BE0695223}
		{F5D3BD7B-40F3-4F7B-A2A8-8A4ADF163888} = {827E0CD3-B72D-47B6-A68D-7590B98EB39B}
		{3270DB8F-679F-4DFF-9C96-DF385A44E35C} = {0AB3BF05-4346-4AA6-1389-037BE0695223}
		{CFA42830-B349-4978-B708-5B1BFA9C579B} = {827E0CD3-B72D-47B6-A68D-7590B98EB39B}
		{7158F27F-0F57-4216-A6EA-04FA24EFDDDF} = {827E0CD3-B72D-47B6-A68D-7590B98EB39B}
		{9746F818-C1B9-461D-BD07-D20A103DC751} = {827E0CD3-B72D-47B6-A68D-7590B98EB39B}
		{FE7A74BB-DC77-431B-92C8-06D827518E9D} = {0AB3BF05-4346-4AA6-1389-037BE0695223}
		{9C144084-1EDD-4B28-8B7C-9B8217C4219C} = {827E0CD3-B72D-47B6-A68D-7590B98EB39B}
		{E4586164-C895-474C-8264-7BC2146A5651} = {0AB3BF05-4346-4AA6-1389-037BE0695223}
		{E3EC12BC-6D76-4E5E-880C-5D914FAF03C2} = {827E0CD3-B72D-47B6-A68D-7590B98EB39B}
		{F848C78D-86FB-4778-ACCD-E86CF9046676} = {0AB3BF05-4346-4AA6-1389-037BE0695223}
		{592D71FC-65B3-4882-9F8E-BF553AB0A9FD} = {827E0CD3-B72D-47B6-A68D-7590B98EB39B}
	EndGlobalSection
	GlobalSection(ExtensibilityGlobals) = postSolution
		SolutionGuid = {9A30210E-E32B-4E65-AF8D-F141C804A3ED}
	EndGlobalSection
EndGlobal
