
Microsoft Visual Studio Solution File, Format Version 12.00
# Visual Studio Version 17
VisualStudioVersion = 17.0.31903.59
MinimumVisualStudioVersion = 10.0.40219.1
Project("{FAE04EC0-301F-11D3-BF4B-00C04F79EFBC}") = "CapFrameX.Service.Api", "..\CapFrameX.Service.Shared\src\CapFrameX.Service.Api\CapFrameX.Service.Api.csproj", "{165FD625-B4FB-401F-8275-4A2EC5587401}"
EndProject
Project("{FAE04EC0-301F-11D3-BF4B-00C04F79EFBC}") = "CapFrameX.Service.Application", "..\CapFrameX.Service.Shared\src\CapFrameX.Service.Application\CapFrameX.Service.Application.csproj", "{FFCCA527-8376-4A70-992E-AF6FFAF56241}"
EndProject
Project("{FAE04EC0-301F-11D3-BF4B-00C04F79EFBC}") = "CapFrameX.Service.Core", "..\CapFrameX.Service.Shared\src\CapFrameX.Service.Core\CapFrameX.Service.Core.csproj", "{6D5CE902-CD0D-4A73-93DE-1C5B6B1BCCC7}"
EndProject
Project("{FAE04EC0-301F-11D3-BF4B-00C04F79EFBC}") = "CapFrameX.Service.Contracts", "..\CapFrameX.Service.Shared\src\CapFrameX.Service.Contracts\CapFrameX.Service.Contracts.csproj", "{65ADA234-F1C3-4759-AA0E-CC0EA0DB7126}"
EndProject
Project("{FAE04EC0-301F-11D3-BF4B-00C04F79EFBC}") = "CapFrameX.Service.Data", "..\CapFrameX.Service.Shared\src\CapFrameX.Service.Data\CapFrameX.Service.Data.csproj", "{D211B358-7CF3-4E4B-8DB4-CFCC82154197}"
EndProject
Project("{FAE04EC0-301F-11D3-BF4B-00C04F79EFBC}") = "CapFrameX.Service.Data.Tests", "..\CapFrameX.Service.Shared\tests\CapFrameX.Service.Data.Tests\CapFrameX.Service.Data.Tests.csproj", "{2AD7E6A6-2847-4F27-8A02-AB3692DFE885}"
EndProject
Project("{FAE04EC0-301F-11D3-BF4B-00C04F79EFBC}") = "CapFrameX.Service.Shared.Tests", "..\CapFrameX.Service.Shared\tests\CapFrameX.Service.Shared.Tests\CapFrameX.Service.Shared.Tests.csproj", "{D256EF8F-BE09-42C8-B194-B3919E947E03}"
EndProject
Project("{2150E333-8FDC-42A3-9474-1A3956D46DE8}") = "src", "src", "{827E0CD3-B72D-47B6-A68D-7590B98EB39B}"
EndProject
Project("{FAE04EC0-301F-11D3-BF4B-00C04F79EFBC}") = "CapFrameX.Service.Windows.Capture", "src\CapFrameX.Service.Windows.Capture\CapFrameX.Service.Windows.Capture.csproj", "{1F8B5410-C874-4690-85A4-0D081ACD54D9}"
EndProject
Project("{FAE04EC0-301F-11D3-BF4B-00C04F79EFBC}") = "CapFrameX.Service.Windows.Input", "src\CapFrameX.Service.Windows.Input\CapFrameX.Service.Windows.Input.csproj", "{0DEE85DF-39EB-49BC-9375-1850792DB08A}"
EndProject
Project("{FAE04EC0-301F-11D3-BF4B-00C04F79EFBC}") = "CapFrameX.Service.Windows.Ipc", "src\CapFrameX.Service.Windows.Ipc\CapFrameX.Service.Windows.Ipc.csproj", "{F31637BC-B9C7-4ED4-B712-D62664FED008}"
EndProject
Project("{FAE04EC0-301F-11D3-BF4B-00C04F79EFBC}") = "CapFrameX.Service.Windows.Overlay", "src\CapFrameX.Service.Windows.Overlay\CapFrameX.Service.Windows.Overlay.csproj", "{A2E1B2B7-14D9-4E48-9853-FF4CB0C281BD}"
EndProject
Project("{FAE04EC0-301F-11D3-BF4B-00C04F79EFBC}") = "CapFrameX.Service.Windows.Telemetry", "src\CapFrameX.Service.Windows.Telemetry\CapFrameX.Service.Windows.Telemetry.csproj", "{DC5E9D8D-D65A-4AA2-9644-2BECDC790344}"
EndProject
Project("{2150E333-8FDC-42A3-9474-1A3956D46DE8}") = "tests", "tests", "{0AB3BF05-4346-4AA6-1389-037BE0695223}"
EndProject
Project("{FAE04EC0-301F-11D3-BF4B-00C04F79EFBC}") = "CapFrameX.Service.Windows.Capture.Tests", "tests\CapFrameX.Service.Windows.Capture.Tests\CapFrameX.Service.Windows.Capture.Tests.csproj", "{DD50055C-8DFB-4D6A-9EF9-7394F93DFD28}"
EndProject
Project("{FAE04EC0-301F-11D3-BF4B-00C04F79EFBC}") = "CapFrameX.Service.Windows.Input.Tests", "tests\CapFrameX.Service.Windows.Input.Tests\CapFrameX.Service.Windows.Input.Tests.csproj", "{03C5A02C-E95C-4523-A50B-5AAC37E16F32}"
EndProject
Project("{FAE04EC0-301F-11D3-BF4B-00C04F79EFBC}") = "CapFrameX.Service.Windows.Telemetry.Tests", "tests\CapFrameX.Service.Windows.Telemetry.Tests\CapFrameX.Service.Windows.Telemetry.Tests.csproj", "{73249FD0-4739-420D-A736-4A48FBC2D6B1}"
EndProject
Project("{FAE04EC0-301F-11D3-BF4B-00C04F79EFBC}") = "CapFrameX.TestRenderer", "tests\CapFrameX.TestRenderer\CapFrameX.TestRenderer.csproj", "{9239EF7E-6416-4B6A-B2EC-1C72C901BC7C}"
EndProject
Project("{2150E333-8FDC-42A3-9474-1A3956D46DE8}") = "tools", "tools", "{07C2787E-EAC7-C090-1BA3-A61EC2A24D84}"
EndProject
Project("{FAE04EC0-301F-11D3-BF4B-00C04F79EFBC}") = "CapFrameX.DatabaseTool", "tools\CapFrameX.DatabaseTool\CapFrameX.DatabaseTool.csproj", "{7CAD1B57-ED77-43CA-BC1F-EA5556CE56F1}"
EndProject
Project("{FAE04EC0-301F-11D3-BF4B-00C04F79EFBC}") = "CapFrameX.Service.Api.Tests", "..\CapFrameX.Service.Shared\tests\CapFrameX.Service.Api.Tests\CapFrameX.Service.Api.Tests.csproj", "{CE702AEF-4440-4877-BBF4-40FA42653D2C}"
EndProject
Project("{FAE04EC0-301F-11D3-BF4B-00C04F79EFBC}") = "CapFrameX.Service.Windows.Platform.Tests", "tests\CapFrameX.Service.Windows.Platform.Tests\CapFrameX.Service.Windows.Platform.Tests.csproj", "{63B94E94-0BF9-41E4-8884-A983961537E6}"
EndProject
Project("{FAE04EC0-301F-11D3-BF4B-00C04F79EFBC}") = "CapFrameX.Service.Windows.Platform", "src\CapFrameX.Service.Windows.Platform\CapFrameX.Service.Windows.Platform.csproj", "{F000F3E0-3850-4B4B-8ADE-5E5A54F469C0}"
EndProject
Project("{FAE04EC0-301F-11D3-BF4B-00C04F79EFBC}") = "CapFrameX.Service.Windows", "src\CapFrameX.Service.Windows\CapFrameX.Service.Windows.csproj", "{D06A4DBE-4EA6-4EC1-9F5F-424452835FE6}"
EndProject
Global
	GlobalSection(SolutionConfigurationPlatforms) = preSolution
		Debug|Any CPU = Debug|Any CPU
		Debug|x64 = Debug|x64
		Debug|x86 = Debug|x86
		Release|Any CPU = Release|Any CPU
		Release|x64 = Release|x64
		Release|x86 = Release|x86
	EndGlobalSection
	GlobalSection(ProjectConfigurationPlatforms) = postSolution
		{165FD625-B4FB-401F-8275-4A2EC5587401}.Debug|Any CPU.ActiveCfg = Debug|Any CPU
		{165FD625-B4FB-401F-8275-4A2EC5587401}.Debug|Any CPU.Build.0 = Debug|Any CPU
		{165FD625-B4FB-401F-8275-4A2EC5587401}.Debug|x64.ActiveCfg = Debug|Any CPU
		{165FD625-B4FB-401F-8275-4A2EC5587401}.Debug|x64.Build.0 = Debug|Any CPU
		{165FD625-B4FB-401F-8275-4A2EC5587401}.Debug|x86.ActiveCfg = Debug|Any CPU
		{165FD625-B4FB-401F-8275-4A2EC5587401}.Debug|x86.Build.0 = Debug|Any CPU
		{165FD625-B4FB-401F-8275-4A2EC5587401}.Release|Any CPU.ActiveCfg = Release|Any CPU
		{165FD625-B4FB-401F-8275-4A2EC5587401}.Release|Any CPU.Build.0 = Release|Any CPU
		{165FD625-B4FB-401F-8275-4A2EC5587401}.Release|x64.ActiveCfg = Release|Any CPU
		{165FD625-B4FB-401F-8275-4A2EC5587401}.Release|x64.Build.0 = Release|Any CPU
		{165FD625-B4FB-401F-8275-4A2EC5587401}.Release|x86.ActiveCfg = Release|Any CPU
		{165FD625-B4FB-401F-8275-4A2EC5587401}.Release|x86.Build.0 = Release|Any CPU
		{FFCCA527-8376-4A70-992E-AF6FFAF56241}.Debug|Any CPU.ActiveCfg = Debug|Any CPU
		{FFCCA527-8376-4A70-992E-AF6FFAF56241}.Debug|Any CPU.Build.0 = Debug|Any CPU
		{FFCCA527-8376-4A70-992E-AF6FFAF56241}.Debug|x64.ActiveCfg = Debug|Any CPU
		{FFCCA527-8376-4A70-992E-AF6FFAF56241}.Debug|x64.Build.0 = Debug|Any CPU
		{FFCCA527-8376-4A70-992E-AF6FFAF56241}.Debug|x86.ActiveCfg = Debug|Any CPU
		{FFCCA527-8376-4A70-992E-AF6FFAF56241}.Debug|x86.Build.0 = Debug|Any CPU
		{FFCCA527-8376-4A70-992E-AF6FFAF56241}.Release|Any CPU.ActiveCfg = Release|Any CPU
		{FFCCA527-8376-4A70-992E-AF6FFAF56241}.Release|Any CPU.Build.0 = Release|Any CPU
		{FFCCA527-8376-4A70-992E-AF6FFAF56241}.Release|x64.ActiveCfg = Release|Any CPU
		{FFCCA527-8376-4A70-992E-AF6FFAF56241}.Release|x64.Build.0 = Release|Any CPU
		{FFCCA527-8376-4A70-992E-AF6FFAF56241}.Release|x86.ActiveCfg = Release|Any CPU
		{FFCCA527-8376-4A70-992E-AF6FFAF56241}.Release|x86.Build.0 = Release|Any CPU
		{6D5CE902-CD0D-4A73-93DE-1C5B6B1BCCC7}.Debug|Any CPU.ActiveCfg = Debug|Any CPU
		{6D5CE902-CD0D-4A73-93DE-1C5B6B1BCCC7}.Debug|Any CPU.Build.0 = Debug|Any CPU
		{6D5CE902-CD0D-4A73-93DE-1C5B6B1BCCC7}.Debug|x64.ActiveCfg = Debug|Any CPU
		{6D5CE902-CD0D-4A73-93DE-1C5B6B1BCCC7}.Debug|x64.Build.0 = Debug|Any CPU
		{6D5CE902-CD0D-4A73-93DE-1C5B6B1BCCC7}.Debug|x86.ActiveCfg = Debug|Any CPU
		{6D5CE902-CD0D-4A73-93DE-1C5B6B1BCCC7}.Debug|x86.Build.0 = Debug|Any CPU
		{6D5CE902-CD0D-4A73-93DE-1C5B6B1BCCC7}.Release|Any CPU.ActiveCfg = Release|Any CPU
		{6D5CE902-CD0D-4A73-93DE-1C5B6B1BCCC7}.Release|Any CPU.Build.0 = Release|Any CPU
		{6D5CE902-CD0D-4A73-93DE-1C5B6B1BCCC7}.Release|x64.ActiveCfg = Release|Any CPU
		{6D5CE902-CD0D-4A73-93DE-1C5B6B1BCCC7}.Release|x64.Build.0 = Release|Any CPU
		{6D5CE902-CD0D-4A73-93DE-1C5B6B1BCCC7}.Release|x86.ActiveCfg = Release|Any CPU
		{6D5CE902-CD0D-4A73-93DE-1C5B6B1BCCC7}.Release|x86.Build.0 = Release|Any CPU
		{65ADA234-F1C3-4759-AA0E-CC0EA0DB7126}.Debug|Any CPU.ActiveCfg = Debug|Any CPU
		{65ADA234-F1C3-4759-AA0E-CC0EA0DB7126}.Debug|Any CPU.Build.0 = Debug|Any CPU
		{65ADA234-F1C3-4759-AA0E-CC0EA0DB7126}.Debug|x64.ActiveCfg = Debug|Any CPU
		{65ADA234-F1C3-4759-AA0E-CC0EA0DB7126}.Debug|x64.Build.0 = Debug|Any CPU
		{65ADA234-F1C3-4759-AA0E-CC0EA0DB7126}.Debug|x86.ActiveCfg = Debug|Any CPU
		{65ADA234-F1C3-4759-AA0E-CC0EA0DB7126}.Debug|x86.Build.0 = Debug|Any CPU
		{65ADA234-F1C3-4759-AA0E-CC0EA0DB7126}.Release|Any CPU.ActiveCfg = Release|Any CPU
		{65ADA234-F1C3-4759-AA0E-CC0EA0DB7126}.Release|Any CPU.Build.0 = Release|Any CPU
		{65ADA234-F1C3-4759-AA0E-CC0EA0DB7126}.Release|x64.ActiveCfg = Release|Any CPU
		{65ADA234-F1C3-4759-AA0E-CC0EA0DB7126}.Release|x64.Build.0 = Release|Any CPU
		{65ADA234-F1C3-4759-AA0E-CC0EA0DB7126}.Release|x86.ActiveCfg = Release|Any CPU
		{65ADA234-F1C3-4759-AA0E-CC0EA0DB7126}.Release|x86.Build.0 = Release|Any CPU
		{D211B358-7CF3-4E4B-8DB4-CFCC82154197}.Debug|Any CPU.ActiveCfg = Debug|Any CPU
		{D211B358-7CF3-4E4B-8DB4-CFCC82154197}.Debug|Any CPU.Build.0 = Debug|Any CPU
		{D211B358-7CF3-4E4B-8DB4-CFCC82154197}.Debug|x64.ActiveCfg = Debug|Any CPU
		{D211B358-7CF3-4E4B-8DB4-CFCC82154197}.Debug|x64.Build.0 = Debug|Any CPU
		{D211B358-7CF3-4E4B-8DB4-CFCC82154197}.Debug|x86.ActiveCfg = Debug|Any CPU
		{D211B358-7CF3-4E4B-8DB4-CFCC82154197}.Debug|x86.Build.0 = Debug|Any CPU
		{D211B358-7CF3-4E4B-8DB4-CFCC82154197}.Release|Any CPU.ActiveCfg = Release|Any CPU
		{D211B358-7CF3-4E4B-8DB4-CFCC82154197}.Release|Any CPU.Build.0 = Release|Any CPU
		{D211B358-7CF3-4E4B-8DB4-CFCC82154197}.Release|x64.ActiveCfg = Release|Any CPU
		{D211B358-7CF3-4E4B-8DB4-CFCC82154197}.Release|x64.Build.0 = Release|Any CPU
		{D211B358-7CF3-4E4B-8DB4-CFCC82154197}.Release|x86.ActiveCfg = Release|Any CPU
		{D211B358-7CF3-4E4B-8DB4-CFCC82154197}.Release|x86.Build.0 = Release|Any CPU
		{2AD7E6A6-2847-4F27-8A02-AB3692DFE885}.Debug|Any CPU.ActiveCfg = Debug|Any CPU
		{2AD7E6A6-2847-4F27-8A02-AB3692DFE885}.Debug|Any CPU.Build.0 = Debug|Any CPU
		{2AD7E6A6-2847-4F27-8A02-AB3692DFE885}.Debug|x64.ActiveCfg = Debug|Any CPU
		{2AD7E6A6-2847-4F27-8A02-AB3692DFE885}.Debug|x64.Build.0 = Debug|Any CPU
		{2AD7E6A6-2847-4F27-8A02-AB3692DFE885}.Debug|x86.ActiveCfg = Debug|Any CPU
		{2AD7E6A6-2847-4F27-8A02-AB3692DFE885}.Debug|x86.Build.0 = Debug|Any CPU
		{2AD7E6A6-2847-4F27-8A02-AB3692DFE885}.Release|Any CPU.ActiveCfg = Release|Any CPU
		{2AD7E6A6-2847-4F27-8A02-AB3692DFE885}.Release|Any CPU.Build.0 = Release|Any CPU
		{2AD7E6A6-2847-4F27-8A02-AB3692DFE885}.Release|x64.ActiveCfg = Release|Any CPU
		{2AD7E6A6-2847-4F27-8A02-AB3692DFE885}.Release|x64.Build.0 = Release|Any CPU
		{2AD7E6A6-2847-4F27-8A02-AB3692DFE885}.Release|x86.ActiveCfg = Release|Any CPU
		{2AD7E6A6-2847-4F27-8A02-AB3692DFE885}.Release|x86.Build.0 = Release|Any CPU
		{D256EF8F-BE09-42C8-B194-B3919E947E03}.Debug|Any CPU.ActiveCfg = Debug|Any CPU
		{D256EF8F-BE09-42C8-B194-B3919E947E03}.Debug|Any CPU.Build.0 = Debug|Any CPU
		{D256EF8F-BE09-42C8-B194-B3919E947E03}.Debug|x64.ActiveCfg = Debug|Any CPU
		{D256EF8F-BE09-42C8-B194-B3919E947E03}.Debug|x64.Build.0 = Debug|Any CPU
		{D256EF8F-BE09-42C8-B194-B3919E947E03}.Debug|x86.ActiveCfg = Debug|Any CPU
		{D256EF8F-BE09-42C8-B194-B3919E947E03}.Debug|x86.Build.0 = Debug|Any CPU
		{D256EF8F-BE09-42C8-B194-B3919E947E03}.Release|Any CPU.ActiveCfg = Release|Any CPU
		{D256EF8F-BE09-42C8-B194-B3919E947E03}.Release|Any CPU.Build.0 = Release|Any CPU
		{D256EF8F-BE09-42C8-B194-B3919E947E03}.Release|x64.ActiveCfg = Release|Any CPU
		{D256EF8F-BE09-42C8-B194-B3919E947E03}.Release|x64.Build.0 = Release|Any CPU
		{D256EF8F-BE09-42C8-B194-B3919E947E03}.Release|x86.ActiveCfg = Release|Any CPU
		{D256EF8F-BE09-42C8-B194-B3919E947E03}.Release|x86.Build.0 = Release|Any CPU
		{1F8B5410-C874-4690-85A4-0D081ACD54D9}.Debug|Any CPU.ActiveCfg = Debug|Any CPU
		{1F8B5410-C874-4690-85A4-0D081ACD54D9}.Debug|Any CPU.Build.0 = Debug|Any CPU
		{1F8B5410-C874-4690-85A4-0D081ACD54D9}.Debug|x64.ActiveCfg = Debug|Any CPU
		{1F8B5410-C874-4690-85A4-0D081ACD54D9}.Debug|x64.Build.0 = Debug|Any CPU
		{1F8B5410-C874-4690-85A4-0D081ACD54D9}.Debug|x86.ActiveCfg = Debug|Any CPU
		{1F8B5410-C874-4690-85A4-0D081ACD54D9}.Debug|x86.Build.0 = Debug|Any CPU
		{1F8B5410-C874-4690-85A4-0D081ACD54D9}.Release|Any CPU.ActiveCfg = Release|Any CPU
		{1F8B5410-C874-4690-85A4-0D081ACD54D9}.Release|Any CPU.Build.0 = Release|Any CPU
		{1F8B5410-C874-4690-85A4-0D081ACD54D9}.Release|x64.ActiveCfg = Release|Any CPU
		{1F8B5410-C874-4690-85A4-0D081ACD54D9}.Release|x64.Build.0 = Release|Any CPU
		{1F8B5410-C874-4690-85A4-0D081ACD54D9}.Release|x86.ActiveCfg = Release|Any CPU
		{1F8B5410-C874-4690-85A4-0D081ACD54D9}.Release|x86.Build.0 = Release|Any CPU
		{0DEE85DF-39EB-49BC-9375-1850792DB08A}.Debug|Any CPU.ActiveCfg = Debug|Any CPU
		{0DEE85DF-39EB-49BC-9375-1850792DB08A}.Debug|Any CPU.Build.0 = Debug|Any CPU
		{0DEE85DF-39EB-49BC-9375-1850792DB08A}.Debug|x64.ActiveCfg = Debug|Any CPU
		{0DEE85DF-39EB-49BC-9375-1850792DB08A}.Debug|x64.Build.0 = Debug|Any CPU
		{0DEE85DF-39EB-49BC-9375-1850792DB08A}.Debug|x86.ActiveCfg = Debug|Any CPU
		{0DEE85DF-39EB-49BC-9375-1850792DB08A}.Debug|x86.Build.0 = Debug|Any CPU
		{0DEE85DF-39EB-49BC-9375-1850792DB08A}.Release|Any CPU.ActiveCfg = Release|Any CPU
		{0DEE85DF-39EB-49BC-9375-1850792DB08A}.Release|Any CPU.Build.0 = Release|Any CPU
		{0DEE85DF-39EB-49BC-9375-1850792DB08A}.Release|x64.ActiveCfg = Release|Any CPU
		{0DEE85DF-39EB-49BC-9375-1850792DB08A}.Release|x64.Build.0 = Release|Any CPU
		{0DEE85DF-39EB-49BC-9375-1850792DB08A}.Release|x86.ActiveCfg = Release|Any CPU
		{0DEE85DF-39EB-49BC-9375-1850792DB08A}.Release|x86.Build.0 = Release|Any CPU
		{F31637BC-B9C7-4ED4-B712-D62664FED008}.Debug|Any CPU.ActiveCfg = Debug|Any CPU
		{F31637BC-B9C7-4ED4-B712-D62664FED008}.Debug|Any CPU.Build.0 = Debug|Any CPU
		{F31637BC-B9C7-4ED4-B712-D62664FED008}.Debug|x64.ActiveCfg = Debug|Any CPU
		{F31637BC-B9C7-4ED4-B712-D62664FED008}.Debug|x64.Build.0 = Debug|Any CPU
		{F31637BC-B9C7-4ED4-B712-D62664FED008}.Debug|x86.ActiveCfg = Debug|Any CPU
		{F31637BC-B9C7-4ED4-B712-D62664FED008}.Debug|x86.Build.0 = Debug|Any CPU
		{F31637BC-B9C7-4ED4-B712-D62664FED008}.Release|Any CPU.ActiveCfg = Release|Any CPU
		{F31637BC-B9C7-4ED4-B712-D62664FED008}.Release|Any CPU.Build.0 = Release|Any CPU
		{F31637BC-B9C7-4ED4-B712-D62664FED008}.Release|x64.ActiveCfg = Release|Any CPU
		{F31637BC-B9C7-4ED4-B712-D62664FED008}.Release|x64.Build.0 = Release|Any CPU
		{F31637BC-B9C7-4ED4-B712-D62664FED008}.Release|x86.ActiveCfg = Release|Any CPU
		{F31637BC-B9C7-4ED4-B712-D62664FED008}.Release|x86.Build.0 = Release|Any CPU
		{A2E1B2B7-14D9-4E48-9853-FF4CB0C281BD}.Debug|Any CPU.ActiveCfg = Debug|Any CPU
		{A2E1B2B7-14D9-4E48-9853-FF4CB0C281BD}.Debug|Any CPU.Build.0 = Debug|Any CPU
		{A2E1B2B7-14D9-4E48-9853-FF4CB0C281BD}.Debug|x64.ActiveCfg = Debug|Any CPU
		{A2E1B2B7-14D9-4E48-9853-FF4CB0C281BD}.Debug|x64.Build.0 = Debug|Any CPU
		{A2E1B2B7-14D9-4E48-9853-FF4CB0C281BD}.Debug|x86.ActiveCfg = Debug|Any CPU
		{A2E1B2B7-14D9-4E48-9853-FF4CB0C281BD}.Debug|x86.Build.0 = Debug|Any CPU
		{A2E1B2B7-14D9-4E48-9853-FF4CB0C281BD}.Release|Any CPU.ActiveCfg = Release|Any CPU
		{A2E1B2B7-14D9-4E48-9853-FF4CB0C281BD}.Release|Any CPU.Build.0 = Release|Any CPU
		{A2E1B2B7-14D9-4E48-9853-FF4CB0C281BD}.Release|x64.ActiveCfg = Release|Any CPU
		{A2E1B2B7-14D9-4E48-9853-FF4CB0C281BD}.Release|x64.Build.0 = Release|Any CPU
		{A2E1B2B7-14D9-4E48-9853-FF4CB0C281BD}.Release|x86.ActiveCfg = Release|Any CPU
		{A2E1B2B7-14D9-4E48-9853-FF4CB0C281BD}.Release|x86.Build.0 = Release|Any CPU
		{DC5E9D8D-D65A-4AA2-9644-2BECDC790344}.Debug|Any CPU.ActiveCfg = Debug|x64
		{DC5E9D8D-D65A-4AA2-9644-2BECDC790344}.Debug|Any CPU.Build.0 = Debug|x64
		{DC5E9D8D-D65A-4AA2-9644-2BECDC790344}.Debug|x64.ActiveCfg = Debug|x64
		{DC5E9D8D-D65A-4AA2-9644-2BECDC790344}.Debug|x64.Build.0 = Debug|x64
		{DC5E9D8D-D65A-4AA2-9644-2BECDC790344}.Debug|x86.ActiveCfg = Debug|x86
		{DC5E9D8D-D65A-4AA2-9644-2BECDC790344}.Debug|x86.Build.0 = Debug|x86
		{DC5E9D8D-D65A-4AA2-9644-2BECDC790344}.Release|Any CPU.ActiveCfg = Release|x64
		{DC5E9D8D-D65A-4AA2-9644-2BECDC790344}.Release|Any CPU.Build.0 = Release|x64
		{DC5E9D8D-D65A-4AA2-9644-2BECDC790344}.Release|x64.ActiveCfg = Release|x64
		{DC5E9D8D-D65A-4AA2-9644-2BECDC790344}.Release|x64.Build.0 = Release|x64
		{DC5E9D8D-D65A-4AA2-9644-2BECDC790344}.Release|x86.ActiveCfg = Release|x86
		{DC5E9D8D-D65A-4AA2-9644-2BECDC790344}.Release|x86.Build.0 = Release|x86
		{DD50055C-8DFB-4D6A-9EF9-7394F93DFD28}.Debug|Any CPU.ActiveCfg = Debug|Any CPU
		{DD50055C-8DFB-4D6A-9EF9-7394F93DFD28}.Debug|Any CPU.Build.0 = Debug|Any CPU
		{DD50055C-8DFB-4D6A-9EF9-7394F93DFD28}.Debug|x64.ActiveCfg = Debug|Any CPU
		{DD50055C-8DFB-4D6A-9EF9-7394F93DFD28}.Debug|x64.Build.0 = Debug|Any CPU
		{DD50055C-8DFB-4D6A-9EF9-7394F93DFD28}.Debug|x86.ActiveCfg = Debug|Any CPU
		{DD50055C-8DFB-4D6A-9EF9-7394F93DFD28}.Debug|x86.Build.0 = Debug|Any CPU
		{DD50055C-8DFB-4D6A-9EF9-7394F93DFD28}.Release|Any CPU.ActiveCfg = Release|Any CPU
		{DD50055C-8DFB-4D6A-9EF9-7394F93DFD28}.Release|Any CPU.Build.0 = Release|Any CPU
		{DD50055C-8DFB-4D6A-9EF9-7394F93DFD28}.Release|x64.ActiveCfg = Release|Any CPU
		{DD50055C-8DFB-4D6A-9EF9-7394F93DFD28}.Release|x64.Build.0 = Release|Any CPU
		{DD50055C-8DFB-4D6A-9EF9-7394F93DFD28}.Release|x86.ActiveCfg = Release|Any CPU
		{DD50055C-8DFB-4D6A-9EF9-7394F93DFD28}.Release|x86.Build.0 = Release|Any CPU
		{03C5A02C-E95C-4523-A50B-5AAC37E16F32}.Debug|Any CPU.ActiveCfg = Debug|Any CPU
		{03C5A02C-E95C-4523-A50B-5AAC37E16F32}.Debug|Any CPU.Build.0 = Debug|Any CPU
		{03C5A02C-E95C-4523-A50B-5AAC37E16F32}.Debug|x64.ActiveCfg = Debug|Any CPU
		{03C5A02C-E95C-4523-A50B-5AAC37E16F32}.Debug|x64.Build.0 = Debug|Any CPU
		{03C5A02C-E95C-4523-A50B-5AAC37E16F32}.Debug|x86.ActiveCfg = Debug|Any CPU
		{03C5A02C-E95C-4523-A50B-5AAC37E16F32}.Debug|x86.Build.0 = Debug|Any CPU
		{03C5A02C-E95C-4523-A50B-5AAC37E16F32}.Release|Any CPU.ActiveCfg = Release|Any CPU
		{03C5A02C-E95C-4523-A50B-5AAC37E16F32}.Release|Any CPU.Build.0 = Release|Any CPU
		{03C5A02C-E95C-4523-A50B-5AAC37E16F32}.Release|x64.ActiveCfg = Release|Any CPU
		{03C5A02C-E95C-4523-A50B-5AAC37E16F32}.Release|x64.Build.0 = Release|Any CPU
		{03C5A02C-E95C-4523-A50B-5AAC37E16F32}.Release|x86.ActiveCfg = Release|Any CPU
		{03C5A02C-E95C-4523-A50B-5AAC37E16F32}.Release|x86.Build.0 = Release|Any CPU
		{73249FD0-4739-420D-A736-4A48FBC2D6B1}.Debug|Any CPU.ActiveCfg = Debug|Any CPU
		{73249FD0-4739-420D-A736-4A48FBC2D6B1}.Debug|Any CPU.Build.0 = Debug|Any CPU
		{73249FD0-4739-420D-A736-4A48FBC2D6B1}.Debug|x64.ActiveCfg = Debug|Any CPU
		{73249FD0-4739-420D-A736-4A48FBC2D6B1}.Debug|x64.Build.0 = Debug|Any CPU
		{73249FD0-4739-420D-A736-4A48FBC2D6B1}.Debug|x86.ActiveCfg = Debug|Any CPU
		{73249FD0-4739-420D-A736-4A48FBC2D6B1}.Debug|x86.Build.0 = Debug|Any CPU
		{73249FD0-4739-420D-A736-4A48FBC2D6B1}.Release|Any CPU.ActiveCfg = Release|Any CPU
		{73249FD0-4739-420D-A736-4A48FBC2D6B1}.Release|Any CPU.Build.0 = Release|Any CPU
		{73249FD0-4739-420D-A736-4A48FBC2D6B1}.Release|x64.ActiveCfg = Release|Any CPU
		{73249FD0-4739-420D-A736-4A48FBC2D6B1}.Release|x64.Build.0 = Release|Any CPU
		{73249FD0-4739-420D-A736-4A48FBC2D6B1}.Release|x86.ActiveCfg = Release|Any CPU
		{73249FD0-4739-420D-A736-4A48FBC2D6B1}.Release|x86.Build.0 = Release|Any CPU
		{9239EF7E-6416-4B6A-B2EC-1C72C901BC7C}.Debug|Any CPU.ActiveCfg = Debug|Any CPU
		{9239EF7E-6416-4B6A-B2EC-1C72C901BC7C}.Debug|Any CPU.Build.0 = Debug|Any CPU
		{9239EF7E-6416-4B6A-B2EC-1C72C901BC7C}.Debug|x64.ActiveCfg = Debug|Any CPU
		{9239EF7E-6416-4B6A-B2EC-1C72C901BC7C}.Debug|x64.Build.0 = Debug|Any CPU
		{9239EF7E-6416-4B6A-B2EC-1C72C901BC7C}.Debug|x86.ActiveCfg = Debug|Any CPU
		{9239EF7E-6416-4B6A-B2EC-1C72C901BC7C}.Debug|x86.Build.0 = Debug|Any CPU
		{9239EF7E-6416-4B6A-B2EC-1C72C901BC7C}.Release|Any CPU.ActiveCfg = Release|Any CPU
		{9239EF7E-6416-4B6A-B2EC-1C72C901BC7C}.Release|Any CPU.Build.0 = Release|Any CPU
		{9239EF7E-6416-4B6A-B2EC-1C72C901BC7C}.Release|x64.ActiveCfg = Release|Any CPU
		{9239EF7E-6416-4B6A-B2EC-1C72C901BC7C}.Release|x64.Build.0 = Release|Any CPU
		{9239EF7E-6416-4B6A-B2EC-1C72C901BC7C}.Release|x86.ActiveCfg = Release|Any CPU
		{9239EF7E-6416-4B6A-B2EC-1C72C901BC7C}.Release|x86.Build.0 = Release|Any CPU
		{7CAD1B57-ED77-43CA-BC1F-EA5556CE56F1}.Debug|Any CPU.ActiveCfg = Debug|Any CPU
		{7CAD1B57-ED77-43CA-BC1F-EA5556CE56F1}.Debug|Any CPU.Build.0 = Debug|Any CPU
		{7CAD1B57-ED77-43CA-BC1F-EA5556CE56F1}.Debug|x64.ActiveCfg = Debug|Any CPU
		{7CAD1B57-ED77-43CA-BC1F-EA5556CE56F1}.Debug|x64.Build.0 = Debug|Any CPU
		{7CAD1B57-ED77-43CA-BC1F-EA5556CE56F1}.Debug|x86.ActiveCfg = Debug|Any CPU
		{7CAD1B57-ED77-43CA-BC1F-EA5556CE56F1}.Debug|x86.Build.0 = Debug|Any CPU
		{7CAD1B57-ED77-43CA-BC1F-EA5556CE56F1}.Release|Any CPU.ActiveCfg = Release|Any CPU
		{7CAD1B57-ED77-43CA-BC1F-EA5556CE56F1}.Release|Any CPU.Build.0 = Release|Any CPU
		{7CAD1B57-ED77-43CA-BC1F-EA5556CE56F1}.Release|x64.ActiveCfg = Release|Any CPU
		{7CAD1B57-ED77-43CA-BC1F-EA5556CE56F1}.Release|x64.Build.0 = Release|Any CPU
		{7CAD1B57-ED77-43CA-BC1F-EA5556CE56F1}.Release|x86.ActiveCfg = Release|Any CPU
		{7CAD1B57-ED77-43CA-BC1F-EA5556CE56F1}.Release|x86.Build.0 = Release|Any CPU
		{CE702AEF-4440-4877-BBF4-40FA42653D2C}.Debug|Any CPU.ActiveCfg = Debug|Any CPU
		{CE702AEF-4440-4877-BBF4-40FA42653D2C}.Debug|Any CPU.Build.0 = Debug|Any CPU
		{CE702AEF-4440-4877-BBF4-40FA42653D2C}.Debug|x64.ActiveCfg = Debug|Any CPU
		{CE702AEF-4440-4877-BBF4-40FA42653D2C}.Debug|x64.Build.0 = Debug|Any CPU
		{CE702AEF-4440-4877-BBF4-40FA42653D2C}.Debug|x86.ActiveCfg = Debug|Any CPU
		{CE702AEF-4440-4877-BBF4-40FA42653D2C}.Debug|x86.Build.0 = Debug|Any CPU
		{CE702AEF-4440-4877-BBF4-40FA42653D2C}.Release|Any CPU.ActiveCfg = Release|Any CPU
		{CE702AEF-4440-4877-BBF4-40FA42653D2C}.Release|Any CPU.Build.0 = Release|Any CPU
		{CE702AEF-4440-4877-BBF4-40FA42653D2C}.Release|x64.ActiveCfg = Release|Any CPU
		{CE702AEF-4440-4877-BBF4-40FA42653D2C}.Release|x64.Build.0 = Release|Any CPU
		{CE702AEF-4440-4877-BBF4-40FA42653D2C}.Release|x86.ActiveCfg = Release|Any CPU
		{CE702AEF-4440-4877-BBF4-40FA42653D2C}.Release|x86.Build.0 = Release|Any CPU
		{63B94E94-0BF9-41E4-8884-A983961537E6}.Debug|Any CPU.ActiveCfg = Debug|Any CPU
		{63B94E94-0BF9-41E4-8884-A983961537E6}.Debug|Any CPU.Build.0 = Debug|Any CPU
		{63B94E94-0BF9-41E4-8884-A983961537E6}.Debug|x64.ActiveCfg = Debug|Any CPU
		{63B94E94-0BF9-41E4-8884-A983961537E6}.Debug|x64.Build.0 = Debug|Any CPU
		{63B94E94-0BF9-41E4-8884-A983961537E6}.Debug|x86.ActiveCfg = Debug|Any CPU
		{63B94E94-0BF9-41E4-8884-A983961537E6}.Debug|x86.Build.0 = Debug|Any CPU
		{63B94E94-0BF9-41E4-8884-A983961537E6}.Release|Any CPU.ActiveCfg = Release|Any CPU
		{63B94E94-0BF9-41E4-8884-A983961537E6}.Release|Any CPU.Build.0 = Release|Any CPU
		{63B94E94-0BF9-41E4-8884-A983961537E6}.Release|x64.ActiveCfg = Release|Any CPU
		{63B94E94-0BF9-41E4-8884-A983961537E6}.Release|x64.Build.0 = Release|Any CPU
		{63B94E94-0BF9-41E4-8884-A983961537E6}.Release|x86.ActiveCfg = Release|Any CPU
		{63B94E94-0BF9-41E4-8884-A983961537E6}.Release|x86.Build.0 = Release|Any CPU
		{F000F3E0-3850-4B4B-8ADE-5E5A54F469C0}.Debug|Any CPU.ActiveCfg = Debug|Any CPU
		{F000F3E0-3850-4B4B-8ADE-5E5A54F469C0}.Debug|Any CPU.Build.0 = Debug|Any CPU
		{F000F3E0-3850-4B4B-8ADE-5E5A54F469C0}.Debug|x64.ActiveCfg = Debug|Any CPU
		{F000F3E0-3850-4B4B-8ADE-5E5A54F469C0}.Debug|x64.Build.0 = Debug|Any CPU
		{F000F3E0-3850-4B4B-8ADE-5E5A54F469C0}.Debug|x86.ActiveCfg = Debug|Any CPU
		{F000F3E0-3850-4B4B-8ADE-5E5A54F469C0}.Debug|x86.Build.0 = Debug|Any CPU
		{F000F3E0-3850-4B4B-8ADE-5E5A54F469C0}.Release|Any CPU.ActiveCfg = Release|Any CPU
		{F000F3E0-3850-4B4B-8ADE-5E5A54F469C0}.Release|Any CPU.Build.0 = Release|Any CPU
		{F000F3E0-3850-4B4B-8ADE-5E5A54F469C0}.Release|x64.ActiveCfg = Release|Any CPU
		{F000F3E0-3850-4B4B-8ADE-5E5A54F469C0}.Release|x64.Build.0 = Release|Any CPU
		{F000F3E0-3850-4B4B-8ADE-5E5A54F469C0}.Release|x86.ActiveCfg = Release|Any CPU
		{F000F3E0-3850-4B4B-8ADE-5E5A54F469C0}.Release|x86.Build.0 = Release|Any CPU
		{D06A4DBE-4EA6-4EC1-9F5F-424452835FE6}.Debug|Any CPU.ActiveCfg = Debug|Any CPU
		{D06A4DBE-4EA6-4EC1-9F5F-424452835FE6}.Debug|Any CPU.Build.0 = Debug|Any CPU
		{D06A4DBE-4EA6-4EC1-9F5F-424452835FE6}.Debug|x64.ActiveCfg = Debug|Any CPU
		{D06A4DBE-4EA6-4EC1-9F5F-424452835FE6}.Debug|x64.Build.0 = Debug|Any CPU
		{D06A4DBE-4EA6-4EC1-9F5F-424452835FE6}.Debug|x86.ActiveCfg = Debug|Any CPU
		{D06A4DBE-4EA6-4EC1-9F5F-424452835FE6}.Debug|x86.Build.0 = Debug|Any CPU
		{D06A4DBE-4EA6-4EC1-9F5F-424452835FE6}.Release|Any CPU.ActiveCfg = Release|Any CPU
		{D06A4DBE-4EA6-4EC1-9F5F-424452835FE6}.Release|Any CPU.Build.0 = Release|Any CPU
		{D06A4DBE-4EA6-4EC1-9F5F-424452835FE6}.Release|x64.ActiveCfg = Release|Any CPU
		{D06A4DBE-4EA6-4EC1-9F5F-424452835FE6}.Release|x64.Build.0 = Release|Any CPU
		{D06A4DBE-4EA6-4EC1-9F5F-424452835FE6}.Release|x86.ActiveCfg = Release|Any CPU
		{D06A4DBE-4EA6-4EC1-9F5F-424452835FE6}.Release|x86.Build.0 = Release|Any CPU
	EndGlobalSection
	GlobalSection(SolutionProperties) = preSolution
		HideSolutionNode = FALSE
	EndGlobalSection
	GlobalSection(NestedProjects) = preSolution
		{1F8B5410-C874-4690-85A4-0D081ACD54D9} = {827E0CD3-B72D-47B6-A68D-7590B98EB39B}
		{0DEE85DF-39EB-49BC-9375-1850792DB08A} = {827E0CD3-B72D-47B6-A68D-7590B98EB39B}
		{F31637BC-B9C7-4ED4-B712-D62664FED008} = {827E0CD3-B72D-47B6-A68D-7590B98EB39B}
		{A2E1B2B7-14D9-4E48-9853-FF4CB0C281BD} = {827E0CD3-B72D-47B6-A68D-7590B98EB39B}
		{DC5E9D8D-D65A-4AA2-9644-2BECDC790344} = {827E0CD3-B72D-47B6-A68D-7590B98EB39B}
		{DD50055C-8DFB-4D6A-9EF9-7394F93DFD28} = {0AB3BF05-4346-4AA6-1389-037BE0695223}
		{03C5A02C-E95C-4523-A50B-5AAC37E16F32} = {0AB3BF05-4346-4AA6-1389-037BE0695223}
		{73249FD0-4739-420D-A736-4A48FBC2D6B1} = {0AB3BF05-4346-4AA6-1389-037BE0695223}
		{9239EF7E-6416-4B6A-B2EC-1C72C901BC7C} = {0AB3BF05-4346-4AA6-1389-037BE0695223}
		{7CAD1B57-ED77-43CA-BC1F-EA5556CE56F1} = {07C2787E-EAC7-C090-1BA3-A61EC2A24D84}
		{63B94E94-0BF9-41E4-8884-A983961537E6} = {0AB3BF05-4346-4AA6-1389-037BE0695223}
		{F000F3E0-3850-4B4B-8ADE-5E5A54F469C0} = {827E0CD3-B72D-47B6-A68D-7590B98EB39B}
		{D06A4DBE-4EA6-4EC1-9F5F-424452835FE6} = {827E0CD3-B72D-47B6-A68D-7590B98EB39B}
	EndGlobalSection
EndGlobal
